{
  "version": 4,
  "terraform_version": "1.6.2",
  "serial": 92,
  "lineage": "763b104e-1e76-b5ec-46e1-fec76567b173",
  "outputs": {},
  "resources": [
    {
      "module": "module.aks",
      "mode": "managed",
      "type": "azurerm_container_registry",
      "name": "acr",
      "provider": "provider[\"registry.terraform.io/hashicorp/azurerm\"]",
      "instances": [
        {
          "schema_version": 2,
          "attributes": {
            "admin_enabled": false,
            "admin_password": "",
            "admin_username": "",
            "anonymous_pull_enabled": false,
            "data_endpoint_enabled": false,
            "encryption": [
              {
                "enabled": false,
                "identity_client_id": "",
                "key_vault_key_id": ""
              }
            ],
            "export_policy_enabled": true,
            "georeplications": [],
            "id": "/subscriptions/7d62b4e4-e187-41ba-a266-036a7164f434/resourceGroups/RG-Personal-Blog/providers/Microsoft.ContainerRegistry/registries/acrpersonalblogsm9ns8zv4vjw",
            "identity": [],
            "location": "northeurope",
            "login_server": "acrpersonalblogsm9ns8zv4vjw.azurecr.io",
            "name": "acrpersonalblogsm9ns8zv4vjw",
            "network_rule_bypass_option": "AzureServices",
            "network_rule_set": [],
            "public_network_access_enabled": true,
            "quarantine_policy_enabled": false,
            "resource_group_name": "RG-Personal-Blog",
            "retention_policy": [
              {
                "days": 7,
                "enabled": false
              }
            ],
            "sku": "Basic",
            "tags": {},
            "timeouts": null,
            "trust_policy": [
              {
                "enabled": false
              }
            ],
            "zone_redundancy_enabled": false
          },
          "sensitive_attributes": [],
          "private": "eyJlMmJmYjczMC1lY2FhLTExZTYtOGY4OC0zNDM2M2JjN2M0YzAiOnsiY3JlYXRlIjoxODAwMDAwMDAwMDAwLCJkZWxldGUiOjE4MDAwMDAwMDAwMDAsInJlYWQiOjMwMDAwMDAwMDAwMCwidXBkYXRlIjoxODAwMDAwMDAwMDAwfSwic2NoZW1hX3ZlcnNpb24iOiIyIn0=",
          "dependencies": [
            "module.aks.random_string.prefix",
            "module.resource_group.azurerm_resource_group.resource_group"
          ]
        }
      ]
    },
    {
      "module": "module.aks",
      "mode": "managed",
      "type": "azurerm_kubernetes_cluster",
      "name": "aks",
      "provider": "provider[\"registry.terraform.io/hashicorp/azurerm\"]",
      "instances": [
        {
          "schema_version": 2,
          "attributes": {
            "aci_connector_linux": [],
            "api_server_access_profile": [],
            "api_server_authorized_ip_ranges": [],
            "auto_scaler_profile": [],
            "automatic_channel_upgrade": "",
            "azure_active_directory_role_based_access_control": [],
            "azure_policy_enabled": false,
            "confidential_computing": [],
            "custom_ca_trust_certificates_base64": null,
            "default_node_pool": [
              {
                "capacity_reservation_group_id": "",
                "custom_ca_trust_enabled": false,
                "enable_auto_scaling": false,
                "enable_host_encryption": false,
                "enable_node_public_ip": false,
                "fips_enabled": false,
                "gpu_instance": "",
                "host_group_id": "",
                "kubelet_config": [],
                "kubelet_disk_type": "OS",
                "linux_os_config": [],
                "max_count": 0,
                "max_pods": 110,
                "message_of_the_day": "",
                "min_count": 0,
                "name": "default",
                "node_count": 1,
                "node_labels": {},
                "node_network_profile": [],
                "node_public_ip_prefix_id": "",
                "node_taints": null,
                "only_critical_addons_enabled": false,
                "orchestrator_version": "1.27.9",
                "os_disk_size_gb": 128,
                "os_disk_type": "Managed",
                "os_sku": "Ubuntu",
                "pod_subnet_id": "",
                "proximity_placement_group_id": "",
                "scale_down_mode": "Delete",
                "snapshot_id": "",
                "tags": null,
                "temporary_name_for_rotation": "",
                "type": "VirtualMachineScaleSets",
                "ultra_ssd_enabled": false,
                "upgrade_settings": [],
                "vm_size": "Standard_D2_v2",
                "vnet_subnet_id": "/subscriptions/7d62b4e4-e187-41ba-a266-036a7164f434/resourceGroups/RG-Personal-Blog/providers/Microsoft.Network/virtualNetworks/vnet-personal-blog/subnets/personal-blog-k8s",
                "workload_runtime": "",
                "zones": null
              }
            ],
            "disk_encryption_set_id": "",
            "dns_prefix": "personal-blog-k8s",
            "dns_prefix_private_cluster": "",
            "edge_zone": "",
            "enable_pod_security_policy": false,
            "fqdn": "personal-blog-k8s-rvr4d0xu.hcp.northeurope.azmk8s.io",
            "http_application_routing_enabled": false,
            "http_application_routing_zone_name": "",
            "http_proxy_config": [],
            "id": "/subscriptions/7d62b4e4-e187-41ba-a266-036a7164f434/resourceGroups/RG-Personal-Blog/providers/Microsoft.ContainerService/managedClusters/aks-personal-blog",
            "identity": [
              {
                "identity_ids": null,
                "principal_id": "ff6a7099-1b70-409b-b65b-67389354e1ba",
                "tenant_id": "1c38e6cd-3bec-4a0f-a45a-1e2df6eabcfe",
                "type": "SystemAssigned"
              }
            ],
            "image_cleaner_enabled": false,
            "image_cleaner_interval_hours": 48,
            "ingress_application_gateway": [
              {
                "effective_gateway_id": "/subscriptions/7d62b4e4-e187-41ba-a266-036a7164f434/resourceGroups/RG-Personal-Blog/providers/Microsoft.Network/applicationGateways/app-gateway-personal-blog",
                "gateway_id": "/subscriptions/7d62b4e4-e187-41ba-a266-036a7164f434/resourceGroups/RG-Personal-Blog/providers/Microsoft.Network/applicationGateways/app-gateway-personal-blog",
                "gateway_name": "",
                "ingress_application_gateway_identity": [
                  {
                    "client_id": "67500d75-e4f6-43d1-ab30-50116405ed61",
                    "object_id": "0d9a9c8e-91bf-4fec-aa45-67efa81fea51",
                    "user_assigned_identity_id": "/subscriptions/7d62b4e4-e187-41ba-a266-036a7164f434/resourcegroups/RG-Personal-Blog-AKS-Backend/providers/Microsoft.ManagedIdentity/userAssignedIdentities/ingressapplicationgateway-aks-personal-blog"
                  }
                ],
                "subnet_cidr": "",
                "subnet_id": ""
              }
            ],
            "key_management_service": [],
            "key_vault_secrets_provider": [],
            "kube_admin_config": [],
            "kube_admin_config_raw": "",
            "kube_config": [
              {
                "client_certificate": "LS0tLS1CRUdJTiBDRVJUSUZJQ0FURS0tLS0tCk1JSUZIakNDQXdhZ0F3SUJBZ0lSQU9ncGRlbGtDWW0wQXJtQ28rMEN6L293RFFZSktvWklodmNOQVFFTEJRQXcKRFRFTE1Ba0dBMVVFQXhNQ1kyRXdIaGNOTWpRd01qSTFNVFV3T0RFeldoY05Nall3TWpJMU1UVXhPREV6V2pBdwpNUmN3RlFZRFZRUUtFdzV6ZVhOMFpXMDZiV0Z6ZEdWeWN6RVZNQk1HQTFVRUF4TU1iV0Z6ZEdWeVkyeHBaVzUwCk1JSUNJakFOQmdrcWhraUc5dzBCQVFFRkFBT0NBZzhBTUlJQ0NnS0NBZ0VBeVZtQkNaVHdLaE5EY2l3ZUZBdW4KU2swRVFvUFY3ZGRCMXZ5ZDBWZit0SWs4UmFmVmZDTDJqZHN1ajRVZ1MzMU51S2U4ZkdjQ0VXV2Nrb1MrMytQTwo1ZnpIMmhlVExBclBLWldnRDNjcEY5K1lVcXhERTI0SFFsLzhLTGh3R2ZOYnhvK1FlSXIwTllmTGFFSUlPK1VuCmJhNk55dEtDUUhSK3VXdm1rVkNXeXUzNnBMOWpBRVpKTW4rdFJMeTNtOW9wdEY3Zm9FSGFnM0pqeUZEd1VuUGMKN1FJaFJmNXRhbjg5cU9XYkxvbC9BaTNUWkxLWE5seVh0RDRFczdNL3lrcEV0YUJ5YXQzTjdCMGtRckFXdmNHSwpkWmNwT1l5c05qMk0vUGtvNjZkb3Y2TDJucldHeXRPWm9qdS9DeVlCM3puVGExRHRkem5hdDVIa3VSUWJIcHoyCmpXRWduTVhtclZ6Qy95M0V5cXlBK2h5cGNRalhTcXhqMnAxdGJteVZxYllOOFg4MFRndHp6OW1xc2M2OFQ3MEcKeE5sUGVXVEJVRmNsbm1YaTdSdkU1TnUwcG5tL0VMdkxDcVJjRGpGQ2oyVlo3Wi9jRHBmc1U5QTlyblVyaFh3NgppQTZlUjlsUUFFOFdtQ3NVWTVIS1MwNnQ2SE1lOUgwVUlTbnd2RXNVOTJRSjV4WkVjaE5aeVlkanMvSU1CYjdPCmtkdlNHUTdtOUIrUU5LSUtJV1lxRStOQmFkeThJNW05UjRwUHd6SWZwbk9nbkZBUlVRVmRZVjNYb0libXovUDAKay9tSDBTYlU1Y0RkRFFDRXAvNGVRMlVjRHZjT3J6OXJRaFE4ajF2d3lrU1NFcVVCZk1pSkk3OVY1ay9LejZHZgp4OFc1TUJSYUUwNTJGR0JGeWhXTFB4VUNBd0VBQWFOV01GUXdEZ1lEVlIwUEFRSC9CQVFEQWdXZ01CTUdBMVVkCkpRUU1NQW9HQ0NzR0FRVUZCd01DTUF3R0ExVWRFd0VCL3dRQ01BQXdId1lEVlIwakJCZ3dGb0FVYUxvNEQ1OWMKb2F1NUdORVh0anZSRXlnVWZta3dEUVlKS29aSWh2Y05BUUVMQlFBRGdnSUJBSjNGZTVINWx5ZVhsNWtrR1VueApwVmFxd2JOTGgzYW14NjArZDlVWTZOUW16L1JlaGpSRU1uWTk3SXpXaVhZaEl6NXh3UFZnVk1OcXRQY1FrV3NNCnNLUEQzaXY1U0RoeGxhOFVLV1FNaGFuNTVDaGREeVVGTk91SU5rbjVTOTN4dGk4TnQwV04wUWpZdzVYRExHM3QKNDhhdi9CRW9oM204NkhROUxRVTVDenNYN0ZDaFlkSEVlZzl2eG0zVStpSWNENmxjdzloZnJKYW9SRjhuQ3FHdgpuTHgxUnR4eVRleENSWituN2Z0cXFzTHFpdjZHQmQ5RytpcUpXMmZ1R2hBL2hSTDFja1NCVDAxVHdXaWZBMzVKCkg5eHY2bE1ic2dXR3BCb0F3YVkzdjFubUJYaDhoMFBKYnlvL01GT3Z5dCtnRzFrdFpiL0U1TUluVUVhb0I4d1cKNHRqVDl1YTVQOFZNandlVXBua2gvTkE1a2YxSWZZUS9lMlJ2bC9CaEpZUEtNQTUvUzBaL0lhdGVHK0NQd084aAp0ZUQ2eDRKVGpOUU1FWFNNb3o4QXk3SjdpU1dMcGZZV21Gd2pUb1pHVjhZendxY3krOWJESE94VVhYS1l5ck9LCjhwdVlhTWQ2amdBOXJpcjZpUzBHc2oxOXFtTk5RcGFGSTlIUWkyR091d3M5M3hKQUVvdE5ZY1NsU1JKR256aEcKK3N0VTNBWllBTlN1YWhOUjRwUjJjNFVLNlA1L0Q1b3VjaHdFNk5xNXVBbDFINkNzVFRkN2ZKNXYyT1Z0RGN4aAo1WVFnOU5vTlVYaXFnTUhNeVVyL0JQZUhPZFZDb1ZJY3h4TTUvb1J3Rlp5NWF3N2NuSGFoZnF6VEJGQkVhT2dBClNURGJMTEhMREdPWmxZT1VyaHRkbzFTZAotLS0tLUVORCBDRVJUSUZJQ0FURS0tLS0tCg==",
                "client_key": "LS0tLS1CRUdJTiBSU0EgUFJJVkFURSBLRVktLS0tLQpNSUlKS0FJQkFBS0NBZ0VBeVZtQkNaVHdLaE5EY2l3ZUZBdW5TazBFUW9QVjdkZEIxdnlkMFZmK3RJazhSYWZWCmZDTDJqZHN1ajRVZ1MzMU51S2U4ZkdjQ0VXV2Nrb1MrMytQTzVmekgyaGVUTEFyUEtaV2dEM2NwRjkrWVVxeEQKRTI0SFFsLzhLTGh3R2ZOYnhvK1FlSXIwTllmTGFFSUlPK1VuYmE2Tnl0S0NRSFIrdVd2bWtWQ1d5dTM2cEw5agpBRVpKTW4rdFJMeTNtOW9wdEY3Zm9FSGFnM0pqeUZEd1VuUGM3UUloUmY1dGFuODlxT1diTG9sL0FpM1RaTEtYCk5seVh0RDRFczdNL3lrcEV0YUJ5YXQzTjdCMGtRckFXdmNHS2RaY3BPWXlzTmoyTS9Qa282NmRvdjZMMm5yV0cKeXRPWm9qdS9DeVlCM3puVGExRHRkem5hdDVIa3VSUWJIcHoyaldFZ25NWG1yVnpDL3kzRXlxeUEraHlwY1FqWApTcXhqMnAxdGJteVZxYllOOFg4MFRndHp6OW1xc2M2OFQ3MEd4TmxQZVdUQlVGY2xubVhpN1J2RTVOdTBwbm0vCkVMdkxDcVJjRGpGQ2oyVlo3Wi9jRHBmc1U5QTlyblVyaFh3NmlBNmVSOWxRQUU4V21Dc1VZNUhLUzA2dDZITWUKOUgwVUlTbnd2RXNVOTJRSjV4WkVjaE5aeVlkanMvSU1CYjdPa2R2U0dRN205QitRTktJS0lXWXFFK05CYWR5OApJNW05UjRwUHd6SWZwbk9nbkZBUlVRVmRZVjNYb0libXovUDBrL21IMFNiVTVjRGREUUNFcC80ZVEyVWNEdmNPCnJ6OXJRaFE4ajF2d3lrU1NFcVVCZk1pSkk3OVY1ay9LejZHZng4VzVNQlJhRTA1MkZHQkZ5aFdMUHhVQ0F3RUEKQVFLQ0FnQjN6R0lqSWxPV3BTbCs5OUxabUdscm90RkRCZysxMkZwYklLaUJrdnAvemh0blVrbUo5Mzk4dllsQgphVExpMTJYejFSRW5iMTVpblhPQUZhMC9wdHBHS3BWNkpJYXpNS2M3bGNQTEQ5b0tVMFhkQXBOU0x5ZndqUTJKCjZOc0NCYko0UEpqM3I2MUhZRWxjK2RUT1ZqU1VaTVFHaGlOcldDVENDL24rUWRYR1hidkFaQUx5ZWQ4NVJaQUIKRXN1bjFqRDBHWEt5ZGh3ZUUyUmRIaE11NjdMcDdWZUF2clc1SklXNlJRcUVzTmc1b3F4aEFJVkptZVBGSVJWSgpHZ0I5U3AwQTk3cTc3TWFGa24wdGxIbWpZMUVQVCtYK1VMMXg5RU03akwrVkhtRUxqRmx4Nm8yTmhrS2xyU2lvCjZHODZzcndnNE9DNURGb2UySlllckdES1lSZXJ6bEhFL3ozSFhYa0svUUUvc3MwNTBESVlWNHdwRUI0a2F2S0YKT3ZiV3NhejBhMjE1VkZpdzlIeW1qenhTL3Roem8vWng3T2YrUTB1UGc1ZGJjTWZqUHdMSFcrOE1KbDZuS3pvbQoybUsyaFpkdWNiYVJ5a2FxL05GUTdYWEJlQkhzNUwrRkNjeU16NUl0b3VsN1BPeEdwNE85a0t6VHR3QURzWFRoCjNMZ1hra2R3YUVsWUhrQWFHWFpvZ1lxR2NQWko5T1JiWDcwSjd3SmdoRHkxUXF1OU5KU2RhNXoxU1pEQjhlek0KbHNrTGZ4QnU4TmJiWExjSnlMQXJJNUJ5THdjbjFWZkZmem41blJXSEFkdFVXd0pTdDN4clZ0U3dVNm5jSEp5aAoyUFBGWlZScHQzRU1VR2lRcFc1aFppUDZFQ1RGbko4L2dHU1Y2MkhGRTBJc1FOaU1EUUtDQVFFQTdPdHNETHFOCk9zMHhySE9wbjBxTHBXdUpQUnd4STV6cXYxMVNMbWtWR2puWDZrbmtTY2FzOHVBOHJ0eTdlaWFoN3l5ejdqdVIKM2F3WEV3WXlhelRKN3ZHMjg2QlVHeENmWFEzMkcrT3dlZ200ZFJsR1NEUjg0Q0plSnZxT0dMRUY4SXlrdEk1QQplS2ZvM3BjNlNoMjBxUlBhUFpSZHdpcTB3N04vZEdGVUFqZjBiT29ndkpFUkY5bHRqaTM2SC9YbG9CR0RGZkxaCkoraXZkbEE0WU0zVG93Y2w0bVRVSCsrb3psN2R6clNkeWEva0NTQUhXOHFwN2RmSnRiL3hGQmRTaHM3c0E2UzkKUnJMUnVqaW80MzFyRWVoSXBuN29zU3B4Y09hNUg2VG9zN2Q5SU5pblIrOHl2ZllIYW9zVzNKU0hjaWFwVW5ONgoxbVhONmc2RTRjejMxd0tDQVFFQTJaQzhDZHh6ckppMTZuQktOWUxFd0NGU3dNODdRSEl3Vm9EZjJpdmNUZ1RrCmVQNkdMM1gzWDE4VFVuKytoVlU3Um8rd3FXL05RRVhJUmVQYjQ3RHdIckMxUHV4cDFKR20xVDZNQmRjSkpTUC8KTVdLWkNTdlI4NkZZZDdGSFY0b3ZTc0dNZjNJZGRTNVJRQ09MVDJLUHBsQ1c2S0JqdUJJaFZDLytUcGN5REw5RAo0ZWExQUt3aUJ5bDJxam91d3VEZmxFdlNFRmw0QjZwQkpOWjNTQkgzTkJidVlvUTJDQ29hRUtYZkI0R3VwWVFKCnczc05ZZjdzRjhUVTNtMzN1ajQwd1JGK25URzNFeURtMUZXaUNFbDUzeDdnNXdaSTBsallhOTN1bnlpdXJ5ckEKbkpqVzI3M0ptYjk0QnZxV2grM0lCWXVBTUJ5UFpWL1BoTFhkZ293eTh3S0NBUUI4SEtneDB0aUJZVlVRWGxjUgpsMStvZkxrY1JsU0hyNEJhVjJ6aDJ6S3UxbmFCeWN2SnlrWjN4WGlFc2lXVVRBQ3c1dDRyZ3hGYTZ2ZjdnMWVPClNjMHZXM2pZRDdsL3BDbVgrZVJmbjl1blVzaEtyNzdkdklGZWVTS1JrTmczbnlUWmF4UXRjZ2ZjTFRvVXdXeEwKdjF3UTV0R0JTT1FFLzVKS294RzF5ZmJVWXJPdENzbXpmdHRSZnhtaFRmeW1HWTc5VjY4d0pGUVdVQkw3Qy9NOAo0eFpuWlNzM2VsS1ZtRnI2SVVCWk5NMGtCdnlTdXpDZnFYOXpsWU9acnIrQUl1ZWNyM0Y4UnlUUWtJVEY1VUMwClM5TjNRaFF0QkhhcHVPNU1rdEdQL2pmWlRkcERCcnc3TnRlQ0pBeW1oODZtSnpqOVY3dUQ4Zkw3dGNFMVIvM2MKdkI5cEFvSUJBUUNzWmFiSy9aZmZqVWFoVllkSUxhM3dQTGVSTnVUUnBXb3VNWUt3STQ4M2QyTC9pVmdVNVpvMgpSV1ZQT3hCaUlPNk9kQy9kbzB6MkFCVzVZOXdLNlZyc1JzUG43M2ZReS9WeUJsVDREN1FjYlJDN05sRGoxb2hRClVHcUV0Y0k5V0s4dXduMnRRMlNhUlRCMjdYTm5YVWRNMTVFdEZtTE9LZmVrK1Q2L1VjbUVGazhaQXpJc0xUbnQKaU9xUjZ2YkF6Mlg2NGJXNzVObGE0WXNyUUpKV1ZuNFhGWkNpR2ZlaXNwSGkzVDBFZXJ0RVJvTmlGZkM5MVQySgpmQnZkZ1RBS3NWNG1HdEhFaCs5MHhkNkRKTFAzY3htU05xcXFCZTNRV0R4dUJQY2Z3U0hpaGJNSW80ZWxxaGJFCnNOYlFXT0xOSlJzWlliZ2E1NWF0RXFXaW1HWEZHNGtIQW9JQkFCT09LL3hEOStsQnZxNUMvWFUrbjlTNmNaMDQKYVpOcGoweGdkeVRkcUtGTVdvZm9zNENQUEZUVXlKemJqVFIzVE15VnJlQndmLzJLWSt5RStrRTBJdWo2ejQ2TApMQmU0MVh5ck1EYXB5dHdONEFuSXA0bURzdE9xNDJrTk1TTjJ6eUt0V1VydEcvN25vU3JoRi9WWHJKdDNScmY5CmNOVmlGOXNQRXBIOFh1THNlVnpqVGlHazZLOGJ5eHh3T1k0QkJMdHY2YXNxd0RlL0l2UHRzS3prNlBycUQ5VTAKMWhmbldCTTVvVnhWNE9LNjkwUE5pTlY4cW1qTXRGZG0rSXFXdlhWRzFueXFhbXNoRCtmZGxkc3dYWitqeXcrZApmd3cyMnIwaWVWNUZqU0pRVDUrZjhqR2hiM0x3R0NuTUFmMVE2WXFwdVJqZEpqWWMxOGRQcUhnUzc2Zz0KLS0tLS1FTkQgUlNBIFBSSVZBVEUgS0VZLS0tLS0K",
                "cluster_ca_certificate": "LS0tLS1CRUdJTiBDRVJUSUZJQ0FURS0tLS0tCk1JSUU2VENDQXRHZ0F3SUJBZ0lSQU9Kd1I4MUw5a1RqV3FaOHBBYUhnc293RFFZSktvWklodmNOQVFFTEJRQXcKRFRFTE1Ba0dBMVVFQXhNQ1kyRXdJQmNOTWpRd01qSTFNVFV3T0RFeldoZ1BNakExTkRBeU1qVXhOVEU0TVROYQpNQTB4Q3pBSkJnTlZCQU1UQW1OaE1JSUNJakFOQmdrcWhraUc5dzBCQVFFRkFBT0NBZzhBTUlJQ0NnS0NBZ0VBCnB2ODJkdnI5YXNZd3dtcEJ3K0tiVGQxazJYU1V5cXNUeDlZRE1kSVVJdnRETXpWU082VjlRdXFwbUR5NVpNTUkKV2NuR0pwaUJrM25yeGVXcUlpUjYxRHFNV20wanFMUW1mTVpVWmFqbFhQbk1ndXhVZXhmUk5KRzdvYUVablZPSQo2YnhqYlkzazFmU09zV29kRzl6WGF3SUVjZkZ5NEh5WnJLUUZiWDFnMnRyMkJoaXZHbWV2MDdyYnhOeTU0Wlk0Cll5SzJvNzVkOVNlZXFENHA2aU94QjlhUGNXWGtVc1RhYytkVGNkRUV6T0RzQi9VM1ZUSmJ5Z2lKU2NDWWQ0bGwKYTBVOUc0dFNqK0hqQWhoL016aXNaMWwrbW4rc2ZqZkc1em1Ka3pKZ1BRM0hDc2JtM2x2WWFydGJCUlVjS21mbwpuMnVmcitnK1hOdEJuc1BXMkdvUmE1ZmU3WWJtdk1zQy9FSzJ4eVNidTNLd3dycDk4T1J1V1pQZ0s0SHJYbWQ5Cm8zM0FFdjZUNXBrTVJhNmZLVzZ1TmRvZXNnVEo4YTNOaU04cVVsTS9tZC9qM2tHRHQxWFpxYlVxNnBCeG9SY0gKNmR3OU0rNGVkRnNlQWpwWlM2ajgrZGFGdVNEaGFTMmdGUmxuQXA0YnhjTHo4N3d2aHM2Y3V6VGtlTDNKY0R6bQovZWRFY0lDT2tKeXFPeERCeXhLRzV1WkRHOC9RbDRQQi9qcW13TVBBQjR6K2NlVTAvQXRmT2JMTnBoK2lmOU5tCnRPY211amxvMzRpQ3A5eFN4c0RIbjBCNW5sbFNKKzIrU01IQUttWkdQUUdwNjJSMlV1NVJTZUJvSFoyWEFCRTAKTVZEU0NDN2RPZFNLeE5pd3FuSDJPQ3Nyc1dzZUVpWHByRUtHdGRNcmZ5a0NBd0VBQWFOQ01FQXdEZ1lEVlIwUApBUUgvQkFRREFnS2tNQThHQTFVZEV3RUIvd1FGTUFNQkFmOHdIUVlEVlIwT0JCWUVGR2k2T0ErZlhLR3J1UmpSCkY3WTcwUk1vRkg1cE1BMEdDU3FHU0liM0RRRUJDd1VBQTRJQ0FRQWc1MVQ4TlpiMG55R1F3bll1Yi9FbXRqWHgKWjhxeTREUENTUUcvNXdvU1lUazFXclQvYmxpV2YvUEFOZ0t4N3pkcDl0VEdzbXZvdUZ2M3QrM0NEai8yWHFZUAowaktKOUxCZTJLdnRQazJqb3FpUEpicHRnUDc3aEdvTzFKbDdHalkyR09qcG9sNGNqejdRaTFNay85RVVMSklRCmRYNXg1RUJHSldHcGlMYmU1eXVIMVZLS05xdE5xTit4YTZwNnlRby9nbkoxbW5kdExKSmM1TkRRYU8zTmZLeFUKNVR2dnF5cmNnMnF3OU5kU1ZQd1hhc0wvL2VCTERMcWVzcWduclhWUFJoWW1GcGY3NzhaUjdvRDZ4Uk1OOWo4OQpZa3V4ZnhTMzA0Z09EL2wyOHNIRUNPajBFYWVGR3plUDQvNEZIb1c1NThmbG13RlpkUHZtYmgxaTFkWEZhVjJSClFmaGlzd1U5dXdXOTdhYndyNkFHNkVOK1VxcWxpTlZ5ejRVdklncjJZdzM1VEQ2MlBYSUZjU0lQbXlHY09EUTQKNUNVZzFpM1o0cnR0Zk1vdS9kVC85aGVkRkdINzcvWnZHMnI2UE4wYmtwMUdMN1R2OHFBdFVqL0dUd0c4SE9PaQptbGlVNFR4OEJOekpQSGVsUWRIZ2ExUHhxRjRSVGlyaGMyclIrbmxRd05xOUFHdGlLNnliRWJ6YnJYT2JaOStSCjhxTXVQa211ZjV4bEltcUhvUExYVFhhM1BtSzZiQ0VvOXlYc0NYMG5xZ04rMWVQTWdveXViZHd1TUpUU01nVUEKMGxHdTh6UW5zbU9iU2VpSGw5eTkzSkdQaVBuTmNsbGM0djBkdk1MR0tiYTIydVI5NERDNHB6TVpncG1WMWdIeQpYSk5NRnk1bGE1aFVjZWZaWWc9PQotLS0tLUVORCBDRVJUSUZJQ0FURS0tLS0tCg==",
                "host": "https://personal-blog-k8s-rvr4d0xu.hcp.northeurope.azmk8s.io:443",
                "password": "ignkrssbnyczjhaysektt62y7995rb66aqool9x4q5dufrtlh9o1b2ktbhrvazmjj6vcbpqzdpoyfufvdwscsv4ogbupykszflha2hc5ozjuiv73z6l55s3icwkndtf4",
                "username": "clusterUser_RG-Personal-Blog_aks-personal-blog"
              }
            ],
            "kube_config_raw": "apiVersion: v1\nclusters:\n- cluster:\n    certificate-authority-data: LS0tLS1CRUdJTiBDRVJUSUZJQ0FURS0tLS0tCk1JSUU2VENDQXRHZ0F3SUJBZ0lSQU9Kd1I4MUw5a1RqV3FaOHBBYUhnc293RFFZSktvWklodmNOQVFFTEJRQXcKRFRFTE1Ba0dBMVVFQXhNQ1kyRXdJQmNOTWpRd01qSTFNVFV3T0RFeldoZ1BNakExTkRBeU1qVXhOVEU0TVROYQpNQTB4Q3pBSkJnTlZCQU1UQW1OaE1JSUNJakFOQmdrcWhraUc5dzBCQVFFRkFBT0NBZzhBTUlJQ0NnS0NBZ0VBCnB2ODJkdnI5YXNZd3dtcEJ3K0tiVGQxazJYU1V5cXNUeDlZRE1kSVVJdnRETXpWU082VjlRdXFwbUR5NVpNTUkKV2NuR0pwaUJrM25yeGVXcUlpUjYxRHFNV20wanFMUW1mTVpVWmFqbFhQbk1ndXhVZXhmUk5KRzdvYUVablZPSQo2YnhqYlkzazFmU09zV29kRzl6WGF3SUVjZkZ5NEh5WnJLUUZiWDFnMnRyMkJoaXZHbWV2MDdyYnhOeTU0Wlk0Cll5SzJvNzVkOVNlZXFENHA2aU94QjlhUGNXWGtVc1RhYytkVGNkRUV6T0RzQi9VM1ZUSmJ5Z2lKU2NDWWQ0bGwKYTBVOUc0dFNqK0hqQWhoL016aXNaMWwrbW4rc2ZqZkc1em1Ka3pKZ1BRM0hDc2JtM2x2WWFydGJCUlVjS21mbwpuMnVmcitnK1hOdEJuc1BXMkdvUmE1ZmU3WWJtdk1zQy9FSzJ4eVNidTNLd3dycDk4T1J1V1pQZ0s0SHJYbWQ5Cm8zM0FFdjZUNXBrTVJhNmZLVzZ1TmRvZXNnVEo4YTNOaU04cVVsTS9tZC9qM2tHRHQxWFpxYlVxNnBCeG9SY0gKNmR3OU0rNGVkRnNlQWpwWlM2ajgrZGFGdVNEaGFTMmdGUmxuQXA0YnhjTHo4N3d2aHM2Y3V6VGtlTDNKY0R6bQovZWRFY0lDT2tKeXFPeERCeXhLRzV1WkRHOC9RbDRQQi9qcW13TVBBQjR6K2NlVTAvQXRmT2JMTnBoK2lmOU5tCnRPY211amxvMzRpQ3A5eFN4c0RIbjBCNW5sbFNKKzIrU01IQUttWkdQUUdwNjJSMlV1NVJTZUJvSFoyWEFCRTAKTVZEU0NDN2RPZFNLeE5pd3FuSDJPQ3Nyc1dzZUVpWHByRUtHdGRNcmZ5a0NBd0VBQWFOQ01FQXdEZ1lEVlIwUApBUUgvQkFRREFnS2tNQThHQTFVZEV3RUIvd1FGTUFNQkFmOHdIUVlEVlIwT0JCWUVGR2k2T0ErZlhLR3J1UmpSCkY3WTcwUk1vRkg1cE1BMEdDU3FHU0liM0RRRUJDd1VBQTRJQ0FRQWc1MVQ4TlpiMG55R1F3bll1Yi9FbXRqWHgKWjhxeTREUENTUUcvNXdvU1lUazFXclQvYmxpV2YvUEFOZ0t4N3pkcDl0VEdzbXZvdUZ2M3QrM0NEai8yWHFZUAowaktKOUxCZTJLdnRQazJqb3FpUEpicHRnUDc3aEdvTzFKbDdHalkyR09qcG9sNGNqejdRaTFNay85RVVMSklRCmRYNXg1RUJHSldHcGlMYmU1eXVIMVZLS05xdE5xTit4YTZwNnlRby9nbkoxbW5kdExKSmM1TkRRYU8zTmZLeFUKNVR2dnF5cmNnMnF3OU5kU1ZQd1hhc0wvL2VCTERMcWVzcWduclhWUFJoWW1GcGY3NzhaUjdvRDZ4Uk1OOWo4OQpZa3V4ZnhTMzA0Z09EL2wyOHNIRUNPajBFYWVGR3plUDQvNEZIb1c1NThmbG13RlpkUHZtYmgxaTFkWEZhVjJSClFmaGlzd1U5dXdXOTdhYndyNkFHNkVOK1VxcWxpTlZ5ejRVdklncjJZdzM1VEQ2MlBYSUZjU0lQbXlHY09EUTQKNUNVZzFpM1o0cnR0Zk1vdS9kVC85aGVkRkdINzcvWnZHMnI2UE4wYmtwMUdMN1R2OHFBdFVqL0dUd0c4SE9PaQptbGlVNFR4OEJOekpQSGVsUWRIZ2ExUHhxRjRSVGlyaGMyclIrbmxRd05xOUFHdGlLNnliRWJ6YnJYT2JaOStSCjhxTXVQa211ZjV4bEltcUhvUExYVFhhM1BtSzZiQ0VvOXlYc0NYMG5xZ04rMWVQTWdveXViZHd1TUpUU01nVUEKMGxHdTh6UW5zbU9iU2VpSGw5eTkzSkdQaVBuTmNsbGM0djBkdk1MR0tiYTIydVI5NERDNHB6TVpncG1WMWdIeQpYSk5NRnk1bGE1aFVjZWZaWWc9PQotLS0tLUVORCBDRVJUSUZJQ0FURS0tLS0tCg==\n    server: https://personal-blog-k8s-rvr4d0xu.hcp.northeurope.azmk8s.io:443\n  name: aks-personal-blog\ncontexts:\n- context:\n    cluster: aks-personal-blog\n    user: clusterUser_RG-Personal-Blog_aks-personal-blog\n  name: aks-personal-blog\ncurrent-context: aks-personal-blog\nkind: Config\npreferences: {}\nusers:\n- name: clusterUser_RG-Personal-Blog_aks-personal-blog\n  user:\n    client-certificate-data: LS0tLS1CRUdJTiBDRVJUSUZJQ0FURS0tLS0tCk1JSUZIakNDQXdhZ0F3SUJBZ0lSQU9ncGRlbGtDWW0wQXJtQ28rMEN6L293RFFZSktvWklodmNOQVFFTEJRQXcKRFRFTE1Ba0dBMVVFQXhNQ1kyRXdIaGNOTWpRd01qSTFNVFV3T0RFeldoY05Nall3TWpJMU1UVXhPREV6V2pBdwpNUmN3RlFZRFZRUUtFdzV6ZVhOMFpXMDZiV0Z6ZEdWeWN6RVZNQk1HQTFVRUF4TU1iV0Z6ZEdWeVkyeHBaVzUwCk1JSUNJakFOQmdrcWhraUc5dzBCQVFFRkFBT0NBZzhBTUlJQ0NnS0NBZ0VBeVZtQkNaVHdLaE5EY2l3ZUZBdW4KU2swRVFvUFY3ZGRCMXZ5ZDBWZit0SWs4UmFmVmZDTDJqZHN1ajRVZ1MzMU51S2U4ZkdjQ0VXV2Nrb1MrMytQTwo1ZnpIMmhlVExBclBLWldnRDNjcEY5K1lVcXhERTI0SFFsLzhLTGh3R2ZOYnhvK1FlSXIwTllmTGFFSUlPK1VuCmJhNk55dEtDUUhSK3VXdm1rVkNXeXUzNnBMOWpBRVpKTW4rdFJMeTNtOW9wdEY3Zm9FSGFnM0pqeUZEd1VuUGMKN1FJaFJmNXRhbjg5cU9XYkxvbC9BaTNUWkxLWE5seVh0RDRFczdNL3lrcEV0YUJ5YXQzTjdCMGtRckFXdmNHSwpkWmNwT1l5c05qMk0vUGtvNjZkb3Y2TDJucldHeXRPWm9qdS9DeVlCM3puVGExRHRkem5hdDVIa3VSUWJIcHoyCmpXRWduTVhtclZ6Qy95M0V5cXlBK2h5cGNRalhTcXhqMnAxdGJteVZxYllOOFg4MFRndHp6OW1xc2M2OFQ3MEcKeE5sUGVXVEJVRmNsbm1YaTdSdkU1TnUwcG5tL0VMdkxDcVJjRGpGQ2oyVlo3Wi9jRHBmc1U5QTlyblVyaFh3NgppQTZlUjlsUUFFOFdtQ3NVWTVIS1MwNnQ2SE1lOUgwVUlTbnd2RXNVOTJRSjV4WkVjaE5aeVlkanMvSU1CYjdPCmtkdlNHUTdtOUIrUU5LSUtJV1lxRStOQmFkeThJNW05UjRwUHd6SWZwbk9nbkZBUlVRVmRZVjNYb0libXovUDAKay9tSDBTYlU1Y0RkRFFDRXAvNGVRMlVjRHZjT3J6OXJRaFE4ajF2d3lrU1NFcVVCZk1pSkk3OVY1ay9LejZHZgp4OFc1TUJSYUUwNTJGR0JGeWhXTFB4VUNBd0VBQWFOV01GUXdEZ1lEVlIwUEFRSC9CQVFEQWdXZ01CTUdBMVVkCkpRUU1NQW9HQ0NzR0FRVUZCd01DTUF3R0ExVWRFd0VCL3dRQ01BQXdId1lEVlIwakJCZ3dGb0FVYUxvNEQ1OWMKb2F1NUdORVh0anZSRXlnVWZta3dEUVlKS29aSWh2Y05BUUVMQlFBRGdnSUJBSjNGZTVINWx5ZVhsNWtrR1VueApwVmFxd2JOTGgzYW14NjArZDlVWTZOUW16L1JlaGpSRU1uWTk3SXpXaVhZaEl6NXh3UFZnVk1OcXRQY1FrV3NNCnNLUEQzaXY1U0RoeGxhOFVLV1FNaGFuNTVDaGREeVVGTk91SU5rbjVTOTN4dGk4TnQwV04wUWpZdzVYRExHM3QKNDhhdi9CRW9oM204NkhROUxRVTVDenNYN0ZDaFlkSEVlZzl2eG0zVStpSWNENmxjdzloZnJKYW9SRjhuQ3FHdgpuTHgxUnR4eVRleENSWituN2Z0cXFzTHFpdjZHQmQ5RytpcUpXMmZ1R2hBL2hSTDFja1NCVDAxVHdXaWZBMzVKCkg5eHY2bE1ic2dXR3BCb0F3YVkzdjFubUJYaDhoMFBKYnlvL01GT3Z5dCtnRzFrdFpiL0U1TUluVUVhb0I4d1cKNHRqVDl1YTVQOFZNandlVXBua2gvTkE1a2YxSWZZUS9lMlJ2bC9CaEpZUEtNQTUvUzBaL0lhdGVHK0NQd084aAp0ZUQ2eDRKVGpOUU1FWFNNb3o4QXk3SjdpU1dMcGZZV21Gd2pUb1pHVjhZendxY3krOWJESE94VVhYS1l5ck9LCjhwdVlhTWQ2amdBOXJpcjZpUzBHc2oxOXFtTk5RcGFGSTlIUWkyR091d3M5M3hKQUVvdE5ZY1NsU1JKR256aEcKK3N0VTNBWllBTlN1YWhOUjRwUjJjNFVLNlA1L0Q1b3VjaHdFNk5xNXVBbDFINkNzVFRkN2ZKNXYyT1Z0RGN4aAo1WVFnOU5vTlVYaXFnTUhNeVVyL0JQZUhPZFZDb1ZJY3h4TTUvb1J3Rlp5NWF3N2NuSGFoZnF6VEJGQkVhT2dBClNURGJMTEhMREdPWmxZT1VyaHRkbzFTZAotLS0tLUVORCBDRVJUSUZJQ0FURS0tLS0tCg==\n    client-key-data: LS0tLS1CRUdJTiBSU0EgUFJJVkFURSBLRVktLS0tLQpNSUlKS0FJQkFBS0NBZ0VBeVZtQkNaVHdLaE5EY2l3ZUZBdW5TazBFUW9QVjdkZEIxdnlkMFZmK3RJazhSYWZWCmZDTDJqZHN1ajRVZ1MzMU51S2U4ZkdjQ0VXV2Nrb1MrMytQTzVmekgyaGVUTEFyUEtaV2dEM2NwRjkrWVVxeEQKRTI0SFFsLzhLTGh3R2ZOYnhvK1FlSXIwTllmTGFFSUlPK1VuYmE2Tnl0S0NRSFIrdVd2bWtWQ1d5dTM2cEw5agpBRVpKTW4rdFJMeTNtOW9wdEY3Zm9FSGFnM0pqeUZEd1VuUGM3UUloUmY1dGFuODlxT1diTG9sL0FpM1RaTEtYCk5seVh0RDRFczdNL3lrcEV0YUJ5YXQzTjdCMGtRckFXdmNHS2RaY3BPWXlzTmoyTS9Qa282NmRvdjZMMm5yV0cKeXRPWm9qdS9DeVlCM3puVGExRHRkem5hdDVIa3VSUWJIcHoyaldFZ25NWG1yVnpDL3kzRXlxeUEraHlwY1FqWApTcXhqMnAxdGJteVZxYllOOFg4MFRndHp6OW1xc2M2OFQ3MEd4TmxQZVdUQlVGY2xubVhpN1J2RTVOdTBwbm0vCkVMdkxDcVJjRGpGQ2oyVlo3Wi9jRHBmc1U5QTlyblVyaFh3NmlBNmVSOWxRQUU4V21Dc1VZNUhLUzA2dDZITWUKOUgwVUlTbnd2RXNVOTJRSjV4WkVjaE5aeVlkanMvSU1CYjdPa2R2U0dRN205QitRTktJS0lXWXFFK05CYWR5OApJNW05UjRwUHd6SWZwbk9nbkZBUlVRVmRZVjNYb0libXovUDBrL21IMFNiVTVjRGREUUNFcC80ZVEyVWNEdmNPCnJ6OXJRaFE4ajF2d3lrU1NFcVVCZk1pSkk3OVY1ay9LejZHZng4VzVNQlJhRTA1MkZHQkZ5aFdMUHhVQ0F3RUEKQVFLQ0FnQjN6R0lqSWxPV3BTbCs5OUxabUdscm90RkRCZysxMkZwYklLaUJrdnAvemh0blVrbUo5Mzk4dllsQgphVExpMTJYejFSRW5iMTVpblhPQUZhMC9wdHBHS3BWNkpJYXpNS2M3bGNQTEQ5b0tVMFhkQXBOU0x5ZndqUTJKCjZOc0NCYko0UEpqM3I2MUhZRWxjK2RUT1ZqU1VaTVFHaGlOcldDVENDL24rUWRYR1hidkFaQUx5ZWQ4NVJaQUIKRXN1bjFqRDBHWEt5ZGh3ZUUyUmRIaE11NjdMcDdWZUF2clc1SklXNlJRcUVzTmc1b3F4aEFJVkptZVBGSVJWSgpHZ0I5U3AwQTk3cTc3TWFGa24wdGxIbWpZMUVQVCtYK1VMMXg5RU03akwrVkhtRUxqRmx4Nm8yTmhrS2xyU2lvCjZHODZzcndnNE9DNURGb2UySlllckdES1lSZXJ6bEhFL3ozSFhYa0svUUUvc3MwNTBESVlWNHdwRUI0a2F2S0YKT3ZiV3NhejBhMjE1VkZpdzlIeW1qenhTL3Roem8vWng3T2YrUTB1UGc1ZGJjTWZqUHdMSFcrOE1KbDZuS3pvbQoybUsyaFpkdWNiYVJ5a2FxL05GUTdYWEJlQkhzNUwrRkNjeU16NUl0b3VsN1BPeEdwNE85a0t6VHR3QURzWFRoCjNMZ1hra2R3YUVsWUhrQWFHWFpvZ1lxR2NQWko5T1JiWDcwSjd3SmdoRHkxUXF1OU5KU2RhNXoxU1pEQjhlek0KbHNrTGZ4QnU4TmJiWExjSnlMQXJJNUJ5THdjbjFWZkZmem41blJXSEFkdFVXd0pTdDN4clZ0U3dVNm5jSEp5aAoyUFBGWlZScHQzRU1VR2lRcFc1aFppUDZFQ1RGbko4L2dHU1Y2MkhGRTBJc1FOaU1EUUtDQVFFQTdPdHNETHFOCk9zMHhySE9wbjBxTHBXdUpQUnd4STV6cXYxMVNMbWtWR2puWDZrbmtTY2FzOHVBOHJ0eTdlaWFoN3l5ejdqdVIKM2F3WEV3WXlhelRKN3ZHMjg2QlVHeENmWFEzMkcrT3dlZ200ZFJsR1NEUjg0Q0plSnZxT0dMRUY4SXlrdEk1QQplS2ZvM3BjNlNoMjBxUlBhUFpSZHdpcTB3N04vZEdGVUFqZjBiT29ndkpFUkY5bHRqaTM2SC9YbG9CR0RGZkxaCkoraXZkbEE0WU0zVG93Y2w0bVRVSCsrb3psN2R6clNkeWEva0NTQUhXOHFwN2RmSnRiL3hGQmRTaHM3c0E2UzkKUnJMUnVqaW80MzFyRWVoSXBuN29zU3B4Y09hNUg2VG9zN2Q5SU5pblIrOHl2ZllIYW9zVzNKU0hjaWFwVW5ONgoxbVhONmc2RTRjejMxd0tDQVFFQTJaQzhDZHh6ckppMTZuQktOWUxFd0NGU3dNODdRSEl3Vm9EZjJpdmNUZ1RrCmVQNkdMM1gzWDE4VFVuKytoVlU3Um8rd3FXL05RRVhJUmVQYjQ3RHdIckMxUHV4cDFKR20xVDZNQmRjSkpTUC8KTVdLWkNTdlI4NkZZZDdGSFY0b3ZTc0dNZjNJZGRTNVJRQ09MVDJLUHBsQ1c2S0JqdUJJaFZDLytUcGN5REw5RAo0ZWExQUt3aUJ5bDJxam91d3VEZmxFdlNFRmw0QjZwQkpOWjNTQkgzTkJidVlvUTJDQ29hRUtYZkI0R3VwWVFKCnczc05ZZjdzRjhUVTNtMzN1ajQwd1JGK25URzNFeURtMUZXaUNFbDUzeDdnNXdaSTBsallhOTN1bnlpdXJ5ckEKbkpqVzI3M0ptYjk0QnZxV2grM0lCWXVBTUJ5UFpWL1BoTFhkZ293eTh3S0NBUUI4SEtneDB0aUJZVlVRWGxjUgpsMStvZkxrY1JsU0hyNEJhVjJ6aDJ6S3UxbmFCeWN2SnlrWjN4WGlFc2lXVVRBQ3c1dDRyZ3hGYTZ2ZjdnMWVPClNjMHZXM2pZRDdsL3BDbVgrZVJmbjl1blVzaEtyNzdkdklGZWVTS1JrTmczbnlUWmF4UXRjZ2ZjTFRvVXdXeEwKdjF3UTV0R0JTT1FFLzVKS294RzF5ZmJVWXJPdENzbXpmdHRSZnhtaFRmeW1HWTc5VjY4d0pGUVdVQkw3Qy9NOAo0eFpuWlNzM2VsS1ZtRnI2SVVCWk5NMGtCdnlTdXpDZnFYOXpsWU9acnIrQUl1ZWNyM0Y4UnlUUWtJVEY1VUMwClM5TjNRaFF0QkhhcHVPNU1rdEdQL2pmWlRkcERCcnc3TnRlQ0pBeW1oODZtSnpqOVY3dUQ4Zkw3dGNFMVIvM2MKdkI5cEFvSUJBUUNzWmFiSy9aZmZqVWFoVllkSUxhM3dQTGVSTnVUUnBXb3VNWUt3STQ4M2QyTC9pVmdVNVpvMgpSV1ZQT3hCaUlPNk9kQy9kbzB6MkFCVzVZOXdLNlZyc1JzUG43M2ZReS9WeUJsVDREN1FjYlJDN05sRGoxb2hRClVHcUV0Y0k5V0s4dXduMnRRMlNhUlRCMjdYTm5YVWRNMTVFdEZtTE9LZmVrK1Q2L1VjbUVGazhaQXpJc0xUbnQKaU9xUjZ2YkF6Mlg2NGJXNzVObGE0WXNyUUpKV1ZuNFhGWkNpR2ZlaXNwSGkzVDBFZXJ0RVJvTmlGZkM5MVQySgpmQnZkZ1RBS3NWNG1HdEhFaCs5MHhkNkRKTFAzY3htU05xcXFCZTNRV0R4dUJQY2Z3U0hpaGJNSW80ZWxxaGJFCnNOYlFXT0xOSlJzWlliZ2E1NWF0RXFXaW1HWEZHNGtIQW9JQkFCT09LL3hEOStsQnZxNUMvWFUrbjlTNmNaMDQKYVpOcGoweGdkeVRkcUtGTVdvZm9zNENQUEZUVXlKemJqVFIzVE15VnJlQndmLzJLWSt5RStrRTBJdWo2ejQ2TApMQmU0MVh5ck1EYXB5dHdONEFuSXA0bURzdE9xNDJrTk1TTjJ6eUt0V1VydEcvN25vU3JoRi9WWHJKdDNScmY5CmNOVmlGOXNQRXBIOFh1THNlVnpqVGlHazZLOGJ5eHh3T1k0QkJMdHY2YXNxd0RlL0l2UHRzS3prNlBycUQ5VTAKMWhmbldCTTVvVnhWNE9LNjkwUE5pTlY4cW1qTXRGZG0rSXFXdlhWRzFueXFhbXNoRCtmZGxkc3dYWitqeXcrZApmd3cyMnIwaWVWNUZqU0pRVDUrZjhqR2hiM0x3R0NuTUFmMVE2WXFwdVJqZEpqWWMxOGRQcUhnUzc2Zz0KLS0tLS1FTkQgUlNBIFBSSVZBVEUgS0VZLS0tLS0K\n    token: ignkrssbnyczjhaysektt62y7995rb66aqool9x4q5dufrtlh9o1b2ktbhrvazmjj6vcbpqzdpoyfufvdwscsv4ogbupykszflha2hc5ozjuiv73z6l55s3icwkndtf4\n",
            "kubelet_identity": [
              {
                "client_id": "b5ad5666-a30d-4610-b0df-3669cb2b82f5",
                "object_id": "28e48e6f-4065-43e0-9080-7423a5a5635c",
                "user_assigned_identity_id": "/subscriptions/7d62b4e4-e187-41ba-a266-036a7164f434/resourceGroups/RG-Personal-Blog-AKS-Backend/providers/Microsoft.ManagedIdentity/userAssignedIdentities/aks-personal-blog-agentpool"
              }
            ],
            "kubernetes_version": "1.27.9",
            "linux_profile": [],
            "local_account_disabled": false,
            "location": "northeurope",
            "maintenance_window": [],
            "maintenance_window_auto_upgrade": [],
            "maintenance_window_node_os": [],
            "microsoft_defender": [],
            "monitor_metrics": [],
            "name": "aks-personal-blog",
            "network_profile": [
              {
                "dns_service_ip": "10.0.0.10",
                "docker_bridge_cidr": "",
                "ebpf_data_plane": "",
                "ip_versions": [
                  "IPv4"
                ],
                "load_balancer_profile": [
                  {
                    "effective_outbound_ips": [
                      "/subscriptions/7d62b4e4-e187-41ba-a266-036a7164f434/resourceGroups/RG-Personal-Blog-AKS-Backend/providers/Microsoft.Network/publicIPAddresses/8abcc781-7257-4c27-a196-f266ccd8e54e"
                    ],
                    "idle_timeout_in_minutes": 0,
                    "managed_outbound_ip_count": 1,
                    "managed_outbound_ipv6_count": 0,
                    "outbound_ip_address_ids": [],
                    "outbound_ip_prefix_ids": [],
                    "outbound_ports_allocated": 0
                  }
                ],
                "load_balancer_sku": "standard",
                "nat_gateway_profile": [],
                "network_mode": "",
                "network_plugin": "kubenet",
                "network_plugin_mode": "",
                "network_policy": "",
                "outbound_type": "loadBalancer",
                "pod_cidr": "10.244.0.0/16",
                "pod_cidrs": [
                  "10.244.0.0/16"
                ],
                "service_cidr": "10.0.0.0/16",
                "service_cidrs": [
                  "10.0.0.0/16"
                ]
              }
            ],
            "node_os_channel_upgrade": null,
            "node_resource_group": "RG-Personal-Blog-AKS-Backend",
            "node_resource_group_id": "/subscriptions/7d62b4e4-e187-41ba-a266-036a7164f434/resourceGroups/RG-Personal-Blog-AKS-Backend",
            "oidc_issuer_enabled": false,
            "oidc_issuer_url": "",
            "oms_agent": [],
            "open_service_mesh_enabled": false,
            "portal_fqdn": "personal-blog-k8s-rvr4d0xu.portal.hcp.northeurope.azmk8s.io",
            "private_cluster_enabled": false,
            "private_cluster_public_fqdn_enabled": false,
            "private_dns_zone_id": null,
            "private_fqdn": "",
            "public_network_access_enabled": true,
            "resource_group_name": "RG-Personal-Blog",
            "role_based_access_control_enabled": true,
            "run_command_enabled": true,
            "service_mesh_profile": [],
            "service_principal": [],
            "sku_tier": "Free",
            "storage_profile": [],
            "support_plan": "KubernetesOfficial",
            "tags": null,
            "timeouts": null,
            "web_app_routing": [],
            "windows_profile": [],
            "workload_autoscaler_profile": [],
            "workload_identity_enabled": false
          },
          "sensitive_attributes": [],
          "private": "eyJlMmJmYjczMC1lY2FhLTExZTYtOGY4OC0zNDM2M2JjN2M0YzAiOnsiY3JlYXRlIjo1NDAwMDAwMDAwMDAwLCJkZWxldGUiOjU0MDAwMDAwMDAwMDAsInJlYWQiOjMwMDAwMDAwMDAwMCwidXBkYXRlIjo1NDAwMDAwMDAwMDAwfSwic2NoZW1hX3ZlcnNpb24iOiIyIn0=",
          "dependencies": [
            "module.app_gateway.azurerm_application_gateway.app_gateway",
            "module.app_gateway.azurerm_public_ip.public_ip",
            "module.resource_group.azurerm_resource_group.resource_group",
            "module.vnet.azurerm_network_security_group.network_security_group",
            "module.vnet.azurerm_virtual_network.virtual_network"
          ]
        }
      ]
    },
    {
      "module": "module.aks",
      "mode": "managed",
      "type": "azurerm_role_assignment",
      "name": "aks_to_acr",
      "provider": "provider[\"registry.terraform.io/hashicorp/azurerm\"]",
      "instances": [
        {
          "schema_version": 0,
          "attributes": {
            "condition": "",
            "condition_version": "",
            "delegated_managed_identity_resource_id": "",
            "description": "",
            "id": "/subscriptions/7d62b4e4-e187-41ba-a266-036a7164f434/resourceGroups/RG-Personal-Blog/providers/Microsoft.ContainerRegistry/registries/acrpersonalblogsm9ns8zv4vjw/providers/Microsoft.Authorization/roleAssignments/05d356db-7489-aa03-f459-19ce37598051",
            "name": "05d356db-7489-aa03-f459-19ce37598051",
            "principal_id": "28e48e6f-4065-43e0-9080-7423a5a5635c",
            "principal_type": "ServicePrincipal",
            "role_definition_id": "/subscriptions/7d62b4e4-e187-41ba-a266-036a7164f434/providers/Microsoft.Authorization/roleDefinitions/7f951dda-4ed3-4680-a7ca-43fe172d538d",
            "role_definition_name": "AcrPull",
            "scope": "/subscriptions/7d62b4e4-e187-41ba-a266-036a7164f434/resourceGroups/RG-Personal-Blog/providers/Microsoft.ContainerRegistry/registries/acrpersonalblogsm9ns8zv4vjw",
            "skip_service_principal_aad_check": null,
            "timeouts": null
          },
          "sensitive_attributes": [],
          "private": "eyJlMmJmYjczMC1lY2FhLTExZTYtOGY4OC0zNDM2M2JjN2M0YzAiOnsiY3JlYXRlIjoxODAwMDAwMDAwMDAwLCJkZWxldGUiOjE4MDAwMDAwMDAwMDAsInJlYWQiOjMwMDAwMDAwMDAwMH19",
          "dependencies": [
            "module.aks.azurerm_container_registry.acr",
            "module.aks.azurerm_kubernetes_cluster.aks",
            "module.aks.random_string.prefix",
            "module.app_gateway.azurerm_application_gateway.app_gateway",
            "module.app_gateway.azurerm_public_ip.public_ip",
            "module.resource_group.azurerm_resource_group.resource_group",
            "module.vnet.azurerm_network_security_group.network_security_group",
            "module.vnet.azurerm_virtual_network.virtual_network"
          ]
        }
      ]
    },
    {
      "module": "module.aks",
      "mode": "managed",
      "type": "random_string",
      "name": "prefix",
      "provider": "provider[\"registry.terraform.io/hashicorp/random\"]",
      "instances": [
        {
          "schema_version": 2,
          "attributes": {
            "id": "sm9ns8zv4vjw",
            "keepers": null,
            "length": 12,
            "lower": true,
            "min_lower": 0,
            "min_numeric": 0,
            "min_special": 0,
            "min_upper": 0,
            "number": true,
            "numeric": true,
            "override_special": null,
            "result": "sm9ns8zv4vjw",
            "special": false,
            "upper": false
          },
          "sensitive_attributes": [],
          "dependencies": [
            "module.resource_group.azurerm_resource_group.resource_group"
          ]
        }
      ]
    },
    {
      "module": "module.app_gateway",
      "mode": "managed",
      "type": "azurerm_application_gateway",
      "name": "app_gateway",
      "provider": "provider[\"registry.terraform.io/hashicorp/azurerm\"]",
      "instances": [
        {
          "schema_version": 0,
          "attributes": {
            "authentication_certificate": [],
            "autoscale_configuration": [],
            "backend_address_pool": [
              {
                "fqdns": [],
                "id": "/subscriptions/7d62b4e4-e187-41ba-a266-036a7164f434/resourceGroups/RG-Personal-Blog/providers/Microsoft.Network/applicationGateways/app-gateway-personal-blog/backendAddressPools/app-gateway-personal-blog-beap",
                "ip_addresses": [],
                "name": "app-gateway-personal-blog-beap"
              }
            ],
            "backend_http_settings": [
              {
                "affinity_cookie_name": "",
                "authentication_certificate": [],
                "connection_draining": [],
                "cookie_based_affinity": "Disabled",
                "host_name": "",
                "id": "/subscriptions/7d62b4e4-e187-41ba-a266-036a7164f434/resourceGroups/RG-Personal-Blog/providers/Microsoft.Network/applicationGateways/app-gateway-personal-blog/backendHttpSettingsCollection/app-gateway-personal-blog-be-htst",
                "name": "app-gateway-personal-blog-be-htst",
                "path": "/path1/",
                "pick_host_name_from_backend_address": false,
                "port": 80,
                "probe_id": "",
                "probe_name": "",
                "protocol": "Http",
                "request_timeout": 60,
                "trusted_root_certificate_names": []
              }
            ],
            "custom_error_configuration": [],
            "enable_http2": false,
            "fips_enabled": false,
            "firewall_policy_id": "",
            "force_firewall_policy_association": false,
            "frontend_ip_configuration": [
              {
                "id": "/subscriptions/7d62b4e4-e187-41ba-a266-036a7164f434/resourceGroups/RG-Personal-Blog/providers/Microsoft.Network/applicationGateways/app-gateway-personal-blog/frontendIPConfigurations/app-gateway-personal-blog-feip",
                "name": "app-gateway-personal-blog-feip",
                "private_ip_address": "",
                "private_ip_address_allocation": "Dynamic",
                "private_link_configuration_id": "",
                "private_link_configuration_name": "",
                "public_ip_address_id": "/subscriptions/7d62b4e4-e187-41ba-a266-036a7164f434/resourceGroups/RG-Personal-Blog/providers/Microsoft.Network/publicIPAddresses/pub-ip-personal-blog",
                "subnet_id": ""
              }
            ],
            "frontend_port": [
              {
                "id": "/subscriptions/7d62b4e4-e187-41ba-a266-036a7164f434/resourceGroups/RG-Personal-Blog/providers/Microsoft.Network/applicationGateways/app-gateway-personal-blog/frontendPorts/app-gateway-personal-blog-feport",
                "name": "app-gateway-personal-blog-feport",
                "port": 80
              }
            ],
            "gateway_ip_configuration": [
              {
                "id": "/subscriptions/7d62b4e4-e187-41ba-a266-036a7164f434/resourceGroups/RG-Personal-Blog/providers/Microsoft.Network/applicationGateways/app-gateway-personal-blog/gatewayIPConfigurations/gateway-ip-config",
                "name": "gateway-ip-config",
                "subnet_id": "/subscriptions/7d62b4e4-e187-41ba-a266-036a7164f434/resourceGroups/RG-Personal-Blog/providers/Microsoft.Network/virtualNetworks/vnet-personal-blog/subnets/personal-blog-appgateway"
              }
            ],
            "global": [],
            "http_listener": [
              {
                "custom_error_configuration": [],
                "firewall_policy_id": "",
                "frontend_ip_configuration_id": "/subscriptions/7d62b4e4-e187-41ba-a266-036a7164f434/resourceGroups/RG-Personal-Blog/providers/Microsoft.Network/applicationGateways/app-gateway-personal-blog/frontendIPConfigurations/app-gateway-personal-blog-feip",
                "frontend_ip_configuration_name": "app-gateway-personal-blog-feip",
                "frontend_port_id": "/subscriptions/7d62b4e4-e187-41ba-a266-036a7164f434/resourceGroups/RG-Personal-Blog/providers/Microsoft.Network/applicationGateways/app-gateway-personal-blog/frontendPorts/app-gateway-personal-blog-feport",
                "frontend_port_name": "app-gateway-personal-blog-feport",
                "host_name": "",
                "host_names": [],
                "id": "/subscriptions/7d62b4e4-e187-41ba-a266-036a7164f434/resourceGroups/RG-Personal-Blog/providers/Microsoft.Network/applicationGateways/app-gateway-personal-blog/httpListeners/app-gateway-personal-blog-httplstn",
                "name": "app-gateway-personal-blog-httplstn",
                "protocol": "Http",
                "require_sni": false,
                "ssl_certificate_id": "",
                "ssl_certificate_name": "",
                "ssl_profile_id": "",
                "ssl_profile_name": ""
              }
            ],
            "id": "/subscriptions/7d62b4e4-e187-41ba-a266-036a7164f434/resourceGroups/RG-Personal-Blog/providers/Microsoft.Network/applicationGateways/app-gateway-personal-blog",
            "identity": [],
            "location": "northeurope",
            "name": "app-gateway-personal-blog",
            "private_endpoint_connection": [],
            "private_link_configuration": [],
            "probe": [],
            "redirect_configuration": [],
            "request_routing_rule": [
              {
                "backend_address_pool_id": "/subscriptions/7d62b4e4-e187-41ba-a266-036a7164f434/resourceGroups/RG-Personal-Blog/providers/Microsoft.Network/applicationGateways/app-gateway-personal-blog/backendAddressPools/app-gateway-personal-blog-beap",
                "backend_address_pool_name": "app-gateway-personal-blog-beap",
                "backend_http_settings_id": "/subscriptions/7d62b4e4-e187-41ba-a266-036a7164f434/resourceGroups/RG-Personal-Blog/providers/Microsoft.Network/applicationGateways/app-gateway-personal-blog/backendHttpSettingsCollection/app-gateway-personal-blog-be-htst",
                "backend_http_settings_name": "app-gateway-personal-blog-be-htst",
                "http_listener_id": "/subscriptions/7d62b4e4-e187-41ba-a266-036a7164f434/resourceGroups/RG-Personal-Blog/providers/Microsoft.Network/applicationGateways/app-gateway-personal-blog/httpListeners/app-gateway-personal-blog-httplstn",
                "http_listener_name": "app-gateway-personal-blog-httplstn",
                "id": "/subscriptions/7d62b4e4-e187-41ba-a266-036a7164f434/resourceGroups/RG-Personal-Blog/providers/Microsoft.Network/applicationGateways/app-gateway-personal-blog/requestRoutingRules/app-gateway-personal-blog-rqrt",
                "name": "app-gateway-personal-blog-rqrt",
                "priority": 9,
                "redirect_configuration_id": "",
                "redirect_configuration_name": "",
                "rewrite_rule_set_id": "",
                "rewrite_rule_set_name": "",
                "rule_type": "Basic",
                "url_path_map_id": "",
                "url_path_map_name": ""
              }
            ],
            "resource_group_name": "RG-Personal-Blog",
            "rewrite_rule_set": [],
            "sku": [
              {
                "capacity": 2,
                "name": "Standard_v2",
                "tier": "Standard_v2"
              }
            ],
            "ssl_certificate": [],
            "ssl_policy": [
              {
                "cipher_suites": [],
                "disabled_protocols": [],
                "min_protocol_version": "",
                "policy_name": "AppGwSslPolicy20150501",
                "policy_type": "Predefined"
              }
            ],
            "ssl_profile": [],
            "tags": {},
            "timeouts": null,
            "trusted_client_certificate": [],
            "trusted_root_certificate": [],
            "url_path_map": [],
            "waf_configuration": [],
            "zones": []
          },
          "sensitive_attributes": [],
          "private": "eyJlMmJmYjczMC1lY2FhLTExZTYtOGY4OC0zNDM2M2JjN2M0YzAiOnsiY3JlYXRlIjo1NDAwMDAwMDAwMDAwLCJkZWxldGUiOjU0MDAwMDAwMDAwMDAsInJlYWQiOjMwMDAwMDAwMDAwMCwidXBkYXRlIjo1NDAwMDAwMDAwMDAwfX0=",
          "dependencies": [
            "module.app_gateway.azurerm_public_ip.public_ip",
            "module.resource_group.azurerm_resource_group.resource_group",
            "module.vnet.azurerm_network_security_group.network_security_group",
            "module.vnet.azurerm_virtual_network.virtual_network"
          ]
        }
      ]
    },
    {
      "module": "module.app_gateway",
      "mode": "managed",
      "type": "azurerm_public_ip",
      "name": "public_ip",
      "provider": "provider[\"registry.terraform.io/hashicorp/azurerm\"]",
      "instances": [
        {
          "schema_version": 0,
          "attributes": {
            "allocation_method": "Static",
            "ddos_protection_mode": "VirtualNetworkInherited",
            "ddos_protection_plan_id": null,
            "domain_name_label": null,
            "edge_zone": "",
            "fqdn": null,
            "id": "/subscriptions/7d62b4e4-e187-41ba-a266-036a7164f434/resourceGroups/RG-Personal-Blog/providers/Microsoft.Network/publicIPAddresses/pub-ip-personal-blog",
            "idle_timeout_in_minutes": 4,
            "ip_address": "13.74.251.36",
            "ip_tags": {},
            "ip_version": "IPv4",
            "location": "northeurope",
            "name": "pub-ip-personal-blog",
            "public_ip_prefix_id": null,
            "resource_group_name": "RG-Personal-Blog",
            "reverse_fqdn": null,
            "sku": "Standard",
            "sku_tier": "Regional",
            "tags": {},
            "timeouts": null,
            "zones": []
          },
          "sensitive_attributes": [],
          "private": "eyJlMmJmYjczMC1lY2FhLTExZTYtOGY4OC0zNDM2M2JjN2M0YzAiOnsiY3JlYXRlIjoxODAwMDAwMDAwMDAwLCJkZWxldGUiOjE4MDAwMDAwMDAwMDAsInJlYWQiOjMwMDAwMDAwMDAwMCwidXBkYXRlIjoxODAwMDAwMDAwMDAwfX0=",
          "dependencies": [
            "module.resource_group.azurerm_resource_group.resource_group"
          ]
        }
      ]
    },
    {
      "module": "module.resource_group",
      "mode": "managed",
      "type": "azurerm_resource_group",
      "name": "resource_group",
      "provider": "provider[\"registry.terraform.io/hashicorp/azurerm\"]",
      "instances": [
        {
          "schema_version": 0,
          "attributes": {
            "id": "/subscriptions/7d62b4e4-e187-41ba-a266-036a7164f434/resourceGroups/RG-Personal-Blog",
            "location": "northeurope",
            "managed_by": "",
            "name": "RG-Personal-Blog",
            "tags": {},
            "timeouts": null
          },
          "sensitive_attributes": [],
          "private": "eyJlMmJmYjczMC1lY2FhLTExZTYtOGY4OC0zNDM2M2JjN2M0YzAiOnsiY3JlYXRlIjo1NDAwMDAwMDAwMDAwLCJkZWxldGUiOjU0MDAwMDAwMDAwMDAsInJlYWQiOjMwMDAwMDAwMDAwMCwidXBkYXRlIjo1NDAwMDAwMDAwMDAwfX0="
        }
      ]
    },
    {
      "module": "module.vnet",
      "mode": "managed",
      "type": "azurerm_network_security_group",
      "name": "network_security_group",
      "provider": "provider[\"registry.terraform.io/hashicorp/azurerm\"]",
      "instances": [
        {
          "schema_version": 0,
          "attributes": {
            "id": "/subscriptions/7d62b4e4-e187-41ba-a266-036a7164f434/resourceGroups/RG-Personal-Blog/providers/Microsoft.Network/networkSecurityGroups/nsg-personal-blog",
            "location": "northeurope",
            "name": "nsg-personal-blog",
            "resource_group_name": "RG-Personal-Blog",
            "security_rule": [
              {
                "access": "Allow",
                "description": "",
                "destination_address_prefix": "*",
                "destination_address_prefixes": [],
                "destination_application_security_group_ids": [],
                "destination_port_range": "65200-65535",
                "destination_port_ranges": [],
                "direction": "Inbound",
                "name": "Port_100",
                "priority": 100,
                "protocol": "*",
                "source_address_prefix": "*",
                "source_address_prefixes": [],
                "source_application_security_group_ids": [],
                "source_port_range": "*",
                "source_port_ranges": []
              }
            ],
            "tags": {},
            "timeouts": null
          },
          "sensitive_attributes": [],
          "private": "eyJlMmJmYjczMC1lY2FhLTExZTYtOGY4OC0zNDM2M2JjN2M0YzAiOnsiY3JlYXRlIjoxODAwMDAwMDAwMDAwLCJkZWxldGUiOjE4MDAwMDAwMDAwMDAsInJlYWQiOjMwMDAwMDAwMDAwMCwidXBkYXRlIjoxODAwMDAwMDAwMDAwfX0=",
          "dependencies": [
            "module.resource_group.azurerm_resource_group.resource_group"
          ]
        }
      ]
    },
    {
      "module": "module.vnet",
      "mode": "managed",
      "type": "azurerm_virtual_network",
      "name": "virtual_network",
      "provider": "provider[\"registry.terraform.io/hashicorp/azurerm\"]",
      "instances": [
        {
          "schema_version": 0,
          "attributes": {
            "address_space": [
              "10.10.0.0/16"
            ],
            "bgp_community": "",
            "ddos_protection_plan": [],
            "dns_servers": [],
            "edge_zone": "",
            "encryption": [],
            "flow_timeout_in_minutes": 0,
            "guid": "bc9332e6-1b76-41e5-87db-8a69fa9c81af",
            "id": "/subscriptions/7d62b4e4-e187-41ba-a266-036a7164f434/resourceGroups/RG-Personal-Blog/providers/Microsoft.Network/virtualNetworks/vnet-personal-blog",
            "location": "northeurope",
            "name": "vnet-personal-blog",
            "resource_group_name": "RG-Personal-Blog",
            "subnet": [
              {
                "address_prefix": "10.10.1.0/24",
                "id": "/subscriptions/7d62b4e4-e187-41ba-a266-036a7164f434/resourceGroups/RG-Personal-Blog/providers/Microsoft.Network/virtualNetworks/vnet-personal-blog/subnets/personal-blog-k8s",
                "name": "personal-blog-k8s",
                "security_group": "/subscriptions/7d62b4e4-e187-41ba-a266-036a7164f434/resourceGroups/RG-Personal-Blog/providers/Microsoft.Network/networkSecurityGroups/nsg-personal-blog"
              },
              {
                "address_prefix": "10.10.2.0/24",
                "id": "/subscriptions/7d62b4e4-e187-41ba-a266-036a7164f434/resourceGroups/RG-Personal-Blog/providers/Microsoft.Network/virtualNetworks/vnet-personal-blog/subnets/personal-blog-appgateway",
                "name": "personal-blog-appgateway",
                "security_group": "/subscriptions/7d62b4e4-e187-41ba-a266-036a7164f434/resourceGroups/RG-Personal-Blog/providers/Microsoft.Network/networkSecurityGroups/nsg-personal-blog"
              }
            ],
            "tags": {},
            "timeouts": null
          },
          "sensitive_attributes": [],
          "private": "eyJlMmJmYjczMC1lY2FhLTExZTYtOGY4OC0zNDM2M2JjN2M0YzAiOnsiY3JlYXRlIjoxODAwMDAwMDAwMDAwLCJkZWxldGUiOjE4MDAwMDAwMDAwMDAsInJlYWQiOjMwMDAwMDAwMDAwMCwidXBkYXRlIjoxODAwMDAwMDAwMDAwfX0=",
          "dependencies": [
            "module.resource_group.azurerm_resource_group.resource_group",
            "module.vnet.azurerm_network_security_group.network_security_group"
          ]
        }
      ]
    }
  ],
  "check_results": null
}
