{
  "version": 4,
  "terraform_version": "1.6.2",
  "serial": 62,
  "lineage": "fe694352-161f-5a04-a6ee-dcb31c7f38c2",
  "outputs": {},
  "resources": [
    {
      "module": "module.aks",
      "mode": "managed",
      "type": "azurerm_container_registry",
      "name": "acr",
      "provider": "provider[\"registry.terraform.io/hashicorp/azurerm\"]",
      "instances": [
        {
          "schema_version": 2,
          "attributes": {
            "admin_enabled": false,
            "admin_password": "",
            "admin_username": "",
            "anonymous_pull_enabled": false,
            "data_endpoint_enabled": false,
            "encryption": [
              {
                "enabled": false,
                "identity_client_id": "",
                "key_vault_key_id": ""
              }
            ],
            "export_policy_enabled": true,
            "georeplications": [],
            "id": "/subscriptions/7d62b4e4-e187-41ba-a266-036a7164f434/resourceGroups/RG-Personal-Blog/providers/Microsoft.ContainerRegistry/registries/acrpersonalblog1buxv7btk00l",
            "identity": [],
            "location": "northeurope",
            "login_server": "acrpersonalblog1buxv7btk00l.azurecr.io",
            "name": "acrpersonalblog1buxv7btk00l",
            "network_rule_bypass_option": "AzureServices",
            "network_rule_set": [],
            "public_network_access_enabled": true,
            "quarantine_policy_enabled": false,
            "resource_group_name": "RG-Personal-Blog",
            "retention_policy": [
              {
                "days": 7,
                "enabled": false
              }
            ],
            "sku": "Basic",
            "tags": {},
            "timeouts": null,
            "trust_policy": [
              {
                "enabled": false
              }
            ],
            "zone_redundancy_enabled": false
          },
          "sensitive_attributes": [],
          "private": "eyJlMmJmYjczMC1lY2FhLTExZTYtOGY4OC0zNDM2M2JjN2M0YzAiOnsiY3JlYXRlIjoxODAwMDAwMDAwMDAwLCJkZWxldGUiOjE4MDAwMDAwMDAwMDAsInJlYWQiOjMwMDAwMDAwMDAwMCwidXBkYXRlIjoxODAwMDAwMDAwMDAwfSwic2NoZW1hX3ZlcnNpb24iOiIyIn0=",
          "dependencies": [
            "module.aks.random_string.prefix",
            "module.resource_group.azurerm_resource_group.resource_group"
          ]
        }
      ]
    },
    {
      "module": "module.aks",
      "mode": "managed",
      "type": "azurerm_kubernetes_cluster",
      "name": "aks",
      "provider": "provider[\"registry.terraform.io/hashicorp/azurerm\"]",
      "instances": [
        {
          "schema_version": 2,
          "attributes": {
            "aci_connector_linux": [],
            "api_server_access_profile": [],
            "api_server_authorized_ip_ranges": [],
            "auto_scaler_profile": [],
            "automatic_channel_upgrade": "",
            "azure_active_directory_role_based_access_control": [],
            "azure_policy_enabled": false,
            "confidential_computing": [],
            "custom_ca_trust_certificates_base64": [],
            "default_node_pool": [
              {
                "capacity_reservation_group_id": "",
                "custom_ca_trust_enabled": false,
                "enable_auto_scaling": false,
                "enable_host_encryption": false,
                "enable_node_public_ip": false,
                "fips_enabled": false,
                "gpu_instance": "",
                "host_group_id": "",
                "kubelet_config": [],
                "kubelet_disk_type": "OS",
                "linux_os_config": [],
                "max_count": 0,
                "max_pods": 30,
                "message_of_the_day": "",
                "min_count": 0,
                "name": "default",
                "node_count": 1,
                "node_labels": {},
                "node_network_profile": [],
                "node_public_ip_prefix_id": "",
                "node_taints": [],
                "only_critical_addons_enabled": false,
                "orchestrator_version": "1.27.9",
                "os_disk_size_gb": 128,
                "os_disk_type": "Managed",
                "os_sku": "Ubuntu",
                "pod_subnet_id": "",
                "proximity_placement_group_id": "",
                "scale_down_mode": "Delete",
                "snapshot_id": "",
                "tags": {},
                "temporary_name_for_rotation": "",
                "type": "VirtualMachineScaleSets",
                "ultra_ssd_enabled": false,
                "upgrade_settings": [],
                "vm_size": "Standard_D2_v2",
                "vnet_subnet_id": "/subscriptions/7d62b4e4-e187-41ba-a266-036a7164f434/resourceGroups/RG-Personal-Blog/providers/Microsoft.Network/virtualNetworks/vnet-personal-blog/subnets/personal-blog-k8s",
                "workload_runtime": "",
                "zones": []
              }
            ],
            "disk_encryption_set_id": "",
            "dns_prefix": "personal-blog-k8s",
            "dns_prefix_private_cluster": "",
            "edge_zone": "",
            "enable_pod_security_policy": false,
            "fqdn": "personal-blog-k8s-e9h4enkp.hcp.northeurope.azmk8s.io",
            "http_application_routing_enabled": true,
            "http_application_routing_zone_name": "41ffea95aa96455e9513.northeurope.aksapp.io",
            "http_proxy_config": [],
            "id": "/subscriptions/7d62b4e4-e187-41ba-a266-036a7164f434/resourceGroups/RG-Personal-Blog/providers/Microsoft.ContainerService/managedClusters/aks-personal-blog",
            "identity": [
              {
                "identity_ids": [],
                "principal_id": "18edd928-be58-4c77-a044-069e9f0c6428",
                "tenant_id": "1c38e6cd-3bec-4a0f-a45a-1e2df6eabcfe",
                "type": "SystemAssigned"
              }
            ],
            "image_cleaner_enabled": false,
            "image_cleaner_interval_hours": 48,
            "ingress_application_gateway": [
              {
                "effective_gateway_id": "/subscriptions/7d62b4e4-e187-41ba-a266-036a7164f434/resourceGroups/RG-Personal-Blog/providers/Microsoft.Network/applicationGateways/app-gateway-personal-blog",
                "gateway_id": "/subscriptions/7d62b4e4-e187-41ba-a266-036a7164f434/resourceGroups/RG-Personal-Blog/providers/Microsoft.Network/applicationGateways/app-gateway-personal-blog",
                "gateway_name": "",
                "ingress_application_gateway_identity": [
                  {
                    "client_id": "3b8a0319-7969-4451-88c0-ef728516f7de",
                    "object_id": "2b01e745-f2bb-489f-9d63-d6b26e97a3d1",
                    "user_assigned_identity_id": "/subscriptions/7d62b4e4-e187-41ba-a266-036a7164f434/resourcegroups/RG-Personal-Blog-AKS-Backend/providers/Microsoft.ManagedIdentity/userAssignedIdentities/ingressapplicationgateway-aks-personal-blog"
                  }
                ],
                "subnet_cidr": "",
                "subnet_id": ""
              }
            ],
            "key_management_service": [],
            "key_vault_secrets_provider": [],
            "kube_admin_config": [],
            "kube_admin_config_raw": "",
            "kube_config": [
              {
                "client_certificate": "LS0tLS1CRUdJTiBDRVJUSUZJQ0FURS0tLS0tCk1JSUZIVENDQXdXZ0F3SUJBZ0lRYSt3cnd2OGZnTWxreW00YlFYVTRsVEFOQmdrcWhraUc5dzBCQVFzRkFEQU4KTVFzd0NRWURWUVFERXdKallUQWVGdzB5TkRBek1ERXlNVEl4TXpkYUZ3MHlOakF6TURFeU1UTXhNemRhTURBeApGekFWQmdOVkJBb1REbk41YzNSbGJUcHRZWE4wWlhKek1SVXdFd1lEVlFRREV3eHRZWE4wWlhKamJHbGxiblF3CmdnSWlNQTBHQ1NxR1NJYjNEUUVCQVFVQUE0SUNEd0F3Z2dJS0FvSUNBUURDWDlRN01saklUaVAxNVdqQUFubHYKUWt5VHd4bmRpZjFjYjVPQjdQbkFNbENScFZKRDVRaHJDOUVJU0ZsNEdRZy9mNk5qZFhKWkxmMWR6NGVHYjJjdwp5NjVYR1hqT1QySlMwNnUwc0pGVW9ZVmtRVldqV0dmMkRrWlQ5Q0xzUUxlNnltMTRVU2tCKzhMbFVUTmpaQzNVCnZGMHRhU1JFeU1GSDVIMmorc1VmeXFyZ2ZWdU50ZUlXREZucTdmbXFhQjZQb0ZVRm1tSUtURzUyT0dod2VZZk0Kb0NmY1loNEdQL1l2NngwYkJScGpzRTNiZ296NklKcUFVMmlvSVVFRGNoVzREZ1VTamFLU0FDdEJxU3J6NlpoeQpzdlRwMGpBdEx0dnhLb0FoVWMyRldJRk5DL2tLYUNkb0pSc1N2Zk1ST3g4c0lwRlRQOXZwQ25UQUVDNEZ4enlhCmZibFNIQmxGV2gwZ3FpZGdwbWNPdVFkRFY3VElvQzRzWkdQUmZHYmdRam9XVVFwSmIwYlpRZHV4TWJtTHJQU3oKcWJZVWtaWi9OVVZnLzRoQTh1UVplQmlLSUMyZms5aDdwNUxsQkg1UGtmcnRRb043L1NhTmRWcjhyWGtWdk52dgpaRG9hQ28xRk8wc2hocXdZRFR2RTBSaFlRcXpaZzlXWkdVUlJJVGZzVVBYaFhUak5sM0ZnenZEaFVPNVhzMXRqCk5hQ0FBRFJSekNETEl0MmFMRmIrdzFlaCt2U3BHZ3pJYVhNUGhkUWhBZXBZVXNZZFZsckw2T1VjcHlQUzZsTWgKWWZ0RzJoa0FtMXZlL3U3VUZMZy81WTBlb1RBNFR5cXQ5TFdlcmJqL2FiUFY4RlhTenZLeVdtUWtPNTNmbzB5TgpDQnlZa0dZUnY3VUNoTlczMk1YT2J3SURBUUFCbzFZd1ZEQU9CZ05WSFE4QkFmOEVCQU1DQmFBd0V3WURWUjBsCkJBd3dDZ1lJS3dZQkJRVUhBd0l3REFZRFZSMFRBUUgvQkFJd0FEQWZCZ05WSFNNRUdEQVdnQlMxWVB4VlZDUTIKTEdURmR6REhFRytFbExuNHdEQU5CZ2txaGtpRzl3MEJBUXNGQUFPQ0FnRUFER2pjaXNHM1oveVlha201ckhZNwpTWk0raTdnL1BwVTIrSG9adzc1WjZCamVOOFBTTnJaQzJXTjFlZHUySkdCVXYzSGZUeDlMb3JUQWlDWkRlc211CnNCTGpKcGh2aGtISWRZNXlzamRmbEJUVStNYloraVlpSUxuRkttSElYMHluZzdtaWNGZ1ROUGY0WnZaUWJqWWsKMjFBMGlTTWU4TXozYldnd1J1OUFQaWdmZXloODh3Z3pDdUJncDBaaWQrTzRRMmI1ZlpCREtPMmYrMGJQUlZQSApwbTRLWktoNit6U2VOYzdGbzhGYWI3ekMrS1BrUWorRFNiWnlFUWxEN29JMjZFNi9POUxFcWh5N0pCK0UzTHdOClZNZkd1c29YWkdKdExmcDlHMWVzK2hzdCtpeXhvVzJIR0ozUEpkV3EvWHNCVHovRkdlZ2F4aGJrU2g0QXYxdTAKRkE4cmVuTi9nRTVscUtLZFhCTmQrZXVoVnhickh3cjBuUmtJeTMzdU1qbFRvQVRiL1FMNERzWlJUd0lyL2xpVgpFamVhZkd0Q0xkbWtqM0lPM3ZJZ3dxclNXM2xZa3FxaW5NeVpHalNOMG53YU5OTWxTVWxUUnNoRVNHSjFnQm9uCnFobWp1N3JuMUFDa3d3UEdFODZIT0V6Sm5zcG1haGR4eXgrZGh3YUNDdktSa2ZYN1JjcUZ0VmtrL0hub0NGOTkKL3dyekNGWmVXU3FxUjB3TTB5WHFydmMvWHh0TDdOZ3l3eXNJdGRoRzNtbnpSTjZzZm1sSndSdEtRbXdXd1FMTQpCa0VMQnVSMnE5N1dBaGRwRHJXR3A1c0p2RXFtTnFQdFVzRlhHTTd3L1JNWTR0ZFlHK2M3Y0VSKzdlK2c5RDhWCkgrMjhoNUM1VnRUTXNwdDdBaTdHbS9rPQotLS0tLUVORCBDRVJUSUZJQ0FURS0tLS0tCg==",
                "client_key": "LS0tLS1CRUdJTiBSU0EgUFJJVkFURSBLRVktLS0tLQpNSUlKS1FJQkFBS0NBZ0VBd2wvVU96Sll5RTRqOWVWb3dBSjViMEpNazhNWjNZbjlYRytUZ2V6NXdESlFrYVZTClErVUlhd3ZSQ0VoWmVCa0lQMytqWTNWeVdTMzlYYytIaG05bk1NdXVWeGw0ems5aVV0T3J0TENSVktHRlpFRlYKbzFobjlnNUdVL1FpN0VDM3VzcHRlRkVwQWZ2QzVWRXpZMlF0MUx4ZExXa2tSTWpCUitSOW8vckZIOHFxNEgxYgpqYlhpRmd4WjZ1MzVxbWdlajZCVkJacGlDa3h1ZGpob2NIbUh6S0FuM0dJZUJqLzJMK3NkR3dVYVk3Qk4yNEtNCitpQ2FnRk5vcUNGQkEzSVZ1QTRGRW8yaWtnQXJRYWtxOCttWWNyTDA2ZEl3TFM3YjhTcUFJVkhOaFZpQlRRdjUKQ21nbmFDVWJFcjN6RVRzZkxDS1JVei9iNlFwMHdCQXVCY2M4bW4yNVVod1pSVm9kSUtvbllLWm5EcmtIUTFlMAp5S0F1TEdSajBYeG00RUk2RmxFS1NXOUcyVUhic1RHNWk2ejBzNm0yRkpHV2Z6VkZZUCtJUVBMa0dYZ1lpaUF0Cm41UFllNmVTNVFSK1Q1SDY3VUtEZS8wbWpYVmEvSzE1RmJ6YjcyUTZHZ3FOUlR0TElZYXNHQTA3eE5FWVdFS3MKMllQVm1SbEVVU0UzN0ZEMTRWMDR6WmR4WU03dzRWRHVWN05iWXpXZ2dBQTBVY3dneXlMZG1peFcvc05Yb2ZyMApxUm9NeUdsekQ0WFVJUUhxV0ZMR0hWWmF5K2psSEtjajB1cFRJV0g3UnRvWkFKdGIzdjd1MUJTNFArV05IcUV3Ck9FOHFyZlMxbnEyNC8ybXoxZkJWMHM3eXNscGtKRHVkMzZOTWpRZ2NtSkJtRWIrMUFvVFZ0OWpGem04Q0F3RUEKQVFLQ0FnQlpjRmJyMWtMY0NIaXJrU0FlR2dWZW1KYzc5cTVVTGthUzNoUjEyR0VqZXdOdndTNlZaekgwYjcrRApuQ2J2Q0RXdllrQUFaKzV4OHFOL0l4c3RWTjJhcWw1U1hib2sxSXBkcW1COENETVhTaXRpOGwxQmlGQnQvQ3VJClBmSkQyNU92TTY0aml0VGZ3TVR4VitmWmVDTk9uRTRUc3ltcExPY2krWlNHZThGdzI0UzlQM0Y5UjQvOHJUcEMKeTdYeUgyN1FqK29QWmZadTNyU0ZXWGRWS2RhKzVZTHgrWVB2UkVjM3pXdmJId0lCbFFKK1d4Z2JrQjBIcDFtawo0NGhTMlkvODNSYWdidU83WXJDRXloNmxsWHM4YS9RZUUwVnZ4UHdYZ0lMczBnTkx0R25xMWZPR1FsNi9vVE5QCjhHK0VJanc1eHI0d0hGWklhVE5IblNwUUpsbFB2M2tveGVWd0pKMXN0MFhIeFhENW9iUGZCUjJETUtEbnhOT1oKL0xoMnptd3dxcHdjakMrazlzTXVIeEo3OGdUd0pYZ2VVejZwWkZLOHdoOWVEdlRqMmRVenlVeFpUK0hEL1NFRgpMY3k3VFpBdFVLK2VsZ0FxUi92cjNJQThBWGhNbVdqZHVSTnB5MkxXemhYdSszajhQRHdaQ1NxcUhuSkxTY05OCll3ZHY3bFpmMyszRXRYZ0k0OWJ5Y0VoSmJxV3owKzRsQWdneHJrNVBLOWtQeDZaN1ZMZVAreGxMME8rVWo2L1cKNGo3QklDVzM0bXZHVkw3SHp6SXBGUThnZHNUeXR3bkRnRU5KQWpMOU51SGIzWURubk1qUFZmb0ljeTBuWER0SwpvcDZ2aDJDeHFFUUxBR3R3WXZDRnVsRUdqTG41ZVh1NXJobWVmSUpNWW00Skp4TmY0UUtDQVFFQTd5VHhWeUZxCkdSRjkrNHY4UXZFYXkvUkhLcFdKWEJTUmpzc0RvRmZnSk53V3N0cFI5UzVObzNIK0ZkczYwOUlJQk9rVjR6RVoKdVkrSWJ0N1ErSU84aUoxQkQxK3B0RnUvS29nbWttWEJHZlJwSUVIQmRFR0dMZE5aWFpRUEtzb3ZIcnFMUlpCMAo0VFhndE1zNlY3WlpDdDFGcjljKytTS0JTTU9tanE4SHZ4eUdET0E0ZnV2ZDRRaUtHWkxxYnVLU1c5RGR2RkJnClhVWGFld1RhcUUzZFZEMy9oZTQ5TXBEM0h4MW5FcjVNcVUxTHF2ZkxlcDJIeG11dG1ub1BPTFBUc0svdHlGbG4KM1BQK1JaNHpvNXRKamM1N2JhZXQrVlJ1dEZuaUZaQlIxK2gyMVVSUW80dldVTUVXUUI1QUZZVENRcFIycmRzcApudlZHaWZrNE1QTVE5UUtDQVFFQTBCTVJqbW8wbkdBMTRQR1ZINEhIRkpaS0txT0JrTDFYUjVoV3ZJOVR1Y2ZRCnhJMUpldUFReHRxcWtReE5OZVhWNWtSamVHVitMYTAyTmVUMlNvNm4vYUh5eTFQdWdKNnhzeGV5SVNCMWhtMXkKMTY0RjN2eFNCRmc4VVZIcnNrSDhiYWdjQTF0QjJIYjJUNVI4L1FBYjl6R055cnJSWDE0RVFVQkI3b3p4U2RkVgpuNThBMk5pbXllb3dZRkhlMC9KVGQvY0VCblBTQUhZKzZGelBJVHg3VzdoZ1kzNFlKZDRLcnZxaHoyOEtDb1hTCm4wa2lqVnVSWHBoVkF1Ry9CcEh5SlM5SE1OejFYWDVDbzZpTktPb2VtZU9NSjZ1N29WZldweDk1R3ljaHQ5TDQKRXFIM2ZIaEZ3a0NLVjRnc1Npc0hiRWlCSnUvOXROUGxvNEVGenl5elV3S0NBUUVBdHhMbCt4am1lemhyNUxWZQpzZlNYMmdrd3JnWDZPTmE2TThGeERrQVhwTUFrVkZsVUlzbUd3QmhWTm5BMVVkRlpPRUVqODJBMFhGem9TbEFqClZBeXR1VHdCZ1g1dmtWWW5PNjB0TWlmWnN6L3JkcmxBR3ZyS2VLeHlublBwUkkyeGt1bW1FdVFxeGZvVUF2UU4KdnZZbXBtMk1tcmZDU3NGQ2plelJ4aXR5VjdqRFdub1FaZ0cxUXovaFVRQ3FuYWF2K3NBajc3VHNnSnNvVGNNQwpqWlBHVzJaM0JoWERIY0hpblJ4S093d1o3Z1h4Wm5uNmVPeTk4NFdkU2tRbEFQaVJsNUtuQ3hoK3JhVFFSSVYrCjdNSEZobHpMR3NBaUxGeVp2MUdNQll3TlM2ZDN5WDVaNlVuMUVLOHdsSGRVQWVVM1BmY2YvNnBtNjN6RHVuNWkKcVA1N1BRS0NBUUVBbC9CVXNabjhNUFJRWTZJRk1xeWhvdmJiMGFienhhMTlQbHFQZThGdGNndm05cC8xT0RURwpDMjlCZmdsdG1CM3N3K2pNZWU0aTVWZkdialJ6Wko0bkxaNUVuUlQ4NUE3OTA3bEo2Y2E2Q3grQTdOMjJpODNVClZqZllVOGx1UXd6TU40YTZiZmtGYS92eWdNbjlPd0lKYWNoVnNlUVpYM3BYd1E0YkZ3YjBhdWRETHZ2OHNsd0IKN3crRG85SWsxTC92RTNyZEJaa3RrQWpJaHdTK2U1YWV2YXMxTjNHc1VIcURjcUt4NWJjL3JjOXFyY1hKNVU4bwpKOXMwdUpYLzE5eGE1YXhRWCszNWZmdmt6WDBYRnZsZXZ5RGFCMTN2OVRFZkhZcHQ5Tlh1V1QxRXlOWmMwaGRCCldVZW52YU5DTkNhWGxRcWN4TUlha1NEcVh5cW9BMUN3NFFLQ0FRQkNsOG9QN2ZFVUhHeXFlNFA2Ly8vRm1MYWkKZGo0U1FNNzc3STVJZ2VYVzA3K3pxZFl4UGVzOHV1TE42TWY2cXpjV0VSRG1PcEx4ZXQ4SE1ZK0M4S2loYTY1NQo0NFhoYkxiUnBrT1UrUDRmdmVBd3pZTndZaFRqaHF3ckg4eWVTVUh0endKUG1BRGRISmxoWkJMUG1ZdkhVS24wCnFVZzFGeFZvNGFYdmhta2FaVm5SOWo2ajE2LzZqMVA1N2JtYmFQQ1RLTHhWNDJ2QmhxbnpyZENwcjdpeU1DQ0YKK25PU0R5QnF4Y3U1SDhzdnZlTEx1aUx4cVZKZHU5ZGhuK2lYcXp6RXB5ZkdVZW16Z0daejBFNjloT2k0NTJSdgpTaFpRenZhWXJscVAva25jVWFoLzk2dWwxanpEenhCaVJJM3M2NW45UFRPTis3MkpCaFkxNVA5eVJMOTQKLS0tLS1FTkQgUlNBIFBSSVZBVEUgS0VZLS0tLS0K",
                "cluster_ca_certificate": "LS0tLS1CRUdJTiBDRVJUSUZJQ0FURS0tLS0tCk1JSUU2RENDQXRDZ0F3SUJBZ0lRUk9sQnVpU3hYb29OTWdPOUx5UXFpekFOQmdrcWhraUc5dzBCQVFzRkFEQU4KTVFzd0NRWURWUVFERXdKallUQWdGdzB5TkRBek1ERXlNVEl4TXpkYUdBOHlNRFUwTURNd01USXhNekV6TjFvdwpEVEVMTUFrR0ExVUVBeE1DWTJFd2dnSWlNQTBHQ1NxR1NJYjNEUUVCQVFVQUE0SUNEd0F3Z2dJS0FvSUNBUUNkCkR3SnNjUVVOS0xpd1dmNlpYZ0tmWmRvS2F1SUFaUmJ5aWk2K21QaXI0ZTBiS2h3REdkTWN1K0dwckM2T2txWkIKKzBRZmg1SFhza2V3OE1aVm9LMUpucWIvZ1ZseXEzV1F4TUdtb2RINlBLOGNNdWc5TENKRjlpRXNISmswYXRNRQpBaGtwQ0wrWXh5TWk5Sk1FcVZaNHp3MVdHdkRLZ2UwdjViY2lOUVBJYzhiYXhwTmkzRHdtd2YwTTJOajJRVkk3ClpqNHF5MlZmSEwrdkhtK0lScGprbzBrZ29ZYk8xQUJHR3BKUnE3OW9wQTFXRWh1bDRGSUpEUERLZWtzZXhwdXYKM1RIeWNkVTlPTXUzMW9TcEZZVDFDZDRMa3pnak9MNXc4NTdocTVRcHR5TFhnV2NDKzA3cUx4SUR4SnRvaWc3bQpuOExscE5XWUlycit4T2hoN1JPS2tubUxjOXk2Tm9hM0tlbUd1Sjh1OWFIQkFzWkM0UVY4bVhaZkRzeFM1SVNhCmFWYnhONlNlWFpMWDF2bTZDa3BwTlppV1hiajZtVEJtSjh3QmdoaUxWVWtua2RHS3V1SU5rVEIzM0Y1Q0NxcGsKSkF1Z08yQWxUY3A5bHZTaWUxSHJIenB0R0loQndQMmZkeU5GUERMVWI4cGxRMjVFTy9laXlGcTJiQWJWeno4aApVRUdXYzBqcHZrcWdJSEw1ZGpkMkpaeGRUSG53b3NJRDM1Y3dDbVNlSThQL3k4cGs5RmZhcElmUU9YNFMrSWRaCnBnM3hoU1RRdVNwQW15VlFSKzBZbXBqUkNGaEp3UjFUVjhTcm1NTzZNTG5jWHJQaHRQMUNtQVBMRWZZMnZaeUIKSVFMd2dSTng3RFZyZlVIWFFKc0hRRVBVeW9uank4Q3NjR0pPcGJKRGJ3SURBUUFCbzBJd1FEQU9CZ05WSFE4QgpBZjhFQkFNQ0FxUXdEd1lEVlIwVEFRSC9CQVV3QXdFQi96QWRCZ05WSFE0RUZnUVV0V0Q4VlZRa05peGt4WGN3Cnh4QnZoSlM1K01Bd0RRWUpLb1pJaHZjTkFRRUxCUUFEZ2dJQkFCR0x2a1BPeDZWcTBWbHRYak9IVE1WWWZvUC8KMGZOQldOWVpQTkdPQktJZkhETVUyNGppaHZjUzJQQnZVSWkzU1BYeUcvTWs1dXI1THNiYWJZQXdFa3FkSjcxTAoycUxDdnhZMHZIUW54Z3lsTThEank4empCU0Y4TGdodnFRaEZtaXBlb1FDUldhdFZzSUZtd0dYQVd0S1c3UWlZCnUzYzJDeXY4VUR5a0ZibFVONlNWSmNyQ092UzBnL3BvOWpOZ1dSTVQzUGY0Q1ExaWJjdVYvT29JckJPd0lYV3IKRWNVbTZvWkdNSDNOVUhZaFhvOWZwLzRFc3VZYjRnMXc4a0RGNVNqRWJHWU5XMlNKN3ZYdXVWUjN6Qm9HWDZ6dQp2YlUyVFRlUmFyckJ4VnBXSGkxRVNtODkyTFRqejBYTS81bXRUTmUrLzhJaXgyNFdZQ1ZvTjBXLzJBay82S0VGCnRTRVZCQnhQTjdJdVU4R2dIQWVZRmliNy8zZUUwbVBmS1FCNlhwZ25tQkVmOVVUeGNaTEF6OTBpcXVQeFhyUjEKZjkyMlRHVWpqMWFpdkU5NFBwQlVBL25aeXJMSlZ3ZVUrQzY0YW9YSEwvdjNHSUFXbmIreUtmYjBVaWwrY0xHUQpVZFVXSWIzMklnb0NGNDBRZG1tbVRXbU1zbW9qeXJyY2hUaU43VVl0T3o2d0dkZVNtSnBBMENJbUhCOWw0Z09HCnlCcjJvNWtQM0l4bm9pcXVVSmVaRGxnMGc2R2htbmttaGY0RllCYUlsamxsNU82UGx0SFJFSzQ4Uzg3aGVicysKR2UwcVlGYU1acm9GY25CRktIcHpqSnRRdXhtU2R6VDlRMXdoSVMwZkdkVGhxSUJRMGVRVjdjMzZUVFpBWlM2eApHTFFxR0QzNTYzQUhEUXRLCi0tLS0tRU5EIENFUlRJRklDQVRFLS0tLS0K",
                "host": "https://personal-blog-k8s-e9h4enkp.hcp.northeurope.azmk8s.io:443",
                "password": "istd0otaixalrjkd3s196843hi1qwwju0ais2gnlnjfkcxjzvs7r65oei5ywd8v340h5ejsdqc2ko4c6undbxq2gdadkzqhukou2t9fbdvx03qwss7aw7x76l7jqr829",
                "username": "clusterUser_RG-Personal-Blog_aks-personal-blog"
              }
            ],
            "kube_config_raw": "apiVersion: v1\nclusters:\n- cluster:\n    certificate-authority-data: LS0tLS1CRUdJTiBDRVJUSUZJQ0FURS0tLS0tCk1JSUU2RENDQXRDZ0F3SUJBZ0lRUk9sQnVpU3hYb29OTWdPOUx5UXFpekFOQmdrcWhraUc5dzBCQVFzRkFEQU4KTVFzd0NRWURWUVFERXdKallUQWdGdzB5TkRBek1ERXlNVEl4TXpkYUdBOHlNRFUwTURNd01USXhNekV6TjFvdwpEVEVMTUFrR0ExVUVBeE1DWTJFd2dnSWlNQTBHQ1NxR1NJYjNEUUVCQVFVQUE0SUNEd0F3Z2dJS0FvSUNBUUNkCkR3SnNjUVVOS0xpd1dmNlpYZ0tmWmRvS2F1SUFaUmJ5aWk2K21QaXI0ZTBiS2h3REdkTWN1K0dwckM2T2txWkIKKzBRZmg1SFhza2V3OE1aVm9LMUpucWIvZ1ZseXEzV1F4TUdtb2RINlBLOGNNdWc5TENKRjlpRXNISmswYXRNRQpBaGtwQ0wrWXh5TWk5Sk1FcVZaNHp3MVdHdkRLZ2UwdjViY2lOUVBJYzhiYXhwTmkzRHdtd2YwTTJOajJRVkk3ClpqNHF5MlZmSEwrdkhtK0lScGprbzBrZ29ZYk8xQUJHR3BKUnE3OW9wQTFXRWh1bDRGSUpEUERLZWtzZXhwdXYKM1RIeWNkVTlPTXUzMW9TcEZZVDFDZDRMa3pnak9MNXc4NTdocTVRcHR5TFhnV2NDKzA3cUx4SUR4SnRvaWc3bQpuOExscE5XWUlycit4T2hoN1JPS2tubUxjOXk2Tm9hM0tlbUd1Sjh1OWFIQkFzWkM0UVY4bVhaZkRzeFM1SVNhCmFWYnhONlNlWFpMWDF2bTZDa3BwTlppV1hiajZtVEJtSjh3QmdoaUxWVWtua2RHS3V1SU5rVEIzM0Y1Q0NxcGsKSkF1Z08yQWxUY3A5bHZTaWUxSHJIenB0R0loQndQMmZkeU5GUERMVWI4cGxRMjVFTy9laXlGcTJiQWJWeno4aApVRUdXYzBqcHZrcWdJSEw1ZGpkMkpaeGRUSG53b3NJRDM1Y3dDbVNlSThQL3k4cGs5RmZhcElmUU9YNFMrSWRaCnBnM3hoU1RRdVNwQW15VlFSKzBZbXBqUkNGaEp3UjFUVjhTcm1NTzZNTG5jWHJQaHRQMUNtQVBMRWZZMnZaeUIKSVFMd2dSTng3RFZyZlVIWFFKc0hRRVBVeW9uank4Q3NjR0pPcGJKRGJ3SURBUUFCbzBJd1FEQU9CZ05WSFE4QgpBZjhFQkFNQ0FxUXdEd1lEVlIwVEFRSC9CQVV3QXdFQi96QWRCZ05WSFE0RUZnUVV0V0Q4VlZRa05peGt4WGN3Cnh4QnZoSlM1K01Bd0RRWUpLb1pJaHZjTkFRRUxCUUFEZ2dJQkFCR0x2a1BPeDZWcTBWbHRYak9IVE1WWWZvUC8KMGZOQldOWVpQTkdPQktJZkhETVUyNGppaHZjUzJQQnZVSWkzU1BYeUcvTWs1dXI1THNiYWJZQXdFa3FkSjcxTAoycUxDdnhZMHZIUW54Z3lsTThEank4empCU0Y4TGdodnFRaEZtaXBlb1FDUldhdFZzSUZtd0dYQVd0S1c3UWlZCnUzYzJDeXY4VUR5a0ZibFVONlNWSmNyQ092UzBnL3BvOWpOZ1dSTVQzUGY0Q1ExaWJjdVYvT29JckJPd0lYV3IKRWNVbTZvWkdNSDNOVUhZaFhvOWZwLzRFc3VZYjRnMXc4a0RGNVNqRWJHWU5XMlNKN3ZYdXVWUjN6Qm9HWDZ6dQp2YlUyVFRlUmFyckJ4VnBXSGkxRVNtODkyTFRqejBYTS81bXRUTmUrLzhJaXgyNFdZQ1ZvTjBXLzJBay82S0VGCnRTRVZCQnhQTjdJdVU4R2dIQWVZRmliNy8zZUUwbVBmS1FCNlhwZ25tQkVmOVVUeGNaTEF6OTBpcXVQeFhyUjEKZjkyMlRHVWpqMWFpdkU5NFBwQlVBL25aeXJMSlZ3ZVUrQzY0YW9YSEwvdjNHSUFXbmIreUtmYjBVaWwrY0xHUQpVZFVXSWIzMklnb0NGNDBRZG1tbVRXbU1zbW9qeXJyY2hUaU43VVl0T3o2d0dkZVNtSnBBMENJbUhCOWw0Z09HCnlCcjJvNWtQM0l4bm9pcXVVSmVaRGxnMGc2R2htbmttaGY0RllCYUlsamxsNU82UGx0SFJFSzQ4Uzg3aGVicysKR2UwcVlGYU1acm9GY25CRktIcHpqSnRRdXhtU2R6VDlRMXdoSVMwZkdkVGhxSUJRMGVRVjdjMzZUVFpBWlM2eApHTFFxR0QzNTYzQUhEUXRLCi0tLS0tRU5EIENFUlRJRklDQVRFLS0tLS0K\n    server: https://personal-blog-k8s-e9h4enkp.hcp.northeurope.azmk8s.io:443\n  name: aks-personal-blog\ncontexts:\n- context:\n    cluster: aks-personal-blog\n    user: clusterUser_RG-Personal-Blog_aks-personal-blog\n  name: aks-personal-blog\ncurrent-context: aks-personal-blog\nkind: Config\npreferences: {}\nusers:\n- name: clusterUser_RG-Personal-Blog_aks-personal-blog\n  user:\n    client-certificate-data: LS0tLS1CRUdJTiBDRVJUSUZJQ0FURS0tLS0tCk1JSUZIVENDQXdXZ0F3SUJBZ0lRYSt3cnd2OGZnTWxreW00YlFYVTRsVEFOQmdrcWhraUc5dzBCQVFzRkFEQU4KTVFzd0NRWURWUVFERXdKallUQWVGdzB5TkRBek1ERXlNVEl4TXpkYUZ3MHlOakF6TURFeU1UTXhNemRhTURBeApGekFWQmdOVkJBb1REbk41YzNSbGJUcHRZWE4wWlhKek1SVXdFd1lEVlFRREV3eHRZWE4wWlhKamJHbGxiblF3CmdnSWlNQTBHQ1NxR1NJYjNEUUVCQVFVQUE0SUNEd0F3Z2dJS0FvSUNBUURDWDlRN01saklUaVAxNVdqQUFubHYKUWt5VHd4bmRpZjFjYjVPQjdQbkFNbENScFZKRDVRaHJDOUVJU0ZsNEdRZy9mNk5qZFhKWkxmMWR6NGVHYjJjdwp5NjVYR1hqT1QySlMwNnUwc0pGVW9ZVmtRVldqV0dmMkRrWlQ5Q0xzUUxlNnltMTRVU2tCKzhMbFVUTmpaQzNVCnZGMHRhU1JFeU1GSDVIMmorc1VmeXFyZ2ZWdU50ZUlXREZucTdmbXFhQjZQb0ZVRm1tSUtURzUyT0dod2VZZk0Kb0NmY1loNEdQL1l2NngwYkJScGpzRTNiZ296NklKcUFVMmlvSVVFRGNoVzREZ1VTamFLU0FDdEJxU3J6NlpoeQpzdlRwMGpBdEx0dnhLb0FoVWMyRldJRk5DL2tLYUNkb0pSc1N2Zk1ST3g4c0lwRlRQOXZwQ25UQUVDNEZ4enlhCmZibFNIQmxGV2gwZ3FpZGdwbWNPdVFkRFY3VElvQzRzWkdQUmZHYmdRam9XVVFwSmIwYlpRZHV4TWJtTHJQU3oKcWJZVWtaWi9OVVZnLzRoQTh1UVplQmlLSUMyZms5aDdwNUxsQkg1UGtmcnRRb043L1NhTmRWcjhyWGtWdk52dgpaRG9hQ28xRk8wc2hocXdZRFR2RTBSaFlRcXpaZzlXWkdVUlJJVGZzVVBYaFhUak5sM0ZnenZEaFVPNVhzMXRqCk5hQ0FBRFJSekNETEl0MmFMRmIrdzFlaCt2U3BHZ3pJYVhNUGhkUWhBZXBZVXNZZFZsckw2T1VjcHlQUzZsTWgKWWZ0RzJoa0FtMXZlL3U3VUZMZy81WTBlb1RBNFR5cXQ5TFdlcmJqL2FiUFY4RlhTenZLeVdtUWtPNTNmbzB5TgpDQnlZa0dZUnY3VUNoTlczMk1YT2J3SURBUUFCbzFZd1ZEQU9CZ05WSFE4QkFmOEVCQU1DQmFBd0V3WURWUjBsCkJBd3dDZ1lJS3dZQkJRVUhBd0l3REFZRFZSMFRBUUgvQkFJd0FEQWZCZ05WSFNNRUdEQVdnQlMxWVB4VlZDUTIKTEdURmR6REhFRytFbExuNHdEQU5CZ2txaGtpRzl3MEJBUXNGQUFPQ0FnRUFER2pjaXNHM1oveVlha201ckhZNwpTWk0raTdnL1BwVTIrSG9adzc1WjZCamVOOFBTTnJaQzJXTjFlZHUySkdCVXYzSGZUeDlMb3JUQWlDWkRlc211CnNCTGpKcGh2aGtISWRZNXlzamRmbEJUVStNYloraVlpSUxuRkttSElYMHluZzdtaWNGZ1ROUGY0WnZaUWJqWWsKMjFBMGlTTWU4TXozYldnd1J1OUFQaWdmZXloODh3Z3pDdUJncDBaaWQrTzRRMmI1ZlpCREtPMmYrMGJQUlZQSApwbTRLWktoNit6U2VOYzdGbzhGYWI3ekMrS1BrUWorRFNiWnlFUWxEN29JMjZFNi9POUxFcWh5N0pCK0UzTHdOClZNZkd1c29YWkdKdExmcDlHMWVzK2hzdCtpeXhvVzJIR0ozUEpkV3EvWHNCVHovRkdlZ2F4aGJrU2g0QXYxdTAKRkE4cmVuTi9nRTVscUtLZFhCTmQrZXVoVnhickh3cjBuUmtJeTMzdU1qbFRvQVRiL1FMNERzWlJUd0lyL2xpVgpFamVhZkd0Q0xkbWtqM0lPM3ZJZ3dxclNXM2xZa3FxaW5NeVpHalNOMG53YU5OTWxTVWxUUnNoRVNHSjFnQm9uCnFobWp1N3JuMUFDa3d3UEdFODZIT0V6Sm5zcG1haGR4eXgrZGh3YUNDdktSa2ZYN1JjcUZ0VmtrL0hub0NGOTkKL3dyekNGWmVXU3FxUjB3TTB5WHFydmMvWHh0TDdOZ3l3eXNJdGRoRzNtbnpSTjZzZm1sSndSdEtRbXdXd1FMTQpCa0VMQnVSMnE5N1dBaGRwRHJXR3A1c0p2RXFtTnFQdFVzRlhHTTd3L1JNWTR0ZFlHK2M3Y0VSKzdlK2c5RDhWCkgrMjhoNUM1VnRUTXNwdDdBaTdHbS9rPQotLS0tLUVORCBDRVJUSUZJQ0FURS0tLS0tCg==\n    client-key-data: LS0tLS1CRUdJTiBSU0EgUFJJVkFURSBLRVktLS0tLQpNSUlKS1FJQkFBS0NBZ0VBd2wvVU96Sll5RTRqOWVWb3dBSjViMEpNazhNWjNZbjlYRytUZ2V6NXdESlFrYVZTClErVUlhd3ZSQ0VoWmVCa0lQMytqWTNWeVdTMzlYYytIaG05bk1NdXVWeGw0ems5aVV0T3J0TENSVktHRlpFRlYKbzFobjlnNUdVL1FpN0VDM3VzcHRlRkVwQWZ2QzVWRXpZMlF0MUx4ZExXa2tSTWpCUitSOW8vckZIOHFxNEgxYgpqYlhpRmd4WjZ1MzVxbWdlajZCVkJacGlDa3h1ZGpob2NIbUh6S0FuM0dJZUJqLzJMK3NkR3dVYVk3Qk4yNEtNCitpQ2FnRk5vcUNGQkEzSVZ1QTRGRW8yaWtnQXJRYWtxOCttWWNyTDA2ZEl3TFM3YjhTcUFJVkhOaFZpQlRRdjUKQ21nbmFDVWJFcjN6RVRzZkxDS1JVei9iNlFwMHdCQXVCY2M4bW4yNVVod1pSVm9kSUtvbllLWm5EcmtIUTFlMAp5S0F1TEdSajBYeG00RUk2RmxFS1NXOUcyVUhic1RHNWk2ejBzNm0yRkpHV2Z6VkZZUCtJUVBMa0dYZ1lpaUF0Cm41UFllNmVTNVFSK1Q1SDY3VUtEZS8wbWpYVmEvSzE1RmJ6YjcyUTZHZ3FOUlR0TElZYXNHQTA3eE5FWVdFS3MKMllQVm1SbEVVU0UzN0ZEMTRWMDR6WmR4WU03dzRWRHVWN05iWXpXZ2dBQTBVY3dneXlMZG1peFcvc05Yb2ZyMApxUm9NeUdsekQ0WFVJUUhxV0ZMR0hWWmF5K2psSEtjajB1cFRJV0g3UnRvWkFKdGIzdjd1MUJTNFArV05IcUV3Ck9FOHFyZlMxbnEyNC8ybXoxZkJWMHM3eXNscGtKRHVkMzZOTWpRZ2NtSkJtRWIrMUFvVFZ0OWpGem04Q0F3RUEKQVFLQ0FnQlpjRmJyMWtMY0NIaXJrU0FlR2dWZW1KYzc5cTVVTGthUzNoUjEyR0VqZXdOdndTNlZaekgwYjcrRApuQ2J2Q0RXdllrQUFaKzV4OHFOL0l4c3RWTjJhcWw1U1hib2sxSXBkcW1COENETVhTaXRpOGwxQmlGQnQvQ3VJClBmSkQyNU92TTY0aml0VGZ3TVR4VitmWmVDTk9uRTRUc3ltcExPY2krWlNHZThGdzI0UzlQM0Y5UjQvOHJUcEMKeTdYeUgyN1FqK29QWmZadTNyU0ZXWGRWS2RhKzVZTHgrWVB2UkVjM3pXdmJId0lCbFFKK1d4Z2JrQjBIcDFtawo0NGhTMlkvODNSYWdidU83WXJDRXloNmxsWHM4YS9RZUUwVnZ4UHdYZ0lMczBnTkx0R25xMWZPR1FsNi9vVE5QCjhHK0VJanc1eHI0d0hGWklhVE5IblNwUUpsbFB2M2tveGVWd0pKMXN0MFhIeFhENW9iUGZCUjJETUtEbnhOT1oKL0xoMnptd3dxcHdjakMrazlzTXVIeEo3OGdUd0pYZ2VVejZwWkZLOHdoOWVEdlRqMmRVenlVeFpUK0hEL1NFRgpMY3k3VFpBdFVLK2VsZ0FxUi92cjNJQThBWGhNbVdqZHVSTnB5MkxXemhYdSszajhQRHdaQ1NxcUhuSkxTY05OCll3ZHY3bFpmMyszRXRYZ0k0OWJ5Y0VoSmJxV3owKzRsQWdneHJrNVBLOWtQeDZaN1ZMZVAreGxMME8rVWo2L1cKNGo3QklDVzM0bXZHVkw3SHp6SXBGUThnZHNUeXR3bkRnRU5KQWpMOU51SGIzWURubk1qUFZmb0ljeTBuWER0SwpvcDZ2aDJDeHFFUUxBR3R3WXZDRnVsRUdqTG41ZVh1NXJobWVmSUpNWW00Skp4TmY0UUtDQVFFQTd5VHhWeUZxCkdSRjkrNHY4UXZFYXkvUkhLcFdKWEJTUmpzc0RvRmZnSk53V3N0cFI5UzVObzNIK0ZkczYwOUlJQk9rVjR6RVoKdVkrSWJ0N1ErSU84aUoxQkQxK3B0RnUvS29nbWttWEJHZlJwSUVIQmRFR0dMZE5aWFpRUEtzb3ZIcnFMUlpCMAo0VFhndE1zNlY3WlpDdDFGcjljKytTS0JTTU9tanE4SHZ4eUdET0E0ZnV2ZDRRaUtHWkxxYnVLU1c5RGR2RkJnClhVWGFld1RhcUUzZFZEMy9oZTQ5TXBEM0h4MW5FcjVNcVUxTHF2ZkxlcDJIeG11dG1ub1BPTFBUc0svdHlGbG4KM1BQK1JaNHpvNXRKamM1N2JhZXQrVlJ1dEZuaUZaQlIxK2gyMVVSUW80dldVTUVXUUI1QUZZVENRcFIycmRzcApudlZHaWZrNE1QTVE5UUtDQVFFQTBCTVJqbW8wbkdBMTRQR1ZINEhIRkpaS0txT0JrTDFYUjVoV3ZJOVR1Y2ZRCnhJMUpldUFReHRxcWtReE5OZVhWNWtSamVHVitMYTAyTmVUMlNvNm4vYUh5eTFQdWdKNnhzeGV5SVNCMWhtMXkKMTY0RjN2eFNCRmc4VVZIcnNrSDhiYWdjQTF0QjJIYjJUNVI4L1FBYjl6R055cnJSWDE0RVFVQkI3b3p4U2RkVgpuNThBMk5pbXllb3dZRkhlMC9KVGQvY0VCblBTQUhZKzZGelBJVHg3VzdoZ1kzNFlKZDRLcnZxaHoyOEtDb1hTCm4wa2lqVnVSWHBoVkF1Ry9CcEh5SlM5SE1OejFYWDVDbzZpTktPb2VtZU9NSjZ1N29WZldweDk1R3ljaHQ5TDQKRXFIM2ZIaEZ3a0NLVjRnc1Npc0hiRWlCSnUvOXROUGxvNEVGenl5elV3S0NBUUVBdHhMbCt4am1lemhyNUxWZQpzZlNYMmdrd3JnWDZPTmE2TThGeERrQVhwTUFrVkZsVUlzbUd3QmhWTm5BMVVkRlpPRUVqODJBMFhGem9TbEFqClZBeXR1VHdCZ1g1dmtWWW5PNjB0TWlmWnN6L3JkcmxBR3ZyS2VLeHlublBwUkkyeGt1bW1FdVFxeGZvVUF2UU4KdnZZbXBtMk1tcmZDU3NGQ2plelJ4aXR5VjdqRFdub1FaZ0cxUXovaFVRQ3FuYWF2K3NBajc3VHNnSnNvVGNNQwpqWlBHVzJaM0JoWERIY0hpblJ4S093d1o3Z1h4Wm5uNmVPeTk4NFdkU2tRbEFQaVJsNUtuQ3hoK3JhVFFSSVYrCjdNSEZobHpMR3NBaUxGeVp2MUdNQll3TlM2ZDN5WDVaNlVuMUVLOHdsSGRVQWVVM1BmY2YvNnBtNjN6RHVuNWkKcVA1N1BRS0NBUUVBbC9CVXNabjhNUFJRWTZJRk1xeWhvdmJiMGFienhhMTlQbHFQZThGdGNndm05cC8xT0RURwpDMjlCZmdsdG1CM3N3K2pNZWU0aTVWZkdialJ6Wko0bkxaNUVuUlQ4NUE3OTA3bEo2Y2E2Q3grQTdOMjJpODNVClZqZllVOGx1UXd6TU40YTZiZmtGYS92eWdNbjlPd0lKYWNoVnNlUVpYM3BYd1E0YkZ3YjBhdWRETHZ2OHNsd0IKN3crRG85SWsxTC92RTNyZEJaa3RrQWpJaHdTK2U1YWV2YXMxTjNHc1VIcURjcUt4NWJjL3JjOXFyY1hKNVU4bwpKOXMwdUpYLzE5eGE1YXhRWCszNWZmdmt6WDBYRnZsZXZ5RGFCMTN2OVRFZkhZcHQ5Tlh1V1QxRXlOWmMwaGRCCldVZW52YU5DTkNhWGxRcWN4TUlha1NEcVh5cW9BMUN3NFFLQ0FRQkNsOG9QN2ZFVUhHeXFlNFA2Ly8vRm1MYWkKZGo0U1FNNzc3STVJZ2VYVzA3K3pxZFl4UGVzOHV1TE42TWY2cXpjV0VSRG1PcEx4ZXQ4SE1ZK0M4S2loYTY1NQo0NFhoYkxiUnBrT1UrUDRmdmVBd3pZTndZaFRqaHF3ckg4eWVTVUh0endKUG1BRGRISmxoWkJMUG1ZdkhVS24wCnFVZzFGeFZvNGFYdmhta2FaVm5SOWo2ajE2LzZqMVA1N2JtYmFQQ1RLTHhWNDJ2QmhxbnpyZENwcjdpeU1DQ0YKK25PU0R5QnF4Y3U1SDhzdnZlTEx1aUx4cVZKZHU5ZGhuK2lYcXp6RXB5ZkdVZW16Z0daejBFNjloT2k0NTJSdgpTaFpRenZhWXJscVAva25jVWFoLzk2dWwxanpEenhCaVJJM3M2NW45UFRPTis3MkpCaFkxNVA5eVJMOTQKLS0tLS1FTkQgUlNBIFBSSVZBVEUgS0VZLS0tLS0K\n    token: istd0otaixalrjkd3s196843hi1qwwju0ais2gnlnjfkcxjzvs7r65oei5ywd8v340h5ejsdqc2ko4c6undbxq2gdadkzqhukou2t9fbdvx03qwss7aw7x76l7jqr829\n",
            "kubelet_identity": [
              {
                "client_id": "32f44a12-6690-4a4f-9922-15e4effb876f",
                "object_id": "cf52e370-8c4f-4413-9e87-bfce1e76bfbf",
                "user_assigned_identity_id": "/subscriptions/7d62b4e4-e187-41ba-a266-036a7164f434/resourceGroups/RG-Personal-Blog-AKS-Backend/providers/Microsoft.ManagedIdentity/userAssignedIdentities/aks-personal-blog-agentpool"
              }
            ],
            "kubernetes_version": "1.27.9",
            "linux_profile": [],
            "local_account_disabled": false,
            "location": "northeurope",
            "maintenance_window": [],
            "maintenance_window_auto_upgrade": [],
            "maintenance_window_node_os": [],
            "microsoft_defender": [],
            "monitor_metrics": [],
            "name": "aks-personal-blog",
            "network_profile": [
              {
                "dns_service_ip": "10.0.0.10",
                "docker_bridge_cidr": "",
                "ebpf_data_plane": "",
                "ip_versions": [
                  "IPv4"
                ],
                "load_balancer_profile": [
                  {
                    "effective_outbound_ips": [
                      "/subscriptions/7d62b4e4-e187-41ba-a266-036a7164f434/resourceGroups/RG-Personal-Blog-AKS-Backend/providers/Microsoft.Network/publicIPAddresses/49119e5c-01b5-445e-bf73-41f9732a7f08"
                    ],
                    "idle_timeout_in_minutes": 0,
                    "managed_outbound_ip_count": 1,
                    "managed_outbound_ipv6_count": 0,
                    "outbound_ip_address_ids": [],
                    "outbound_ip_prefix_ids": [],
                    "outbound_ports_allocated": 0
                  }
                ],
                "load_balancer_sku": "standard",
                "nat_gateway_profile": [],
                "network_mode": "",
                "network_plugin": "azure",
                "network_plugin_mode": "",
                "network_policy": "",
                "outbound_type": "loadBalancer",
                "pod_cidr": "",
                "pod_cidrs": [],
                "service_cidr": "10.0.0.0/16",
                "service_cidrs": [
                  "10.0.0.0/16"
                ]
              }
            ],
            "node_os_channel_upgrade": null,
            "node_resource_group": "RG-Personal-Blog-AKS-Backend",
            "node_resource_group_id": "/subscriptions/7d62b4e4-e187-41ba-a266-036a7164f434/resourceGroups/RG-Personal-Blog-AKS-Backend",
            "oidc_issuer_enabled": false,
            "oidc_issuer_url": "",
            "oms_agent": [],
            "open_service_mesh_enabled": false,
            "portal_fqdn": "personal-blog-k8s-e9h4enkp.portal.hcp.northeurope.azmk8s.io",
            "private_cluster_enabled": false,
            "private_cluster_public_fqdn_enabled": false,
            "private_dns_zone_id": null,
            "private_fqdn": "",
            "public_network_access_enabled": true,
            "resource_group_name": "RG-Personal-Blog",
            "role_based_access_control_enabled": true,
            "run_command_enabled": true,
            "service_mesh_profile": [],
            "service_principal": [],
            "sku_tier": "Free",
            "storage_profile": [],
            "support_plan": "KubernetesOfficial",
            "tags": {},
            "timeouts": null,
            "web_app_routing": [],
            "windows_profile": [
              {
                "admin_password": "",
                "admin_username": "azureuser",
                "gmsa": [],
                "license": ""
              }
            ],
            "workload_autoscaler_profile": [],
            "workload_identity_enabled": false
          },
          "sensitive_attributes": [],
          "private": "eyJlMmJmYjczMC1lY2FhLTExZTYtOGY4OC0zNDM2M2JjN2M0YzAiOnsiY3JlYXRlIjo1NDAwMDAwMDAwMDAwLCJkZWxldGUiOjU0MDAwMDAwMDAwMDAsInJlYWQiOjMwMDAwMDAwMDAwMCwidXBkYXRlIjo1NDAwMDAwMDAwMDAwfSwic2NoZW1hX3ZlcnNpb24iOiIyIn0=",
          "dependencies": [
            "module.app_gateway.azurerm_application_gateway.app_gateway",
            "module.app_gateway.azurerm_public_ip.public_ip",
            "module.resource_group.azurerm_resource_group.resource_group",
            "module.vnet.azurerm_network_security_group.network_security_group",
            "module.vnet.azurerm_virtual_network.virtual_network"
          ]
        }
      ]
    },
    {
      "module": "module.aks",
      "mode": "managed",
      "type": "azurerm_role_assignment",
      "name": "aks_to_acr",
      "provider": "provider[\"registry.terraform.io/hashicorp/azurerm\"]",
      "instances": [
        {
          "schema_version": 0,
          "attributes": {
            "condition": "",
            "condition_version": "",
            "delegated_managed_identity_resource_id": "",
            "description": "",
            "id": "/subscriptions/7d62b4e4-e187-41ba-a266-036a7164f434/resourceGroups/RG-Personal-Blog/providers/Microsoft.ContainerRegistry/registries/acrpersonalblog1buxv7btk00l/providers/Microsoft.Authorization/roleAssignments/4937068e-f244-0c42-8a64-7d1597d0e85a",
            "name": "4937068e-f244-0c42-8a64-7d1597d0e85a",
            "principal_id": "cf52e370-8c4f-4413-9e87-bfce1e76bfbf",
            "principal_type": "ServicePrincipal",
            "role_definition_id": "/subscriptions/7d62b4e4-e187-41ba-a266-036a7164f434/providers/Microsoft.Authorization/roleDefinitions/7f951dda-4ed3-4680-a7ca-43fe172d538d",
            "role_definition_name": "AcrPull",
            "scope": "/subscriptions/7d62b4e4-e187-41ba-a266-036a7164f434/resourceGroups/RG-Personal-Blog/providers/Microsoft.ContainerRegistry/registries/acrpersonalblog1buxv7btk00l",
            "skip_service_principal_aad_check": null,
            "timeouts": null
          },
          "sensitive_attributes": [],
          "private": "eyJlMmJmYjczMC1lY2FhLTExZTYtOGY4OC0zNDM2M2JjN2M0YzAiOnsiY3JlYXRlIjoxODAwMDAwMDAwMDAwLCJkZWxldGUiOjE4MDAwMDAwMDAwMDAsInJlYWQiOjMwMDAwMDAwMDAwMH19",
          "dependencies": [
            "module.aks.azurerm_container_registry.acr",
            "module.aks.azurerm_kubernetes_cluster.aks",
            "module.aks.random_string.prefix",
            "module.app_gateway.azurerm_application_gateway.app_gateway",
            "module.app_gateway.azurerm_public_ip.public_ip",
            "module.resource_group.azurerm_resource_group.resource_group",
            "module.vnet.azurerm_network_security_group.network_security_group",
            "module.vnet.azurerm_virtual_network.virtual_network"
          ]
        }
      ]
    },
    {
      "module": "module.aks",
      "mode": "managed",
      "type": "azurerm_role_assignment",
      "name": "aks_to_appgw_rg",
      "provider": "provider[\"registry.terraform.io/hashicorp/azurerm\"]",
      "instances": [
        {
          "schema_version": 0,
          "attributes": {
            "condition": "",
            "condition_version": "",
            "delegated_managed_identity_resource_id": "",
            "description": "",
            "id": "/subscriptions/7d62b4e4-e187-41ba-a266-036a7164f434/resourceGroups/RG-Personal-Blog/providers/Microsoft.Network/applicationGateways/app-gateway-personal-blog/providers/Microsoft.Authorization/roleAssignments/5039a616-15a4-1620-1bf6-742afbc642d8",
            "name": "5039a616-15a4-1620-1bf6-742afbc642d8",
            "principal_id": "2b01e745-f2bb-489f-9d63-d6b26e97a3d1",
            "principal_type": "ServicePrincipal",
            "role_definition_id": "/subscriptions/7d62b4e4-e187-41ba-a266-036a7164f434/providers/Microsoft.Authorization/roleDefinitions/b24988ac-6180-42a0-ab88-20f7382dd24c",
            "role_definition_name": "Contributor",
            "scope": "/subscriptions/7d62b4e4-e187-41ba-a266-036a7164f434/resourceGroups/RG-Personal-Blog/providers/Microsoft.Network/applicationGateways/app-gateway-personal-blog",
            "skip_service_principal_aad_check": null,
            "timeouts": null
          },
          "sensitive_attributes": [],
          "private": "eyJlMmJmYjczMC1lY2FhLTExZTYtOGY4OC0zNDM2M2JjN2M0YzAiOnsiY3JlYXRlIjoxODAwMDAwMDAwMDAwLCJkZWxldGUiOjE4MDAwMDAwMDAwMDAsInJlYWQiOjMwMDAwMDAwMDAwMH19",
          "dependencies": [
            "module.aks.azurerm_kubernetes_cluster.aks",
            "module.app_gateway.azurerm_application_gateway.app_gateway",
            "module.app_gateway.azurerm_public_ip.public_ip",
            "module.resource_group.azurerm_resource_group.resource_group",
            "module.vnet.azurerm_network_security_group.network_security_group",
            "module.vnet.azurerm_virtual_network.virtual_network"
          ]
        }
      ]
    },
    {
      "module": "module.aks",
      "mode": "managed",
      "type": "azurerm_role_assignment",
      "name": "aks_to_appgwp",
      "provider": "provider[\"registry.terraform.io/hashicorp/azurerm\"]",
      "instances": [
        {
          "schema_version": 0,
          "attributes": {
            "condition": "",
            "condition_version": "",
            "delegated_managed_identity_resource_id": "",
            "description": "",
            "id": "/subscriptions/7d62b4e4-e187-41ba-a266-036a7164f434/resourceGroups/RG-Personal-Blog/providers/Microsoft.Network/applicationGateways/app-gateway-personal-blog/providers/Microsoft.Authorization/roleAssignments/6c6988db-c4f2-b0fb-80d0-929e565e486a",
            "name": "6c6988db-c4f2-b0fb-80d0-929e565e486a",
            "principal_id": "2b01e745-f2bb-489f-9d63-d6b26e97a3d1",
            "principal_type": "ServicePrincipal",
            "role_definition_id": "/subscriptions/7d62b4e4-e187-41ba-a266-036a7164f434/providers/Microsoft.Authorization/roleDefinitions/acdd72a7-3385-48ef-bd42-f606fba81ae7",
            "role_definition_name": "Reader",
            "scope": "/subscriptions/7d62b4e4-e187-41ba-a266-036a7164f434/resourceGroups/RG-Personal-Blog/providers/Microsoft.Network/applicationGateways/app-gateway-personal-blog",
            "skip_service_principal_aad_check": null,
            "timeouts": null
          },
          "sensitive_attributes": [],
          "private": "eyJlMmJmYjczMC1lY2FhLTExZTYtOGY4OC0zNDM2M2JjN2M0YzAiOnsiY3JlYXRlIjoxODAwMDAwMDAwMDAwLCJkZWxldGUiOjE4MDAwMDAwMDAwMDAsInJlYWQiOjMwMDAwMDAwMDAwMH19",
          "dependencies": [
            "module.aks.azurerm_kubernetes_cluster.aks",
            "module.app_gateway.azurerm_application_gateway.app_gateway",
            "module.app_gateway.azurerm_public_ip.public_ip",
            "module.resource_group.azurerm_resource_group.resource_group",
            "module.vnet.azurerm_network_security_group.network_security_group",
            "module.vnet.azurerm_virtual_network.virtual_network"
          ]
        }
      ]
    },
    {
      "module": "module.aks",
      "mode": "managed",
      "type": "azurerm_role_assignment",
      "name": "aks_to_appgwp_subnet",
      "provider": "provider[\"registry.terraform.io/hashicorp/azurerm\"]",
      "instances": [
        {
          "schema_version": 0,
          "attributes": {
            "condition": "",
            "condition_version": "",
            "delegated_managed_identity_resource_id": "",
            "description": "",
            "id": "/subscriptions/7d62b4e4-e187-41ba-a266-036a7164f434/resourceGroups/RG-Personal-Blog/providers/Microsoft.Network/virtualNetworks/vnet-personal-blog/subnets/personal-blog-appgateway/providers/Microsoft.Authorization/roleAssignments/dfb94a2f-878a-ad45-1436-da132e1ca5ff",
            "name": "dfb94a2f-878a-ad45-1436-da132e1ca5ff",
            "principal_id": "2b01e745-f2bb-489f-9d63-d6b26e97a3d1",
            "principal_type": "ServicePrincipal",
            "role_definition_id": "/subscriptions/7d62b4e4-e187-41ba-a266-036a7164f434/providers/Microsoft.Authorization/roleDefinitions/4d97b98b-1d4f-4787-a291-c67834d212e7",
            "role_definition_name": "Network Contributor",
            "scope": "/subscriptions/7d62b4e4-e187-41ba-a266-036a7164f434/resourceGroups/RG-Personal-Blog/providers/Microsoft.Network/virtualNetworks/vnet-personal-blog/subnets/personal-blog-appgateway",
            "skip_service_principal_aad_check": null,
            "timeouts": null
          },
          "sensitive_attributes": [],
          "private": "eyJlMmJmYjczMC1lY2FhLTExZTYtOGY4OC0zNDM2M2JjN2M0YzAiOnsiY3JlYXRlIjoxODAwMDAwMDAwMDAwLCJkZWxldGUiOjE4MDAwMDAwMDAwMDAsInJlYWQiOjMwMDAwMDAwMDAwMH19",
          "dependencies": [
            "module.aks.azurerm_kubernetes_cluster.aks",
            "module.app_gateway.azurerm_application_gateway.app_gateway",
            "module.app_gateway.azurerm_public_ip.public_ip",
            "module.resource_group.azurerm_resource_group.resource_group",
            "module.vnet.azurerm_network_security_group.network_security_group",
            "module.vnet.azurerm_virtual_network.virtual_network"
          ]
        }
      ]
    },
    {
      "module": "module.aks",
      "mode": "managed",
      "type": "random_string",
      "name": "prefix",
      "provider": "provider[\"registry.terraform.io/hashicorp/random\"]",
      "instances": [
        {
          "schema_version": 2,
          "attributes": {
            "id": "1buxv7btk00l",
            "keepers": null,
            "length": 12,
            "lower": true,
            "min_lower": 0,
            "min_numeric": 0,
            "min_special": 0,
            "min_upper": 0,
            "number": true,
            "numeric": true,
            "override_special": null,
            "result": "1buxv7btk00l",
            "special": false,
            "upper": false
          },
          "sensitive_attributes": [],
          "dependencies": [
            "module.resource_group.azurerm_resource_group.resource_group"
          ]
        }
      ]
    },
    {
      "module": "module.app_gateway",
      "mode": "managed",
      "type": "azurerm_application_gateway",
      "name": "app_gateway",
      "provider": "provider[\"registry.terraform.io/hashicorp/azurerm\"]",
      "instances": [
        {
          "schema_version": 0,
          "attributes": {
            "authentication_certificate": [],
            "autoscale_configuration": [],
            "backend_address_pool": [
              {
                "fqdns": [],
                "id": "/subscriptions/7d62b4e4-e187-41ba-a266-036a7164f434/resourceGroups/RG-Personal-Blog/providers/Microsoft.Network/applicationGateways/app-gateway-personal-blog/backendAddressPools/app-gateway-personal-blog-beap",
                "ip_addresses": [],
                "name": "app-gateway-personal-blog-beap"
              }
            ],
            "backend_http_settings": [
              {
                "affinity_cookie_name": "ApplicationGatewayAffinity",
                "authentication_certificate": [],
                "connection_draining": [],
                "cookie_based_affinity": "Disabled",
                "host_name": "",
                "id": "/subscriptions/7d62b4e4-e187-41ba-a266-036a7164f434/resourceGroups/RG-Personal-Blog/providers/Microsoft.Network/applicationGateways/app-gateway-personal-blog/backendHttpSettingsCollection/app-gateway-personal-blog-be-htst",
                "name": "app-gateway-personal-blog-be-htst",
                "path": "/path1/",
                "pick_host_name_from_backend_address": false,
                "port": 80,
                "probe_id": "",
                "probe_name": "",
                "protocol": "Http",
                "request_timeout": 60,
                "trusted_root_certificate_names": []
              }
            ],
            "custom_error_configuration": [],
            "enable_http2": false,
            "fips_enabled": false,
            "firewall_policy_id": "",
            "force_firewall_policy_association": false,
            "frontend_ip_configuration": [
              {
                "id": "/subscriptions/7d62b4e4-e187-41ba-a266-036a7164f434/resourceGroups/RG-Personal-Blog/providers/Microsoft.Network/applicationGateways/app-gateway-personal-blog/frontendIPConfigurations/app-gateway-personal-blog-feip",
                "name": "app-gateway-personal-blog-feip",
                "private_ip_address": "",
                "private_ip_address_allocation": "Dynamic",
                "private_link_configuration_id": "",
                "private_link_configuration_name": "",
                "public_ip_address_id": "/subscriptions/7d62b4e4-e187-41ba-a266-036a7164f434/resourceGroups/RG-Personal-Blog/providers/Microsoft.Network/publicIPAddresses/pub-ip-personal-blog",
                "subnet_id": ""
              }
            ],
            "frontend_port": [
              {
                "id": "/subscriptions/7d62b4e4-e187-41ba-a266-036a7164f434/resourceGroups/RG-Personal-Blog/providers/Microsoft.Network/applicationGateways/app-gateway-personal-blog/frontendPorts/app-gateway-personal-blog-feport",
                "name": "app-gateway-personal-blog-feport",
                "port": 80
              }
            ],
            "gateway_ip_configuration": [
              {
                "id": "/subscriptions/7d62b4e4-e187-41ba-a266-036a7164f434/resourceGroups/RG-Personal-Blog/providers/Microsoft.Network/applicationGateways/app-gateway-personal-blog/gatewayIPConfigurations/gateway-ip-config",
                "name": "gateway-ip-config",
                "subnet_id": "/subscriptions/7d62b4e4-e187-41ba-a266-036a7164f434/resourceGroups/RG-Personal-Blog/providers/Microsoft.Network/virtualNetworks/vnet-personal-blog/subnets/personal-blog-appgateway"
              }
            ],
            "global": [],
            "http_listener": [
              {
                "custom_error_configuration": [],
                "firewall_policy_id": "",
                "frontend_ip_configuration_id": "/subscriptions/7d62b4e4-e187-41ba-a266-036a7164f434/resourceGroups/RG-Personal-Blog/providers/Microsoft.Network/applicationGateways/app-gateway-personal-blog/frontendIPConfigurations/app-gateway-personal-blog-feip",
                "frontend_ip_configuration_name": "app-gateway-personal-blog-feip",
                "frontend_port_id": "/subscriptions/7d62b4e4-e187-41ba-a266-036a7164f434/resourceGroups/RG-Personal-Blog/providers/Microsoft.Network/applicationGateways/app-gateway-personal-blog/frontendPorts/app-gateway-personal-blog-feport",
                "frontend_port_name": "app-gateway-personal-blog-feport",
                "host_name": "",
                "host_names": [],
                "id": "/subscriptions/7d62b4e4-e187-41ba-a266-036a7164f434/resourceGroups/RG-Personal-Blog/providers/Microsoft.Network/applicationGateways/app-gateway-personal-blog/httpListeners/app-gateway-personal-blog-httplstn",
                "name": "app-gateway-personal-blog-httplstn",
                "protocol": "Http",
                "require_sni": false,
                "ssl_certificate_id": "",
                "ssl_certificate_name": "",
                "ssl_profile_id": "",
                "ssl_profile_name": ""
              }
            ],
            "id": "/subscriptions/7d62b4e4-e187-41ba-a266-036a7164f434/resourceGroups/RG-Personal-Blog/providers/Microsoft.Network/applicationGateways/app-gateway-personal-blog",
            "identity": [],
            "location": "northeurope",
            "name": "app-gateway-personal-blog",
            "private_endpoint_connection": [],
            "private_link_configuration": [],
            "probe": [],
            "redirect_configuration": [],
            "request_routing_rule": [
              {
                "backend_address_pool_id": "/subscriptions/7d62b4e4-e187-41ba-a266-036a7164f434/resourceGroups/RG-Personal-Blog/providers/Microsoft.Network/applicationGateways/app-gateway-personal-blog/backendAddressPools/app-gateway-personal-blog-beap",
                "backend_address_pool_name": "app-gateway-personal-blog-beap",
                "backend_http_settings_id": "/subscriptions/7d62b4e4-e187-41ba-a266-036a7164f434/resourceGroups/RG-Personal-Blog/providers/Microsoft.Network/applicationGateways/app-gateway-personal-blog/backendHttpSettingsCollection/app-gateway-personal-blog-be-htst",
                "backend_http_settings_name": "app-gateway-personal-blog-be-htst",
                "http_listener_id": "/subscriptions/7d62b4e4-e187-41ba-a266-036a7164f434/resourceGroups/RG-Personal-Blog/providers/Microsoft.Network/applicationGateways/app-gateway-personal-blog/httpListeners/app-gateway-personal-blog-httplstn",
                "http_listener_name": "app-gateway-personal-blog-httplstn",
                "id": "/subscriptions/7d62b4e4-e187-41ba-a266-036a7164f434/resourceGroups/RG-Personal-Blog/providers/Microsoft.Network/applicationGateways/app-gateway-personal-blog/requestRoutingRules/app-gateway-personal-blog-rqrt",
                "name": "app-gateway-personal-blog-rqrt",
                "priority": 9,
                "redirect_configuration_id": "",
                "redirect_configuration_name": "",
                "rewrite_rule_set_id": "",
                "rewrite_rule_set_name": "",
                "rule_type": "Basic",
                "url_path_map_id": "",
                "url_path_map_name": ""
              }
            ],
            "resource_group_name": "RG-Personal-Blog",
            "rewrite_rule_set": [],
            "sku": [
              {
                "capacity": 2,
                "name": "Standard_v2",
                "tier": "Standard_v2"
              }
            ],
            "ssl_certificate": [],
            "ssl_policy": [
              {
                "cipher_suites": [],
                "disabled_protocols": [],
                "min_protocol_version": "",
                "policy_name": "AppGwSslPolicy20150501",
                "policy_type": "Predefined"
              }
            ],
            "ssl_profile": [],
            "tags": {},
            "timeouts": null,
            "trusted_client_certificate": [],
            "trusted_root_certificate": [],
            "url_path_map": [],
            "waf_configuration": [],
            "zones": []
          },
          "sensitive_attributes": [],
          "private": "eyJlMmJmYjczMC1lY2FhLTExZTYtOGY4OC0zNDM2M2JjN2M0YzAiOnsiY3JlYXRlIjo1NDAwMDAwMDAwMDAwLCJkZWxldGUiOjU0MDAwMDAwMDAwMDAsInJlYWQiOjMwMDAwMDAwMDAwMCwidXBkYXRlIjo1NDAwMDAwMDAwMDAwfX0=",
          "dependencies": [
            "module.app_gateway.azurerm_public_ip.public_ip",
            "module.resource_group.azurerm_resource_group.resource_group",
            "module.vnet.azurerm_network_security_group.network_security_group",
            "module.vnet.azurerm_virtual_network.virtual_network"
          ]
        }
      ]
    },
    {
      "module": "module.app_gateway",
      "mode": "managed",
      "type": "azurerm_public_ip",
      "name": "public_ip",
      "provider": "provider[\"registry.terraform.io/hashicorp/azurerm\"]",
      "instances": [
        {
          "schema_version": 0,
          "attributes": {
            "allocation_method": "Static",
            "ddos_protection_mode": "VirtualNetworkInherited",
            "ddos_protection_plan_id": null,
            "domain_name_label": null,
            "edge_zone": "",
            "fqdn": null,
            "id": "/subscriptions/7d62b4e4-e187-41ba-a266-036a7164f434/resourceGroups/RG-Personal-Blog/providers/Microsoft.Network/publicIPAddresses/pub-ip-personal-blog",
            "idle_timeout_in_minutes": 4,
            "ip_address": "52.138.142.117",
            "ip_tags": {},
            "ip_version": "IPv4",
            "location": "northeurope",
            "name": "pub-ip-personal-blog",
            "public_ip_prefix_id": null,
            "resource_group_name": "RG-Personal-Blog",
            "reverse_fqdn": null,
            "sku": "Standard",
            "sku_tier": "Regional",
            "tags": {},
            "timeouts": null,
            "zones": []
          },
          "sensitive_attributes": [],
          "private": "eyJlMmJmYjczMC1lY2FhLTExZTYtOGY4OC0zNDM2M2JjN2M0YzAiOnsiY3JlYXRlIjoxODAwMDAwMDAwMDAwLCJkZWxldGUiOjE4MDAwMDAwMDAwMDAsInJlYWQiOjMwMDAwMDAwMDAwMCwidXBkYXRlIjoxODAwMDAwMDAwMDAwfX0=",
          "dependencies": [
            "module.resource_group.azurerm_resource_group.resource_group"
          ]
        }
      ]
    },
    {
      "module": "module.resource_group",
      "mode": "managed",
      "type": "azurerm_resource_group",
      "name": "resource_group",
      "provider": "provider[\"registry.terraform.io/hashicorp/azurerm\"]",
      "instances": [
        {
          "schema_version": 0,
          "attributes": {
            "id": "/subscriptions/7d62b4e4-e187-41ba-a266-036a7164f434/resourceGroups/RG-Personal-Blog",
            "location": "northeurope",
            "managed_by": "",
            "name": "RG-Personal-Blog",
            "tags": {},
            "timeouts": null
          },
          "sensitive_attributes": [],
          "private": "eyJlMmJmYjczMC1lY2FhLTExZTYtOGY4OC0zNDM2M2JjN2M0YzAiOnsiY3JlYXRlIjo1NDAwMDAwMDAwMDAwLCJkZWxldGUiOjU0MDAwMDAwMDAwMDAsInJlYWQiOjMwMDAwMDAwMDAwMCwidXBkYXRlIjo1NDAwMDAwMDAwMDAwfX0="
        }
      ]
    },
    {
      "module": "module.vnet",
      "mode": "managed",
      "type": "azurerm_network_security_group",
      "name": "network_security_group",
      "provider": "provider[\"registry.terraform.io/hashicorp/azurerm\"]",
      "instances": [
        {
          "schema_version": 0,
          "attributes": {
            "id": "/subscriptions/7d62b4e4-e187-41ba-a266-036a7164f434/resourceGroups/RG-Personal-Blog/providers/Microsoft.Network/networkSecurityGroups/nsg-personal-blog",
            "location": "northeurope",
            "name": "nsg-personal-blog",
            "resource_group_name": "RG-Personal-Blog",
            "security_rule": [
              {
                "access": "Allow",
                "description": "",
                "destination_address_prefix": "*",
                "destination_address_prefixes": [],
                "destination_application_security_group_ids": [],
                "destination_port_range": "65200-65535",
                "destination_port_ranges": [],
                "direction": "Inbound",
                "name": "Port_100",
                "priority": 100,
                "protocol": "*",
                "source_address_prefix": "*",
                "source_address_prefixes": [],
                "source_application_security_group_ids": [],
                "source_port_range": "*",
                "source_port_ranges": []
              }
            ],
            "tags": {},
            "timeouts": null
          },
          "sensitive_attributes": [],
          "private": "eyJlMmJmYjczMC1lY2FhLTExZTYtOGY4OC0zNDM2M2JjN2M0YzAiOnsiY3JlYXRlIjoxODAwMDAwMDAwMDAwLCJkZWxldGUiOjE4MDAwMDAwMDAwMDAsInJlYWQiOjMwMDAwMDAwMDAwMCwidXBkYXRlIjoxODAwMDAwMDAwMDAwfX0=",
          "dependencies": [
            "module.resource_group.azurerm_resource_group.resource_group"
          ]
        }
      ]
    },
    {
      "module": "module.vnet",
      "mode": "managed",
      "type": "azurerm_virtual_network",
      "name": "virtual_network",
      "provider": "provider[\"registry.terraform.io/hashicorp/azurerm\"]",
      "instances": [
        {
          "schema_version": 0,
          "attributes": {
            "address_space": [
              "10.10.0.0/16"
            ],
            "bgp_community": "",
            "ddos_protection_plan": [],
            "dns_servers": [],
            "edge_zone": "",
            "encryption": [],
            "flow_timeout_in_minutes": 0,
            "guid": "70d17402-6abb-48ac-bfe3-450472087ea1",
            "id": "/subscriptions/7d62b4e4-e187-41ba-a266-036a7164f434/resourceGroups/RG-Personal-Blog/providers/Microsoft.Network/virtualNetworks/vnet-personal-blog",
            "location": "northeurope",
            "name": "vnet-personal-blog",
            "resource_group_name": "RG-Personal-Blog",
            "subnet": [
              {
                "address_prefix": "10.10.1.0/24",
                "id": "/subscriptions/7d62b4e4-e187-41ba-a266-036a7164f434/resourceGroups/RG-Personal-Blog/providers/Microsoft.Network/virtualNetworks/vnet-personal-blog/subnets/personal-blog-k8s",
                "name": "personal-blog-k8s",
                "security_group": "/subscriptions/7d62b4e4-e187-41ba-a266-036a7164f434/resourceGroups/RG-Personal-Blog/providers/Microsoft.Network/networkSecurityGroups/nsg-personal-blog"
              },
              {
                "address_prefix": "10.10.2.0/24",
                "id": "/subscriptions/7d62b4e4-e187-41ba-a266-036a7164f434/resourceGroups/RG-Personal-Blog/providers/Microsoft.Network/virtualNetworks/vnet-personal-blog/subnets/personal-blog-appgateway",
                "name": "personal-blog-appgateway",
                "security_group": "/subscriptions/7d62b4e4-e187-41ba-a266-036a7164f434/resourceGroups/RG-Personal-Blog/providers/Microsoft.Network/networkSecurityGroups/nsg-personal-blog"
              }
            ],
            "tags": {},
            "timeouts": null
          },
          "sensitive_attributes": [],
          "private": "eyJlMmJmYjczMC1lY2FhLTExZTYtOGY4OC0zNDM2M2JjN2M0YzAiOnsiY3JlYXRlIjoxODAwMDAwMDAwMDAwLCJkZWxldGUiOjE4MDAwMDAwMDAwMDAsInJlYWQiOjMwMDAwMDAwMDAwMCwidXBkYXRlIjoxODAwMDAwMDAwMDAwfX0=",
          "dependencies": [
            "module.resource_group.azurerm_resource_group.resource_group",
            "module.vnet.azurerm_network_security_group.network_security_group"
          ]
        }
      ]
    }
  ],
  "check_results": null
}
