{
  "version": 4,
  "terraform_version": "1.7.4",
  "serial": 30,
  "lineage": "fe694352-161f-5a04-a6ee-dcb31c7f38c2",
  "outputs": {},
  "resources": [
    {
      "module": "module.aks",
      "mode": "managed",
      "type": "azurerm_container_registry",
      "name": "acr",
      "provider": "provider[\"registry.terraform.io/hashicorp/azurerm\"]",
      "instances": [
        {
          "schema_version": 2,
          "attributes": {
            "admin_enabled": false,
            "admin_password": "",
            "admin_username": "",
            "anonymous_pull_enabled": false,
            "data_endpoint_enabled": false,
            "encryption": [
              {
                "enabled": false,
                "identity_client_id": "",
                "key_vault_key_id": ""
              }
            ],
            "export_policy_enabled": true,
            "georeplications": [],
            "id": "/subscriptions/7d62b4e4-e187-41ba-a266-036a7164f434/resourceGroups/RG-Personal-Blog/providers/Microsoft.ContainerRegistry/registries/acrpersonalblogn5mk00a7jjbb",
            "identity": [],
            "location": "northeurope",
            "login_server": "acrpersonalblogn5mk00a7jjbb.azurecr.io",
            "name": "acrpersonalblogn5mk00a7jjbb",
            "network_rule_bypass_option": "AzureServices",
            "network_rule_set": [],
            "public_network_access_enabled": true,
            "quarantine_policy_enabled": false,
            "resource_group_name": "RG-Personal-Blog",
            "retention_policy": [
              {
                "days": 7,
                "enabled": false
              }
            ],
            "sku": "Basic",
            "tags": null,
            "timeouts": null,
            "trust_policy": [
              {
                "enabled": false
              }
            ],
            "zone_redundancy_enabled": false
          },
          "sensitive_attributes": [],
          "private": "eyJlMmJmYjczMC1lY2FhLTExZTYtOGY4OC0zNDM2M2JjN2M0YzAiOnsiY3JlYXRlIjoxODAwMDAwMDAwMDAwLCJkZWxldGUiOjE4MDAwMDAwMDAwMDAsInJlYWQiOjMwMDAwMDAwMDAwMCwidXBkYXRlIjoxODAwMDAwMDAwMDAwfSwic2NoZW1hX3ZlcnNpb24iOiIyIn0=",
          "dependencies": [
            "module.aks.random_string.prefix",
            "module.resource_group.azurerm_resource_group.resource_group"
          ]
        }
      ]
    },
    {
      "module": "module.aks",
      "mode": "managed",
      "type": "azurerm_kubernetes_cluster",
      "name": "aks",
      "provider": "provider[\"registry.terraform.io/hashicorp/azurerm\"]",
      "instances": [
        {
          "schema_version": 2,
          "attributes": {
            "aci_connector_linux": [],
            "api_server_access_profile": [],
            "api_server_authorized_ip_ranges": [],
            "auto_scaler_profile": [],
            "automatic_channel_upgrade": "",
            "azure_active_directory_role_based_access_control": [],
            "azure_policy_enabled": false,
            "confidential_computing": [],
            "custom_ca_trust_certificates_base64": null,
            "default_node_pool": [
              {
                "capacity_reservation_group_id": "",
                "custom_ca_trust_enabled": false,
                "enable_auto_scaling": false,
                "enable_host_encryption": false,
                "enable_node_public_ip": false,
                "fips_enabled": false,
                "gpu_instance": "",
                "host_group_id": "",
                "kubelet_config": [],
                "kubelet_disk_type": "OS",
                "linux_os_config": [],
                "max_count": 0,
                "max_pods": 110,
                "message_of_the_day": "",
                "min_count": 0,
                "name": "default",
                "node_count": 1,
                "node_labels": {},
                "node_network_profile": [],
                "node_public_ip_prefix_id": "",
                "node_taints": null,
                "only_critical_addons_enabled": false,
                "orchestrator_version": "1.27.9",
                "os_disk_size_gb": 128,
                "os_disk_type": "Managed",
                "os_sku": "Ubuntu",
                "pod_subnet_id": "",
                "proximity_placement_group_id": "",
                "scale_down_mode": "Delete",
                "snapshot_id": "",
                "tags": null,
                "temporary_name_for_rotation": "",
                "type": "VirtualMachineScaleSets",
                "ultra_ssd_enabled": false,
                "upgrade_settings": [],
                "vm_size": "Standard_D2_v2",
                "vnet_subnet_id": "/subscriptions/7d62b4e4-e187-41ba-a266-036a7164f434/resourceGroups/RG-Personal-Blog/providers/Microsoft.Network/virtualNetworks/vnet-personal-blog/subnets/personal-blog-k8s",
                "workload_runtime": "",
                "zones": null
              }
            ],
            "disk_encryption_set_id": "",
            "dns_prefix": "personal-blog-k8s",
            "dns_prefix_private_cluster": "",
            "edge_zone": "",
            "enable_pod_security_policy": false,
            "fqdn": "personal-blog-k8s-offw1ipx.hcp.northeurope.azmk8s.io",
            "http_application_routing_enabled": true,
            "http_application_routing_zone_name": "cc60eaafa4834acea449.northeurope.aksapp.io",
            "http_proxy_config": [],
            "id": "/subscriptions/7d62b4e4-e187-41ba-a266-036a7164f434/resourceGroups/RG-Personal-Blog/providers/Microsoft.ContainerService/managedClusters/aks-personal-blog",
            "identity": [
              {
                "identity_ids": null,
                "principal_id": "29fb081a-a1ea-436e-8c8d-b428a0ec3cd3",
                "tenant_id": "1c38e6cd-3bec-4a0f-a45a-1e2df6eabcfe",
                "type": "SystemAssigned"
              }
            ],
            "image_cleaner_enabled": false,
            "image_cleaner_interval_hours": 48,
            "ingress_application_gateway": [
              {
                "effective_gateway_id": "/subscriptions/7d62b4e4-e187-41ba-a266-036a7164f434/resourceGroups/RG-Personal-Blog/providers/Microsoft.Network/applicationGateways/app-gateway-personal-blog",
                "gateway_id": "/subscriptions/7d62b4e4-e187-41ba-a266-036a7164f434/resourceGroups/RG-Personal-Blog/providers/Microsoft.Network/applicationGateways/app-gateway-personal-blog",
                "gateway_name": "",
                "ingress_application_gateway_identity": [
                  {
                    "client_id": "649f2a2f-c0c2-44a3-a592-2584111b1b18",
                    "object_id": "6f48b8ae-0c7d-40c1-b3b3-a4071920f142",
                    "user_assigned_identity_id": "/subscriptions/7d62b4e4-e187-41ba-a266-036a7164f434/resourcegroups/RG-Personal-Blog-AKS-Backend/providers/Microsoft.ManagedIdentity/userAssignedIdentities/ingressapplicationgateway-aks-personal-blog"
                  }
                ],
                "subnet_cidr": "",
                "subnet_id": ""
              }
            ],
            "key_management_service": [],
            "key_vault_secrets_provider": [],
            "kube_admin_config": [],
            "kube_admin_config_raw": "",
            "kube_config": [
              {
                "client_certificate": "LS0tLS1CRUdJTiBDRVJUSUZJQ0FURS0tLS0tCk1JSUZIVENDQXdXZ0F3SUJBZ0lRUFNYWWNGZ3QrTWlJaVVWRkozcFZuekFOQmdrcWhraUc5dzBCQVFzRkFEQU4KTVFzd0NRWURWUVFERXdKallUQWVGdzB5TkRBeU1qa3hPVEUzTVRoYUZ3MHlOakF6TURFeE9USTNNVGhhTURBeApGekFWQmdOVkJBb1REbk41YzNSbGJUcHRZWE4wWlhKek1SVXdFd1lEVlFRREV3eHRZWE4wWlhKamJHbGxiblF3CmdnSWlNQTBHQ1NxR1NJYjNEUUVCQVFVQUE0SUNEd0F3Z2dJS0FvSUNBUURSRmRIZEx5bmUvTU9ZcGEvL2pPdnIKN3ZQK1JLTDFQN0xXd2RLWkZhb2ZpeFNkb2hCRGdidHgyc1RWZ0lwamtzQ0xsU2RuQUVmbEdnSUhUQjFFZjFQQQovRlowd2xEZ25SV2lDV0FTc3JRN2YwamZTbW4wK2ZkSUZWYm5iNTJQaG4rMUw4UU1DM2lyYkdKam5aZ2tpUzlxCmtQeDkwb3dZdWhBMmlES0ZkSmFNYTJGNDJhU0JvTjRrL1d5Tzc2cGlsQm10VDdQTzlvWHpCSGFGRUtlUUtvN2YKaEd0WXhTZTNmZTgyd2RvRUFSVHVRekdyd1lybzJybzU3L3V6cGhlV0N5bE51d1BPK1o3RlV1ZXdQaVNwUGpWOQpERGNrM0NseU1BeGZlemVYS3NFUHp4NHYvTUdpUFZPajJ5dGZxUUNrTWFFMXcyd3ExZWlUMHFKUUVnTE5KN1VoCkJlRnRqejh4akgwUU1UbzRrbmJKcXRHV0dKRjFuZUZ3aXRiZVZrdWVDa3JZckl0d3IyWk5iVVYzdkdpNHl2WkwKTnNNelNMUW1ZcENVMWRvTlRXcHRpbnEyd3liNFdSSEY4OUE3WmVzSHFUWVVvZzQzOWRuR245SmUwZWF0MUVlcwpISVZoT0FGdWhKOXZ1akNobjdjc0hwODhCRXJsenVJRThHTjNhVjJCa2FhekkweWN3ckxBZDJtUUdkWWp4ZWxyCkVXamE4cllrdWw2cEJCVmtVVkJBMERMVndacU9MZzVVbzBDclBWZXZrZGR4eUZRS05pdEpWbUdkOEVnRkVFWkUKNGdEUm1HZjNOOGV3ZjJvU3h1RHgwRVAvcFpBVyt6NlEzbStCd1ZFa3lFcjBKSDI5bWlqS3I1Y2ZDZnpCZGZJWQpkK1ZDbml1b01EMG90b0V0QmdIR1B3SURBUUFCbzFZd1ZEQU9CZ05WSFE4QkFmOEVCQU1DQmFBd0V3WURWUjBsCkJBd3dDZ1lJS3dZQkJRVUhBd0l3REFZRFZSMFRBUUgvQkFJd0FEQWZCZ05WSFNNRUdEQVdnQlFkS0tLZFpkVWYKYzA0aUY4N1pkQmY3UGpNejZ6QU5CZ2txaGtpRzl3MEJBUXNGQUFPQ0FnRUFOTm1VSENiNWhueEhQdU9ocExuWApmbCtSZFVqWXJMM1EwWG5FVjFNdTVtVVUwTVNuZ2dWak9NRzN4R29xalk4WVBFenl3ZitrS0RWQmNoTkh3OXJqCkpPdW1vSlZQNSs3N01RV3lYWVlyMFFxa3NxK3RzRmozcGJvYUlBNk9QQ08zTmxUM3VsNkhHdGJ6M0d3dVpvY1cKU3BFWk0rYTh3N01ZOVE4TitYUXVEbjJzcVJxay93TXR2bWZ5d0F1SkM4aWZ4MmVYZDRaOFFxSFJaV1VqTzBiWQoyenBkVis5UnNYTTVrUkpab3BzMTd6VGx4SEFTR053K1BZcTJLbG9mWjZJOEtQb1BKRFVTb1FpMEpGMFBDdUJ5Cjd4RE93dXB0Y1N4aUxRVnJmWjg4SG5uYVNMNGRleXE2dWtaOWVJa25JZ2Vwa0doRjFLNlRieEZUYmRXdUJVWVoKK1N3bXVWdTV5VklWVVR1V1BJQk1HM1QrRHhtQWhBdUtHMEVGR1VWRlgvalFyTWhhaHR1TmFxcy94bTl6cHBaaApuK1Nraks0Z0Q2dW9zdDJmZmRxYVo3ZG9GOTRPYkJaOFI5ejhGUGM3em8yeHdQdU45d3I3WGptNE1uWFVCKyt2CkxYajM0NHNvd0hHTCthMjIreEtKKzd5eFRvYkYrRHhiSWlVbjMzWnpzR1lwQzJtT0VDcm1MUUp3bnNPZ0pRYjkKcHBKbmxNMzVoOWd3V3pQdkI5NEJGcWxIeEw5bHIweXNLdlpJZ0szK1JTUWxmN0x5MVVtWXlOdTZWM0pHdk1lOQptdFZrUHRGaEhWTnlFaGsyUDRtbW9mdGVaUCtybHZrZXFGVWFtWTg0RXhVSGtBT2l5dTBVWnpSTG1wWndJc2s5CnhZK3pYazhOOFd6dW0rMWM0OExCT0VNPQotLS0tLUVORCBDRVJUSUZJQ0FURS0tLS0tCg==",
                "client_key": "LS0tLS1CRUdJTiBSU0EgUFJJVkFURSBLRVktLS0tLQpNSUlKS1FJQkFBS0NBZ0VBMFJYUjNTOHAzdnpEbUtXdi80enI2Kzd6L2tTaTlUK3kxc0hTbVJXcUg0c1VuYUlRClE0RzdjZHJFMVlDS1k1TEFpNVVuWndCSDVSb0NCMHdkUkg5VHdQeFdkTUpRNEowVm9nbGdFckswTzM5STMwcHAKOVBuM1NCVlc1MitkajRaL3RTL0VEQXQ0cTJ4aVk1MllKSWt2YXBEOGZkS01HTG9RTm9neWhYU1dqR3RoZU5tawpnYURlSlAxc2p1K3FZcFFaclUrenp2YUY4d1IyaFJDbmtDcU8zNFJyV01VbnQzM3ZOc0hhQkFFVTdrTXhxOEdLCjZOcTZPZS83czZZWGxnc3BUYnNEenZtZXhWTG5zRDRrcVQ0MWZRdzNKTndwY2pBTVgzczNseXJCRDg4ZUwvekIKb2oxVG85c3JYNmtBcERHaE5jTnNLdFhvazlLaVVCSUN6U2UxSVFYaGJZOC9NWXg5RURFNk9KSjJ5YXJSbGhpUgpkWjNoY0lyVzNsWkxuZ3BLMkt5TGNLOW1UVzFGZDd4b3VNcjJTemJETTBpMEptS1FsTlhhRFUxcWJZcDZ0c01tCitGa1J4ZlBRTzJYckI2azJGS0lPTi9YWnhwL1NYdEhtcmRSSHJCeUZZVGdCYm9TZmI3b3dvWiszTEI2ZlBBUksKNWM3aUJQQmpkMmxkZ1pHbXN5Tk1uTUt5d0hkcGtCbldJOFhwYXhGbzJ2SzJKTHBlcVFRVlpGRlFRTkF5MWNHYQpqaTRPVktOQXF6MVhyNUhYY2NoVUNqWXJTVlpobmZCSUJSQkdST0lBMFpobjl6ZkhzSDlxRXNiZzhkQkQvNldRCkZ2cytrTjV2Z2NGUkpNaEs5Q1I5dlpvb3lxK1hId244d1hYeUdIZmxRcDRycURBOUtMYUJMUVlCeGo4Q0F3RUEKQVFLQ0FnRUF4WWJSbng0aGRuSmc3dU1JNUdwanI1OHRqdmVVNUJEcmlZdk93NlQ5OVpMVlJSNklNdDVyRVdMVwpOY1diOS9uNlFXUUZ0MzlDYktRbmFuRno3UFJGVWJxU2l2ZlFwSUtDbjNRditUb3VuMDdlcjJTRHVWWTFVVG9uCndibG1wdU12M3lKakdlWDBlQzZLdlFWemFJRFo5TmxJVUM0TEFJazNLKzE3blN6SjFaclVtUEUwUXVxUk0yemYKbENIRFhDSUNLQU4ySVg0d2lhZWJ1SlpGVnlOOW1waGxPWlg0c1pjZDJTTkdMaVkvZWVDdEdsQmNSU1B1YnpIVApIcU01QVIxR1JoTDV4QjE2NjN3cE9nMWJZVEJPSS9iWVdkQk1yMzNKRXFNN24ycGF2ZTZ6M0MzeldLeUxTZStTCmlHc0hHaGR3NzNQUnlwNFBmU2V2QStvZ0QyVUY3WmorQlB2aXFOYVpGM28wTWxtRnBCMTdtUzRkbDRzMFNVYUYKY2FDR1N2alJyTS9wb2dkdm1aS216Z1ZuTysyWkZSUG00OTd2RmRsVzFkU2NkZlo3TmYzY1dGZTJ0TGs1TWxwdgpmZXpBSWNkRFpmUkUzMWs4aFBLKzJZQnN0RTFDYUsyV3NMNEJnbnVrR29qNGM0Vm1TMHVSWnFJZlZWRUJsUlhTCmdQbExrRVR3RS9BT0VDL21rM0dJZTVkVHN0ZElHemlFSTFGcnZKME1HRVdydUVET1Q3VFh6eitJMFFpMnBxNmEKVDlUWVBZZTFvWlFKYU5RaG5DRkdtbWFGT0RTMWNDalF4bE9BblZiY1N6NFpsdk9FNG1qNmR0SVFNelhLZXBhVwpxZW5DQkhWa3p4S0NPZW5qZ0RjcU5HdGRQS0VpYyt6MFI3Smx3WXAwYk5ETlFSOGE4REVDZ2dFQkFOdVVhcCtqCmtqc2Y0bmpXZThlNDZPL2Y2NS9vZWV2bUVsT2cvdEdvTWU1VktUOUpDVVUxUUhoS0dSbWt5OHRLYStNcnhxNGYKWDZBajdIWGFjNzBpSW1XdnBLUlQ1T0kxT1FSaCtYRlorR1NJU2tneUswOTNJYlFzVk9FcnFoWDdhak1hY1AxMgoxdXpUWkxmL0hiTDNJT0F4SmV5d3lzTk4xeTl0UjZQZlNmVXprbjFLZldGVzJUakQ5NSswc0ZaMmRkdEVtRTFNCnduM1hGRFEvdDJCaHpnV0MySmJ4L2dlaTVtSVh0eGNCOUNBblk1NFFUUE5wR0RpV0VubTNCMlhJZi9hRGRLMWUKYlNoalgvZ0l0MWQyNHpzejhiQzR5NW9UQTgzbWlGS2RKa1djbGRRQzNqcjVFWVM0UVNCcmZ5ODdaQVhlL1NxdQpTVE1xdjlwZ1dkOHoxaHNDZ2dFQkFQUER5NUJGR0Y3UGZ3LzFBWkFGRUVKR3NNWWVIVUlMMG9vMWMyVGlPU1hTCmxTWGQzUHAycEpIUDVObDRyUDlSNDRYOGRselVIaWlQQTBhb3pPbmNoZUxWZzYxcmlBZ3VzWTNtZ3dDajBpOEkKV25VU09ZYzhDcEI4Ynd2ejlzS2xERGU3bXprbXExbzJIWmdUSFU4SzZkWGtWdjVVbGdNR1A1R2NySUtNaG52Zgo1S0xLbTdKRjgwMGViT2Zha25FcVNwZUVvRHY2bnhhMXlUZUVwSWRpa1MxeHVpdHBKRVNGcGNtY2lRTmMyK2I0ClFGWjJFR213a1lLOUFBQkZzWnBrV0ZiL2dSSkZ0cFhoZlhhL0wrN1F2NU5oWU1IUVVXWmJQV2h6bXBJamFzQzcKQUprNjMzUThIRk1mKzU1S2tBcVpGRG5CK3BGVUZ2d2UvWmMxcWhOSG9xMENnZ0VBUFI2SXR6ck9mMHFXdlUvbQpVR2QxM3g4UzlRVyt1aHptU1FUdEtPcUtTMjdFOW1xYisvbWdvbHJ0dGFlYldsQ3l5eDdxUkpsVEFyNDlHV2pmCkFtdzM2dG9ER0FLS0dUVDdVKzc1Z2NXclVFQm5mTVVLTFNwWjVVN1pxWHQvOG5KeTB4cXZETDVCZ05ZdW1OQ1kKTWJKOElpdE1CU0FJc0doQVYyRXhxYm1EV284cVhWbVlvTG1ONlRFVEFnOUhiaW0zRUh0OWNUYkdoRVNUeVI5YgpLYWJQczlVQitMSVBKWTBBVjVtR1N3OHVKcTBRRzNVcUZpN1FvUitVc1BCelRLK01mcytFY0tWeCtPWUFWb2dHCmtILzFMQXQvWU5OdlNNbTJLMS9aM2pVRDdDaHp3L213WmZYaUhIRTFINU1NYWRjOE5pNGxoZlhSUmo3Ri9FRUoKZ3dsb3RRS0NBUUJLZU1qYUhLSGpaVlVXVk8zVFNCaTloc2MrMzdoa2t5UVJZVjhOdFNkc2JMZHdTQ1hZeHlKawpBYldTMHhGWE4zZGhXYzMzY2o1OGVhU3drNlYyMVE1NlRHemNNSHZ3dEFNK3JPdmM2Qyt3ZXNiWCtXZGw3MnZ5CjFIRkFuNW9Gd1ZMSVBDS2lCVFJZYlN3QlorV09YbkV1RFlLZVZNMDN3MUxzYzRjb296SDY2bDM1ZGhpM0VEUFMKbmJiNzVvVFMyZTdMOTVMVWdDN1dTMWRjQk1RWE1IL1YrR2ErR0hNaUZBcWdXNWhvVkpoQ0tobk4wR2dYUWdCUwpodGRYUGZPU2paR0hrcXVtSDNJMnZCc09pajVrb1pYRnV2eEtlaEJFU3grcHA1ZlRpY3AxY3l3dHBCVGNkL2pYClZIQVUzZ2EvbGlEZHZHdUd0c0FHNnBqaTkxd3NZN2hKQW9JQkFRQ3c4ckV4MDhIZGREakJPSUVuT3JmeldWd1AKUlRyMWkvcU9kcmxnVHhrMEJTeG9YcHMrbVlPbmRRZUdkNEsxcXlqQkozMHI5aGU1UFIxdXlzZmZ2RGlJdWxudwpPSktvODZ0eHN1R0N6empMYjJaLytyeURPTVpsc0lwWllGUHczVDNGdi94dDRpQng3Vyt2aUJ6MUwveXNrajB4CkNNem1VMW5RRkNMaW1HTGpPWUhHM3FPWEVwKzliWURyWUhZck9PSXEzQlhnOGdJQ0JzWXhvYkk4QXVQUE5FNHAKM3czZHRrOXY3YnEvQTlUVDhxZktJc0ZISHFXQ3FtT0lwNGhWZUlNMVRMdFNsZVhhdGxXMjdndGRCM0R3U2c3ZQpUWG5zdVBucUU0cmhCdzZZYm5mNkxnQ3BUSGQ5ZGlSY29LOXE2YUcvL0x5WFlOUXpvYlh3dFRpNng4KzUKLS0tLS1FTkQgUlNBIFBSSVZBVEUgS0VZLS0tLS0K",
                "cluster_ca_certificate": "LS0tLS1CRUdJTiBDRVJUSUZJQ0FURS0tLS0tCk1JSUU2RENDQXRDZ0F3SUJBZ0lRWDlCcGhiYzlmaVRKMVpzS2FhOFhJekFOQmdrcWhraUc5dzBCQVFzRkFEQU4KTVFzd0NRWURWUVFERXdKallUQWdGdzB5TkRBeU1qa3hPVEUzTVRoYUdBOHlNRFUwTURNd01URTVNamN4T0ZvdwpEVEVMTUFrR0ExVUVBeE1DWTJFd2dnSWlNQTBHQ1NxR1NJYjNEUUVCQVFVQUE0SUNEd0F3Z2dJS0FvSUNBUURTCk5aU01OZVV4bUl4bExoam5WNDZRaTdWVUlOY3lCNVM1eWx2Qm02bW5zenhoM3BuK0MrOHEyRVZPbzNjVnI0UmMKY3hnaVJsTXhOYmlTdm9SNTlmNkN1YlZzSTBLSXZkbjdsVU5rM2VPMHBKMi8ybVBhRUdLak14RGJybGJSQzRUegpKQkhONlFrcUhVRlRBZmZjRkFMejVaVEFlRUJaU1dCTm8xZ0hHMTJHVmxtb3h2VitOL0lES29QcmIzRlE4ZzRzCjNZZjVBNmI0bnBGZ2RqS2tFLzhKbXAwajdzT3J0NXViK2tQMVBHa1RWWXJieG5rd2NmSjZXaVhjWDBXSlhiaUwKdnUxaWdsUTlqS1dWVmswRENxYUNNQnBFcGh0R05wR1grQ09TbCsvRHVkZUxPRGswUkZMSGNXUytoSEIrRFV2RApZL0lwMXpPdzByT3ZXRTcyZnM3OU1Ia2ZxdGwreDBVMGllS0dReis1NEJBL2VvU2R6L0kvd0N1OHpvTXFvcXRJCjdnQ0hnK21FY0ljdjBjei83K0ZqNWdDNFJKeXFIQUNHcktQUUNiRksvNlRkdzZLR1YrdXI0ZEYwZEgxL2FYMm8KUE5LdjBqL0gxUm44L3dKeTg0bDcxUUpoOFFJQldVZ25QeTh6QUVDTlo4OGt4MDJrVUhJT1RITXFjQ1BDTEZ0eApwbzlqT2xCRENYaXVMWkV5amVUT09scEFyT2NtQ2hUQjJqdVdaNUR0am15NnY0SG1RY0NnS1JhS2xhSTJSL0hJCjk5cFJOQzNnRERzUm1wY2NHNTkvN0dWcGtoMmVyWGF0TGZrM2RvUEpCK0tjMFQrRHFGalh2T2NxNlJUL2V1WlQKU1BaRlJSSzU4K1pEdHhOc04reEpvd3p1RGZCS0l2TDVxMFg3RnZ6VVdRSURBUUFCbzBJd1FEQU9CZ05WSFE4QgpBZjhFQkFNQ0FxUXdEd1lEVlIwVEFRSC9CQVV3QXdFQi96QWRCZ05WSFE0RUZnUVVIU2lpbldYVkgzTk9JaGZPCjJYUVgrejR6TStzd0RRWUpLb1pJaHZjTkFRRUxCUUFEZ2dJQkFGSzZFclRFalQvTmlvVkhrOCtQQzZ1cnU3bGcKczJrS1FVeHF4czVQbWV5RzByM2ZGNkJwdHJEdyt4TmFQMU5jMDFuTWs3bnRxWHp5Si9ROU9ZN2hmWWRhMTI2TwptT1RnVm5sWFFKSXM2VmJxZFVTQXRZUFJnNEp2TVRCY2tVdU9oZDhLZ2hjQnp1bCs0dlkydVRaL1ZqaWdTUm9OClpJWThndHJ4TXo4ZkIrcVNFeHk1VGtpZUhDem5rV0pDdUs0NmJ4dy90akZ0ek5oVHdxRFBRYzFsd3pRNTBVeUQKK0ZXK1dkZFgwWXJ4cmZGV0NOUWNzU2t0dFZqR0x5T0duZmpoZDV4SFFqZm1xQm8xajZ3Z3RXK3FKS1A1T1Mzegp0MUV1VEJjcGNCSUxBMU1oQm9IV3JaTWxFNmoraU9LZlFwSEVKLzdSemRJNDdFc3c0clppT01xUGdyZHJvMnB0CmF3a054VFQ1ZVRuOElwZVk5cWNoeWsvN1hvWmpmVC85ZXBxYlYyQzFBMlZ4VDRmZzcxWFEzaDhoRmxnSUZKeWYKL3pvcGVCQnhZVUVXb0NPS0J4SVQxaEF1MzY2UUhYL21JTGgvTTdJL2doN2d0OThDQm5NaGc0NDRoQ1VZMk1lSwp5K0dIQWZraXhMdGp5c1lRdTdUYkI5VHFuSXZmTUpUQUhhaGNINzRPUW5zS1pPZ0E0NFdZVVJmdExJWHUvVXZTCm43YWJRNVJ1WW52TER5RHVLZDJUOGIzMXlYUjliakpDTXVPTVBjR0M3NTdUeXRGcklVcEdIS1JsRmVuWHB5ZnEKM0tYWUVka3A4VmR0TzYrQ0swRzBjVmNEVFk1YmtRM1hmb0JlaFRRYkxFNDVVMWhZQjRFL08zTUtiT2FCY0ZRSApVeHY2UkFWb3pPT1RlcXVJCi0tLS0tRU5EIENFUlRJRklDQVRFLS0tLS0K",
                "host": "https://personal-blog-k8s-offw1ipx.hcp.northeurope.azmk8s.io:443",
                "password": "d13txp7tlboss8fw512an73a4rtz3ukpnkturi41m1vewbmwfn8m7ckbyb7q79rm8r7s93slhculrtrcn30tyggy3ed8tot40e6toipofi1iysiuwj4k96lpculy1jmj",
                "username": "clusterUser_RG-Personal-Blog_aks-personal-blog"
              }
            ],
            "kube_config_raw": "apiVersion: v1\nclusters:\n- cluster:\n    certificate-authority-data: LS0tLS1CRUdJTiBDRVJUSUZJQ0FURS0tLS0tCk1JSUU2RENDQXRDZ0F3SUJBZ0lRWDlCcGhiYzlmaVRKMVpzS2FhOFhJekFOQmdrcWhraUc5dzBCQVFzRkFEQU4KTVFzd0NRWURWUVFERXdKallUQWdGdzB5TkRBeU1qa3hPVEUzTVRoYUdBOHlNRFUwTURNd01URTVNamN4T0ZvdwpEVEVMTUFrR0ExVUVBeE1DWTJFd2dnSWlNQTBHQ1NxR1NJYjNEUUVCQVFVQUE0SUNEd0F3Z2dJS0FvSUNBUURTCk5aU01OZVV4bUl4bExoam5WNDZRaTdWVUlOY3lCNVM1eWx2Qm02bW5zenhoM3BuK0MrOHEyRVZPbzNjVnI0UmMKY3hnaVJsTXhOYmlTdm9SNTlmNkN1YlZzSTBLSXZkbjdsVU5rM2VPMHBKMi8ybVBhRUdLak14RGJybGJSQzRUegpKQkhONlFrcUhVRlRBZmZjRkFMejVaVEFlRUJaU1dCTm8xZ0hHMTJHVmxtb3h2VitOL0lES29QcmIzRlE4ZzRzCjNZZjVBNmI0bnBGZ2RqS2tFLzhKbXAwajdzT3J0NXViK2tQMVBHa1RWWXJieG5rd2NmSjZXaVhjWDBXSlhiaUwKdnUxaWdsUTlqS1dWVmswRENxYUNNQnBFcGh0R05wR1grQ09TbCsvRHVkZUxPRGswUkZMSGNXUytoSEIrRFV2RApZL0lwMXpPdzByT3ZXRTcyZnM3OU1Ia2ZxdGwreDBVMGllS0dReis1NEJBL2VvU2R6L0kvd0N1OHpvTXFvcXRJCjdnQ0hnK21FY0ljdjBjei83K0ZqNWdDNFJKeXFIQUNHcktQUUNiRksvNlRkdzZLR1YrdXI0ZEYwZEgxL2FYMm8KUE5LdjBqL0gxUm44L3dKeTg0bDcxUUpoOFFJQldVZ25QeTh6QUVDTlo4OGt4MDJrVUhJT1RITXFjQ1BDTEZ0eApwbzlqT2xCRENYaXVMWkV5amVUT09scEFyT2NtQ2hUQjJqdVdaNUR0am15NnY0SG1RY0NnS1JhS2xhSTJSL0hJCjk5cFJOQzNnRERzUm1wY2NHNTkvN0dWcGtoMmVyWGF0TGZrM2RvUEpCK0tjMFQrRHFGalh2T2NxNlJUL2V1WlQKU1BaRlJSSzU4K1pEdHhOc04reEpvd3p1RGZCS0l2TDVxMFg3RnZ6VVdRSURBUUFCbzBJd1FEQU9CZ05WSFE4QgpBZjhFQkFNQ0FxUXdEd1lEVlIwVEFRSC9CQVV3QXdFQi96QWRCZ05WSFE0RUZnUVVIU2lpbldYVkgzTk9JaGZPCjJYUVgrejR6TStzd0RRWUpLb1pJaHZjTkFRRUxCUUFEZ2dJQkFGSzZFclRFalQvTmlvVkhrOCtQQzZ1cnU3bGcKczJrS1FVeHF4czVQbWV5RzByM2ZGNkJwdHJEdyt4TmFQMU5jMDFuTWs3bnRxWHp5Si9ROU9ZN2hmWWRhMTI2TwptT1RnVm5sWFFKSXM2VmJxZFVTQXRZUFJnNEp2TVRCY2tVdU9oZDhLZ2hjQnp1bCs0dlkydVRaL1ZqaWdTUm9OClpJWThndHJ4TXo4ZkIrcVNFeHk1VGtpZUhDem5rV0pDdUs0NmJ4dy90akZ0ek5oVHdxRFBRYzFsd3pRNTBVeUQKK0ZXK1dkZFgwWXJ4cmZGV0NOUWNzU2t0dFZqR0x5T0duZmpoZDV4SFFqZm1xQm8xajZ3Z3RXK3FKS1A1T1Mzegp0MUV1VEJjcGNCSUxBMU1oQm9IV3JaTWxFNmoraU9LZlFwSEVKLzdSemRJNDdFc3c0clppT01xUGdyZHJvMnB0CmF3a054VFQ1ZVRuOElwZVk5cWNoeWsvN1hvWmpmVC85ZXBxYlYyQzFBMlZ4VDRmZzcxWFEzaDhoRmxnSUZKeWYKL3pvcGVCQnhZVUVXb0NPS0J4SVQxaEF1MzY2UUhYL21JTGgvTTdJL2doN2d0OThDQm5NaGc0NDRoQ1VZMk1lSwp5K0dIQWZraXhMdGp5c1lRdTdUYkI5VHFuSXZmTUpUQUhhaGNINzRPUW5zS1pPZ0E0NFdZVVJmdExJWHUvVXZTCm43YWJRNVJ1WW52TER5RHVLZDJUOGIzMXlYUjliakpDTXVPTVBjR0M3NTdUeXRGcklVcEdIS1JsRmVuWHB5ZnEKM0tYWUVka3A4VmR0TzYrQ0swRzBjVmNEVFk1YmtRM1hmb0JlaFRRYkxFNDVVMWhZQjRFL08zTUtiT2FCY0ZRSApVeHY2UkFWb3pPT1RlcXVJCi0tLS0tRU5EIENFUlRJRklDQVRFLS0tLS0K\n    server: https://personal-blog-k8s-offw1ipx.hcp.northeurope.azmk8s.io:443\n  name: aks-personal-blog\ncontexts:\n- context:\n    cluster: aks-personal-blog\n    user: clusterUser_RG-Personal-Blog_aks-personal-blog\n  name: aks-personal-blog\ncurrent-context: aks-personal-blog\nkind: Config\npreferences: {}\nusers:\n- name: clusterUser_RG-Personal-Blog_aks-personal-blog\n  user:\n    client-certificate-data: LS0tLS1CRUdJTiBDRVJUSUZJQ0FURS0tLS0tCk1JSUZIVENDQXdXZ0F3SUJBZ0lRUFNYWWNGZ3QrTWlJaVVWRkozcFZuekFOQmdrcWhraUc5dzBCQVFzRkFEQU4KTVFzd0NRWURWUVFERXdKallUQWVGdzB5TkRBeU1qa3hPVEUzTVRoYUZ3MHlOakF6TURFeE9USTNNVGhhTURBeApGekFWQmdOVkJBb1REbk41YzNSbGJUcHRZWE4wWlhKek1SVXdFd1lEVlFRREV3eHRZWE4wWlhKamJHbGxiblF3CmdnSWlNQTBHQ1NxR1NJYjNEUUVCQVFVQUE0SUNEd0F3Z2dJS0FvSUNBUURSRmRIZEx5bmUvTU9ZcGEvL2pPdnIKN3ZQK1JLTDFQN0xXd2RLWkZhb2ZpeFNkb2hCRGdidHgyc1RWZ0lwamtzQ0xsU2RuQUVmbEdnSUhUQjFFZjFQQQovRlowd2xEZ25SV2lDV0FTc3JRN2YwamZTbW4wK2ZkSUZWYm5iNTJQaG4rMUw4UU1DM2lyYkdKam5aZ2tpUzlxCmtQeDkwb3dZdWhBMmlES0ZkSmFNYTJGNDJhU0JvTjRrL1d5Tzc2cGlsQm10VDdQTzlvWHpCSGFGRUtlUUtvN2YKaEd0WXhTZTNmZTgyd2RvRUFSVHVRekdyd1lybzJybzU3L3V6cGhlV0N5bE51d1BPK1o3RlV1ZXdQaVNwUGpWOQpERGNrM0NseU1BeGZlemVYS3NFUHp4NHYvTUdpUFZPajJ5dGZxUUNrTWFFMXcyd3ExZWlUMHFKUUVnTE5KN1VoCkJlRnRqejh4akgwUU1UbzRrbmJKcXRHV0dKRjFuZUZ3aXRiZVZrdWVDa3JZckl0d3IyWk5iVVYzdkdpNHl2WkwKTnNNelNMUW1ZcENVMWRvTlRXcHRpbnEyd3liNFdSSEY4OUE3WmVzSHFUWVVvZzQzOWRuR245SmUwZWF0MUVlcwpISVZoT0FGdWhKOXZ1akNobjdjc0hwODhCRXJsenVJRThHTjNhVjJCa2FhekkweWN3ckxBZDJtUUdkWWp4ZWxyCkVXamE4cllrdWw2cEJCVmtVVkJBMERMVndacU9MZzVVbzBDclBWZXZrZGR4eUZRS05pdEpWbUdkOEVnRkVFWkUKNGdEUm1HZjNOOGV3ZjJvU3h1RHgwRVAvcFpBVyt6NlEzbStCd1ZFa3lFcjBKSDI5bWlqS3I1Y2ZDZnpCZGZJWQpkK1ZDbml1b01EMG90b0V0QmdIR1B3SURBUUFCbzFZd1ZEQU9CZ05WSFE4QkFmOEVCQU1DQmFBd0V3WURWUjBsCkJBd3dDZ1lJS3dZQkJRVUhBd0l3REFZRFZSMFRBUUgvQkFJd0FEQWZCZ05WSFNNRUdEQVdnQlFkS0tLZFpkVWYKYzA0aUY4N1pkQmY3UGpNejZ6QU5CZ2txaGtpRzl3MEJBUXNGQUFPQ0FnRUFOTm1VSENiNWhueEhQdU9ocExuWApmbCtSZFVqWXJMM1EwWG5FVjFNdTVtVVUwTVNuZ2dWak9NRzN4R29xalk4WVBFenl3ZitrS0RWQmNoTkh3OXJqCkpPdW1vSlZQNSs3N01RV3lYWVlyMFFxa3NxK3RzRmozcGJvYUlBNk9QQ08zTmxUM3VsNkhHdGJ6M0d3dVpvY1cKU3BFWk0rYTh3N01ZOVE4TitYUXVEbjJzcVJxay93TXR2bWZ5d0F1SkM4aWZ4MmVYZDRaOFFxSFJaV1VqTzBiWQoyenBkVis5UnNYTTVrUkpab3BzMTd6VGx4SEFTR053K1BZcTJLbG9mWjZJOEtQb1BKRFVTb1FpMEpGMFBDdUJ5Cjd4RE93dXB0Y1N4aUxRVnJmWjg4SG5uYVNMNGRleXE2dWtaOWVJa25JZ2Vwa0doRjFLNlRieEZUYmRXdUJVWVoKK1N3bXVWdTV5VklWVVR1V1BJQk1HM1QrRHhtQWhBdUtHMEVGR1VWRlgvalFyTWhhaHR1TmFxcy94bTl6cHBaaApuK1Nraks0Z0Q2dW9zdDJmZmRxYVo3ZG9GOTRPYkJaOFI5ejhGUGM3em8yeHdQdU45d3I3WGptNE1uWFVCKyt2CkxYajM0NHNvd0hHTCthMjIreEtKKzd5eFRvYkYrRHhiSWlVbjMzWnpzR1lwQzJtT0VDcm1MUUp3bnNPZ0pRYjkKcHBKbmxNMzVoOWd3V3pQdkI5NEJGcWxIeEw5bHIweXNLdlpJZ0szK1JTUWxmN0x5MVVtWXlOdTZWM0pHdk1lOQptdFZrUHRGaEhWTnlFaGsyUDRtbW9mdGVaUCtybHZrZXFGVWFtWTg0RXhVSGtBT2l5dTBVWnpSTG1wWndJc2s5CnhZK3pYazhOOFd6dW0rMWM0OExCT0VNPQotLS0tLUVORCBDRVJUSUZJQ0FURS0tLS0tCg==\n    client-key-data: LS0tLS1CRUdJTiBSU0EgUFJJVkFURSBLRVktLS0tLQpNSUlKS1FJQkFBS0NBZ0VBMFJYUjNTOHAzdnpEbUtXdi80enI2Kzd6L2tTaTlUK3kxc0hTbVJXcUg0c1VuYUlRClE0RzdjZHJFMVlDS1k1TEFpNVVuWndCSDVSb0NCMHdkUkg5VHdQeFdkTUpRNEowVm9nbGdFckswTzM5STMwcHAKOVBuM1NCVlc1MitkajRaL3RTL0VEQXQ0cTJ4aVk1MllKSWt2YXBEOGZkS01HTG9RTm9neWhYU1dqR3RoZU5tawpnYURlSlAxc2p1K3FZcFFaclUrenp2YUY4d1IyaFJDbmtDcU8zNFJyV01VbnQzM3ZOc0hhQkFFVTdrTXhxOEdLCjZOcTZPZS83czZZWGxnc3BUYnNEenZtZXhWTG5zRDRrcVQ0MWZRdzNKTndwY2pBTVgzczNseXJCRDg4ZUwvekIKb2oxVG85c3JYNmtBcERHaE5jTnNLdFhvazlLaVVCSUN6U2UxSVFYaGJZOC9NWXg5RURFNk9KSjJ5YXJSbGhpUgpkWjNoY0lyVzNsWkxuZ3BLMkt5TGNLOW1UVzFGZDd4b3VNcjJTemJETTBpMEptS1FsTlhhRFUxcWJZcDZ0c01tCitGa1J4ZlBRTzJYckI2azJGS0lPTi9YWnhwL1NYdEhtcmRSSHJCeUZZVGdCYm9TZmI3b3dvWiszTEI2ZlBBUksKNWM3aUJQQmpkMmxkZ1pHbXN5Tk1uTUt5d0hkcGtCbldJOFhwYXhGbzJ2SzJKTHBlcVFRVlpGRlFRTkF5MWNHYQpqaTRPVktOQXF6MVhyNUhYY2NoVUNqWXJTVlpobmZCSUJSQkdST0lBMFpobjl6ZkhzSDlxRXNiZzhkQkQvNldRCkZ2cytrTjV2Z2NGUkpNaEs5Q1I5dlpvb3lxK1hId244d1hYeUdIZmxRcDRycURBOUtMYUJMUVlCeGo4Q0F3RUEKQVFLQ0FnRUF4WWJSbng0aGRuSmc3dU1JNUdwanI1OHRqdmVVNUJEcmlZdk93NlQ5OVpMVlJSNklNdDVyRVdMVwpOY1diOS9uNlFXUUZ0MzlDYktRbmFuRno3UFJGVWJxU2l2ZlFwSUtDbjNRditUb3VuMDdlcjJTRHVWWTFVVG9uCndibG1wdU12M3lKakdlWDBlQzZLdlFWemFJRFo5TmxJVUM0TEFJazNLKzE3blN6SjFaclVtUEUwUXVxUk0yemYKbENIRFhDSUNLQU4ySVg0d2lhZWJ1SlpGVnlOOW1waGxPWlg0c1pjZDJTTkdMaVkvZWVDdEdsQmNSU1B1YnpIVApIcU01QVIxR1JoTDV4QjE2NjN3cE9nMWJZVEJPSS9iWVdkQk1yMzNKRXFNN24ycGF2ZTZ6M0MzeldLeUxTZStTCmlHc0hHaGR3NzNQUnlwNFBmU2V2QStvZ0QyVUY3WmorQlB2aXFOYVpGM28wTWxtRnBCMTdtUzRkbDRzMFNVYUYKY2FDR1N2alJyTS9wb2dkdm1aS216Z1ZuTysyWkZSUG00OTd2RmRsVzFkU2NkZlo3TmYzY1dGZTJ0TGs1TWxwdgpmZXpBSWNkRFpmUkUzMWs4aFBLKzJZQnN0RTFDYUsyV3NMNEJnbnVrR29qNGM0Vm1TMHVSWnFJZlZWRUJsUlhTCmdQbExrRVR3RS9BT0VDL21rM0dJZTVkVHN0ZElHemlFSTFGcnZKME1HRVdydUVET1Q3VFh6eitJMFFpMnBxNmEKVDlUWVBZZTFvWlFKYU5RaG5DRkdtbWFGT0RTMWNDalF4bE9BblZiY1N6NFpsdk9FNG1qNmR0SVFNelhLZXBhVwpxZW5DQkhWa3p4S0NPZW5qZ0RjcU5HdGRQS0VpYyt6MFI3Smx3WXAwYk5ETlFSOGE4REVDZ2dFQkFOdVVhcCtqCmtqc2Y0bmpXZThlNDZPL2Y2NS9vZWV2bUVsT2cvdEdvTWU1VktUOUpDVVUxUUhoS0dSbWt5OHRLYStNcnhxNGYKWDZBajdIWGFjNzBpSW1XdnBLUlQ1T0kxT1FSaCtYRlorR1NJU2tneUswOTNJYlFzVk9FcnFoWDdhak1hY1AxMgoxdXpUWkxmL0hiTDNJT0F4SmV5d3lzTk4xeTl0UjZQZlNmVXprbjFLZldGVzJUakQ5NSswc0ZaMmRkdEVtRTFNCnduM1hGRFEvdDJCaHpnV0MySmJ4L2dlaTVtSVh0eGNCOUNBblk1NFFUUE5wR0RpV0VubTNCMlhJZi9hRGRLMWUKYlNoalgvZ0l0MWQyNHpzejhiQzR5NW9UQTgzbWlGS2RKa1djbGRRQzNqcjVFWVM0UVNCcmZ5ODdaQVhlL1NxdQpTVE1xdjlwZ1dkOHoxaHNDZ2dFQkFQUER5NUJGR0Y3UGZ3LzFBWkFGRUVKR3NNWWVIVUlMMG9vMWMyVGlPU1hTCmxTWGQzUHAycEpIUDVObDRyUDlSNDRYOGRselVIaWlQQTBhb3pPbmNoZUxWZzYxcmlBZ3VzWTNtZ3dDajBpOEkKV25VU09ZYzhDcEI4Ynd2ejlzS2xERGU3bXprbXExbzJIWmdUSFU4SzZkWGtWdjVVbGdNR1A1R2NySUtNaG52Zgo1S0xLbTdKRjgwMGViT2Zha25FcVNwZUVvRHY2bnhhMXlUZUVwSWRpa1MxeHVpdHBKRVNGcGNtY2lRTmMyK2I0ClFGWjJFR213a1lLOUFBQkZzWnBrV0ZiL2dSSkZ0cFhoZlhhL0wrN1F2NU5oWU1IUVVXWmJQV2h6bXBJamFzQzcKQUprNjMzUThIRk1mKzU1S2tBcVpGRG5CK3BGVUZ2d2UvWmMxcWhOSG9xMENnZ0VBUFI2SXR6ck9mMHFXdlUvbQpVR2QxM3g4UzlRVyt1aHptU1FUdEtPcUtTMjdFOW1xYisvbWdvbHJ0dGFlYldsQ3l5eDdxUkpsVEFyNDlHV2pmCkFtdzM2dG9ER0FLS0dUVDdVKzc1Z2NXclVFQm5mTVVLTFNwWjVVN1pxWHQvOG5KeTB4cXZETDVCZ05ZdW1OQ1kKTWJKOElpdE1CU0FJc0doQVYyRXhxYm1EV284cVhWbVlvTG1ONlRFVEFnOUhiaW0zRUh0OWNUYkdoRVNUeVI5YgpLYWJQczlVQitMSVBKWTBBVjVtR1N3OHVKcTBRRzNVcUZpN1FvUitVc1BCelRLK01mcytFY0tWeCtPWUFWb2dHCmtILzFMQXQvWU5OdlNNbTJLMS9aM2pVRDdDaHp3L213WmZYaUhIRTFINU1NYWRjOE5pNGxoZlhSUmo3Ri9FRUoKZ3dsb3RRS0NBUUJLZU1qYUhLSGpaVlVXVk8zVFNCaTloc2MrMzdoa2t5UVJZVjhOdFNkc2JMZHdTQ1hZeHlKawpBYldTMHhGWE4zZGhXYzMzY2o1OGVhU3drNlYyMVE1NlRHemNNSHZ3dEFNK3JPdmM2Qyt3ZXNiWCtXZGw3MnZ5CjFIRkFuNW9Gd1ZMSVBDS2lCVFJZYlN3QlorV09YbkV1RFlLZVZNMDN3MUxzYzRjb296SDY2bDM1ZGhpM0VEUFMKbmJiNzVvVFMyZTdMOTVMVWdDN1dTMWRjQk1RWE1IL1YrR2ErR0hNaUZBcWdXNWhvVkpoQ0tobk4wR2dYUWdCUwpodGRYUGZPU2paR0hrcXVtSDNJMnZCc09pajVrb1pYRnV2eEtlaEJFU3grcHA1ZlRpY3AxY3l3dHBCVGNkL2pYClZIQVUzZ2EvbGlEZHZHdUd0c0FHNnBqaTkxd3NZN2hKQW9JQkFRQ3c4ckV4MDhIZGREakJPSUVuT3JmeldWd1AKUlRyMWkvcU9kcmxnVHhrMEJTeG9YcHMrbVlPbmRRZUdkNEsxcXlqQkozMHI5aGU1UFIxdXlzZmZ2RGlJdWxudwpPSktvODZ0eHN1R0N6empMYjJaLytyeURPTVpsc0lwWllGUHczVDNGdi94dDRpQng3Vyt2aUJ6MUwveXNrajB4CkNNem1VMW5RRkNMaW1HTGpPWUhHM3FPWEVwKzliWURyWUhZck9PSXEzQlhnOGdJQ0JzWXhvYkk4QXVQUE5FNHAKM3czZHRrOXY3YnEvQTlUVDhxZktJc0ZISHFXQ3FtT0lwNGhWZUlNMVRMdFNsZVhhdGxXMjdndGRCM0R3U2c3ZQpUWG5zdVBucUU0cmhCdzZZYm5mNkxnQ3BUSGQ5ZGlSY29LOXE2YUcvL0x5WFlOUXpvYlh3dFRpNng4KzUKLS0tLS1FTkQgUlNBIFBSSVZBVEUgS0VZLS0tLS0K\n    token: d13txp7tlboss8fw512an73a4rtz3ukpnkturi41m1vewbmwfn8m7ckbyb7q79rm8r7s93slhculrtrcn30tyggy3ed8tot40e6toipofi1iysiuwj4k96lpculy1jmj\n",
            "kubelet_identity": [
              {
                "client_id": "82374ce5-680b-49af-b60f-dec6244f397c",
                "object_id": "19bee33a-6f0b-4e48-b72f-b298fcf69488",
                "user_assigned_identity_id": "/subscriptions/7d62b4e4-e187-41ba-a266-036a7164f434/resourceGroups/RG-Personal-Blog-AKS-Backend/providers/Microsoft.ManagedIdentity/userAssignedIdentities/aks-personal-blog-agentpool"
              }
            ],
            "kubernetes_version": "1.27.9",
            "linux_profile": [],
            "local_account_disabled": false,
            "location": "northeurope",
            "maintenance_window": [],
            "maintenance_window_auto_upgrade": [],
            "maintenance_window_node_os": [],
            "microsoft_defender": [],
            "monitor_metrics": [],
            "name": "aks-personal-blog",
            "network_profile": [
              {
                "dns_service_ip": "10.0.0.10",
                "docker_bridge_cidr": "",
                "ebpf_data_plane": "",
                "ip_versions": [
                  "IPv4"
                ],
                "load_balancer_profile": [
                  {
                    "effective_outbound_ips": [
                      "/subscriptions/7d62b4e4-e187-41ba-a266-036a7164f434/resourceGroups/RG-Personal-Blog-AKS-Backend/providers/Microsoft.Network/publicIPAddresses/e9d2add1-d89e-474f-b833-e97fb5375524"
                    ],
                    "idle_timeout_in_minutes": 0,
                    "managed_outbound_ip_count": 1,
                    "managed_outbound_ipv6_count": 0,
                    "outbound_ip_address_ids": [],
                    "outbound_ip_prefix_ids": [],
                    "outbound_ports_allocated": 0
                  }
                ],
                "load_balancer_sku": "standard",
                "nat_gateway_profile": [],
                "network_mode": "",
                "network_plugin": "kubenet",
                "network_plugin_mode": "",
                "network_policy": "",
                "outbound_type": "loadBalancer",
                "pod_cidr": "10.244.0.0/16",
                "pod_cidrs": [
                  "10.244.0.0/16"
                ],
                "service_cidr": "10.0.0.0/16",
                "service_cidrs": [
                  "10.0.0.0/16"
                ]
              }
            ],
            "node_os_channel_upgrade": null,
            "node_resource_group": "RG-Personal-Blog-AKS-Backend",
            "node_resource_group_id": "/subscriptions/7d62b4e4-e187-41ba-a266-036a7164f434/resourceGroups/RG-Personal-Blog-AKS-Backend",
            "oidc_issuer_enabled": false,
            "oidc_issuer_url": "",
            "oms_agent": [],
            "open_service_mesh_enabled": false,
            "portal_fqdn": "personal-blog-k8s-offw1ipx.portal.hcp.northeurope.azmk8s.io",
            "private_cluster_enabled": false,
            "private_cluster_public_fqdn_enabled": false,
            "private_dns_zone_id": null,
            "private_fqdn": "",
            "public_network_access_enabled": true,
            "resource_group_name": "RG-Personal-Blog",
            "role_based_access_control_enabled": true,
            "run_command_enabled": true,
            "service_mesh_profile": [],
            "service_principal": [],
            "sku_tier": "Free",
            "storage_profile": [],
            "support_plan": "KubernetesOfficial",
            "tags": null,
            "timeouts": null,
            "web_app_routing": [],
            "windows_profile": [],
            "workload_autoscaler_profile": [],
            "workload_identity_enabled": false
          },
          "sensitive_attributes": [],
          "private": "eyJlMmJmYjczMC1lY2FhLTExZTYtOGY4OC0zNDM2M2JjN2M0YzAiOnsiY3JlYXRlIjo1NDAwMDAwMDAwMDAwLCJkZWxldGUiOjU0MDAwMDAwMDAwMDAsInJlYWQiOjMwMDAwMDAwMDAwMCwidXBkYXRlIjo1NDAwMDAwMDAwMDAwfSwic2NoZW1hX3ZlcnNpb24iOiIyIn0=",
          "dependencies": [
            "module.app_gateway.azurerm_application_gateway.app_gateway",
            "module.app_gateway.azurerm_public_ip.public_ip",
            "module.resource_group.azurerm_resource_group.resource_group",
            "module.vnet.azurerm_network_security_group.network_security_group",
            "module.vnet.azurerm_virtual_network.virtual_network"
          ]
        }
      ]
    },
    {
      "module": "module.aks",
      "mode": "managed",
      "type": "azurerm_role_assignment",
      "name": "aks_to_acr",
      "provider": "provider[\"registry.terraform.io/hashicorp/azurerm\"]",
      "instances": [
        {
          "schema_version": 0,
          "attributes": {
            "condition": "",
            "condition_version": "",
            "delegated_managed_identity_resource_id": "",
            "description": "",
            "id": "/subscriptions/7d62b4e4-e187-41ba-a266-036a7164f434/resourceGroups/RG-Personal-Blog/providers/Microsoft.ContainerRegistry/registries/acrpersonalblogn5mk00a7jjbb/providers/Microsoft.Authorization/roleAssignments/11e2142f-63da-02b7-22f8-ef676f76ef6c",
            "name": "11e2142f-63da-02b7-22f8-ef676f76ef6c",
            "principal_id": "19bee33a-6f0b-4e48-b72f-b298fcf69488",
            "principal_type": "ServicePrincipal",
            "role_definition_id": "/subscriptions/7d62b4e4-e187-41ba-a266-036a7164f434/providers/Microsoft.Authorization/roleDefinitions/7f951dda-4ed3-4680-a7ca-43fe172d538d",
            "role_definition_name": "AcrPull",
            "scope": "/subscriptions/7d62b4e4-e187-41ba-a266-036a7164f434/resourceGroups/RG-Personal-Blog/providers/Microsoft.ContainerRegistry/registries/acrpersonalblogn5mk00a7jjbb",
            "skip_service_principal_aad_check": null,
            "timeouts": null
          },
          "sensitive_attributes": [],
          "private": "eyJlMmJmYjczMC1lY2FhLTExZTYtOGY4OC0zNDM2M2JjN2M0YzAiOnsiY3JlYXRlIjoxODAwMDAwMDAwMDAwLCJkZWxldGUiOjE4MDAwMDAwMDAwMDAsInJlYWQiOjMwMDAwMDAwMDAwMH19",
          "dependencies": [
            "module.aks.azurerm_container_registry.acr",
            "module.aks.azurerm_kubernetes_cluster.aks",
            "module.aks.random_string.prefix",
            "module.app_gateway.azurerm_application_gateway.app_gateway",
            "module.app_gateway.azurerm_public_ip.public_ip",
            "module.resource_group.azurerm_resource_group.resource_group",
            "module.vnet.azurerm_network_security_group.network_security_group",
            "module.vnet.azurerm_virtual_network.virtual_network"
          ]
        }
      ]
    },
    {
      "module": "module.aks",
      "mode": "managed",
      "type": "random_string",
      "name": "prefix",
      "provider": "provider[\"registry.terraform.io/hashicorp/random\"]",
      "instances": [
        {
          "schema_version": 2,
          "attributes": {
            "id": "n5mk00a7jjbb",
            "keepers": null,
            "length": 12,
            "lower": true,
            "min_lower": 0,
            "min_numeric": 0,
            "min_special": 0,
            "min_upper": 0,
            "number": true,
            "numeric": true,
            "override_special": null,
            "result": "n5mk00a7jjbb",
            "special": false,
            "upper": false
          },
          "sensitive_attributes": [],
          "dependencies": [
            "module.resource_group.azurerm_resource_group.resource_group"
          ]
        }
      ]
    },
    {
      "module": "module.app_gateway",
      "mode": "managed",
      "type": "azurerm_application_gateway",
      "name": "app_gateway",
      "provider": "provider[\"registry.terraform.io/hashicorp/azurerm\"]",
      "instances": [
        {
          "schema_version": 0,
          "attributes": {
            "authentication_certificate": [],
            "autoscale_configuration": [],
            "backend_address_pool": [
              {
                "fqdns": [],
                "id": "/subscriptions/7d62b4e4-e187-41ba-a266-036a7164f434/resourceGroups/RG-Personal-Blog/providers/Microsoft.Network/applicationGateways/app-gateway-personal-blog/backendAddressPools/app-gateway-personal-blog-beap",
                "ip_addresses": [],
                "name": "app-gateway-personal-blog-beap"
              }
            ],
            "backend_http_settings": [
              {
                "affinity_cookie_name": "",
                "authentication_certificate": [],
                "connection_draining": [],
                "cookie_based_affinity": "Disabled",
                "host_name": "",
                "id": "/subscriptions/7d62b4e4-e187-41ba-a266-036a7164f434/resourceGroups/RG-Personal-Blog/providers/Microsoft.Network/applicationGateways/app-gateway-personal-blog/backendHttpSettingsCollection/app-gateway-personal-blog-be-htst",
                "name": "app-gateway-personal-blog-be-htst",
                "path": "/path1/",
                "pick_host_name_from_backend_address": false,
                "port": 80,
                "probe_id": "",
                "probe_name": "",
                "protocol": "Http",
                "request_timeout": 60,
                "trusted_root_certificate_names": []
              }
            ],
            "custom_error_configuration": [],
            "enable_http2": false,
            "fips_enabled": false,
            "firewall_policy_id": "",
            "force_firewall_policy_association": false,
            "frontend_ip_configuration": [
              {
                "id": "/subscriptions/7d62b4e4-e187-41ba-a266-036a7164f434/resourceGroups/RG-Personal-Blog/providers/Microsoft.Network/applicationGateways/app-gateway-personal-blog/frontendIPConfigurations/app-gateway-personal-blog-feip",
                "name": "app-gateway-personal-blog-feip",
                "private_ip_address": "",
                "private_ip_address_allocation": "Dynamic",
                "private_link_configuration_id": "",
                "private_link_configuration_name": "",
                "public_ip_address_id": "/subscriptions/7d62b4e4-e187-41ba-a266-036a7164f434/resourceGroups/RG-Personal-Blog/providers/Microsoft.Network/publicIPAddresses/pub-ip-personal-blog",
                "subnet_id": ""
              }
            ],
            "frontend_port": [
              {
                "id": "/subscriptions/7d62b4e4-e187-41ba-a266-036a7164f434/resourceGroups/RG-Personal-Blog/providers/Microsoft.Network/applicationGateways/app-gateway-personal-blog/frontendPorts/app-gateway-personal-blog-feport",
                "name": "app-gateway-personal-blog-feport",
                "port": 80
              }
            ],
            "gateway_ip_configuration": [
              {
                "id": "/subscriptions/7d62b4e4-e187-41ba-a266-036a7164f434/resourceGroups/RG-Personal-Blog/providers/Microsoft.Network/applicationGateways/app-gateway-personal-blog/gatewayIPConfigurations/gateway-ip-config",
                "name": "gateway-ip-config",
                "subnet_id": "/subscriptions/7d62b4e4-e187-41ba-a266-036a7164f434/resourceGroups/RG-Personal-Blog/providers/Microsoft.Network/virtualNetworks/vnet-personal-blog/subnets/personal-blog-appgateway"
              }
            ],
            "global": [],
            "http_listener": [
              {
                "custom_error_configuration": [],
                "firewall_policy_id": "",
                "frontend_ip_configuration_id": "/subscriptions/7d62b4e4-e187-41ba-a266-036a7164f434/resourceGroups/RG-Personal-Blog/providers/Microsoft.Network/applicationGateways/app-gateway-personal-blog/frontendIPConfigurations/app-gateway-personal-blog-feip",
                "frontend_ip_configuration_name": "app-gateway-personal-blog-feip",
                "frontend_port_id": "/subscriptions/7d62b4e4-e187-41ba-a266-036a7164f434/resourceGroups/RG-Personal-Blog/providers/Microsoft.Network/applicationGateways/app-gateway-personal-blog/frontendPorts/app-gateway-personal-blog-feport",
                "frontend_port_name": "app-gateway-personal-blog-feport",
                "host_name": "",
                "host_names": [],
                "id": "/subscriptions/7d62b4e4-e187-41ba-a266-036a7164f434/resourceGroups/RG-Personal-Blog/providers/Microsoft.Network/applicationGateways/app-gateway-personal-blog/httpListeners/app-gateway-personal-blog-httplstn",
                "name": "app-gateway-personal-blog-httplstn",
                "protocol": "Http",
                "require_sni": false,
                "ssl_certificate_id": "",
                "ssl_certificate_name": "",
                "ssl_profile_id": "",
                "ssl_profile_name": ""
              }
            ],
            "id": "/subscriptions/7d62b4e4-e187-41ba-a266-036a7164f434/resourceGroups/RG-Personal-Blog/providers/Microsoft.Network/applicationGateways/app-gateway-personal-blog",
            "identity": [],
            "location": "northeurope",
            "name": "app-gateway-personal-blog",
            "private_endpoint_connection": [],
            "private_link_configuration": [],
            "probe": [],
            "redirect_configuration": [],
            "request_routing_rule": [
              {
                "backend_address_pool_id": "/subscriptions/7d62b4e4-e187-41ba-a266-036a7164f434/resourceGroups/RG-Personal-Blog/providers/Microsoft.Network/applicationGateways/app-gateway-personal-blog/backendAddressPools/app-gateway-personal-blog-beap",
                "backend_address_pool_name": "app-gateway-personal-blog-beap",
                "backend_http_settings_id": "/subscriptions/7d62b4e4-e187-41ba-a266-036a7164f434/resourceGroups/RG-Personal-Blog/providers/Microsoft.Network/applicationGateways/app-gateway-personal-blog/backendHttpSettingsCollection/app-gateway-personal-blog-be-htst",
                "backend_http_settings_name": "app-gateway-personal-blog-be-htst",
                "http_listener_id": "/subscriptions/7d62b4e4-e187-41ba-a266-036a7164f434/resourceGroups/RG-Personal-Blog/providers/Microsoft.Network/applicationGateways/app-gateway-personal-blog/httpListeners/app-gateway-personal-blog-httplstn",
                "http_listener_name": "app-gateway-personal-blog-httplstn",
                "id": "/subscriptions/7d62b4e4-e187-41ba-a266-036a7164f434/resourceGroups/RG-Personal-Blog/providers/Microsoft.Network/applicationGateways/app-gateway-personal-blog/requestRoutingRules/app-gateway-personal-blog-rqrt",
                "name": "app-gateway-personal-blog-rqrt",
                "priority": 9,
                "redirect_configuration_id": "",
                "redirect_configuration_name": "",
                "rewrite_rule_set_id": "",
                "rewrite_rule_set_name": "",
                "rule_type": "Basic",
                "url_path_map_id": "",
                "url_path_map_name": ""
              }
            ],
            "resource_group_name": "RG-Personal-Blog",
            "rewrite_rule_set": [],
            "sku": [
              {
                "capacity": 2,
                "name": "Standard_v2",
                "tier": "Standard_v2"
              }
            ],
            "ssl_certificate": [],
            "ssl_policy": [
              {
                "cipher_suites": [],
                "disabled_protocols": [],
                "min_protocol_version": "",
                "policy_name": "AppGwSslPolicy20150501",
                "policy_type": "Predefined"
              }
            ],
            "ssl_profile": [],
            "tags": null,
            "timeouts": null,
            "trusted_client_certificate": [],
            "trusted_root_certificate": [],
            "url_path_map": [],
            "waf_configuration": [],
            "zones": null
          },
          "sensitive_attributes": [],
          "private": "eyJlMmJmYjczMC1lY2FhLTExZTYtOGY4OC0zNDM2M2JjN2M0YzAiOnsiY3JlYXRlIjo1NDAwMDAwMDAwMDAwLCJkZWxldGUiOjU0MDAwMDAwMDAwMDAsInJlYWQiOjMwMDAwMDAwMDAwMCwidXBkYXRlIjo1NDAwMDAwMDAwMDAwfX0=",
          "dependencies": [
            "module.app_gateway.azurerm_public_ip.public_ip",
            "module.resource_group.azurerm_resource_group.resource_group",
            "module.vnet.azurerm_network_security_group.network_security_group",
            "module.vnet.azurerm_virtual_network.virtual_network"
          ]
        }
      ]
    },
    {
      "module": "module.app_gateway",
      "mode": "managed",
      "type": "azurerm_public_ip",
      "name": "public_ip",
      "provider": "provider[\"registry.terraform.io/hashicorp/azurerm\"]",
      "instances": [
        {
          "schema_version": 0,
          "attributes": {
            "allocation_method": "Static",
            "ddos_protection_mode": "VirtualNetworkInherited",
            "ddos_protection_plan_id": null,
            "domain_name_label": null,
            "edge_zone": "",
            "fqdn": null,
            "id": "/subscriptions/7d62b4e4-e187-41ba-a266-036a7164f434/resourceGroups/RG-Personal-Blog/providers/Microsoft.Network/publicIPAddresses/pub-ip-personal-blog",
            "idle_timeout_in_minutes": 4,
            "ip_address": "52.169.226.104",
            "ip_tags": null,
            "ip_version": "IPv4",
            "location": "northeurope",
            "name": "pub-ip-personal-blog",
            "public_ip_prefix_id": null,
            "resource_group_name": "RG-Personal-Blog",
            "reverse_fqdn": null,
            "sku": "Standard",
            "sku_tier": "Regional",
            "tags": null,
            "timeouts": null,
            "zones": null
          },
          "sensitive_attributes": [],
          "private": "eyJlMmJmYjczMC1lY2FhLTExZTYtOGY4OC0zNDM2M2JjN2M0YzAiOnsiY3JlYXRlIjoxODAwMDAwMDAwMDAwLCJkZWxldGUiOjE4MDAwMDAwMDAwMDAsInJlYWQiOjMwMDAwMDAwMDAwMCwidXBkYXRlIjoxODAwMDAwMDAwMDAwfX0=",
          "dependencies": [
            "module.resource_group.azurerm_resource_group.resource_group"
          ]
        }
      ]
    },
    {
      "module": "module.resource_group",
      "mode": "managed",
      "type": "azurerm_resource_group",
      "name": "resource_group",
      "provider": "provider[\"registry.terraform.io/hashicorp/azurerm\"]",
      "instances": [
        {
          "schema_version": 0,
          "attributes": {
            "id": "/subscriptions/7d62b4e4-e187-41ba-a266-036a7164f434/resourceGroups/RG-Personal-Blog",
            "location": "northeurope",
            "managed_by": "",
            "name": "RG-Personal-Blog",
            "tags": null,
            "timeouts": null
          },
          "sensitive_attributes": [],
          "private": "eyJlMmJmYjczMC1lY2FhLTExZTYtOGY4OC0zNDM2M2JjN2M0YzAiOnsiY3JlYXRlIjo1NDAwMDAwMDAwMDAwLCJkZWxldGUiOjU0MDAwMDAwMDAwMDAsInJlYWQiOjMwMDAwMDAwMDAwMCwidXBkYXRlIjo1NDAwMDAwMDAwMDAwfX0="
        }
      ]
    },
    {
      "module": "module.vnet",
      "mode": "managed",
      "type": "azurerm_network_security_group",
      "name": "network_security_group",
      "provider": "provider[\"registry.terraform.io/hashicorp/azurerm\"]",
      "instances": [
        {
          "schema_version": 0,
          "attributes": {
            "id": "/subscriptions/7d62b4e4-e187-41ba-a266-036a7164f434/resourceGroups/RG-Personal-Blog/providers/Microsoft.Network/networkSecurityGroups/nsg-personal-blog",
            "location": "northeurope",
            "name": "nsg-personal-blog",
            "resource_group_name": "RG-Personal-Blog",
            "security_rule": [
              {
                "access": "Allow",
                "description": "",
                "destination_address_prefix": "*",
                "destination_address_prefixes": [],
                "destination_application_security_group_ids": [],
                "destination_port_range": "65200-65535",
                "destination_port_ranges": [],
                "direction": "Inbound",
                "name": "Port_100",
                "priority": 100,
                "protocol": "*",
                "source_address_prefix": "*",
                "source_address_prefixes": [],
                "source_application_security_group_ids": [],
                "source_port_range": "*",
                "source_port_ranges": []
              }
            ],
            "tags": null,
            "timeouts": null
          },
          "sensitive_attributes": [],
          "private": "eyJlMmJmYjczMC1lY2FhLTExZTYtOGY4OC0zNDM2M2JjN2M0YzAiOnsiY3JlYXRlIjoxODAwMDAwMDAwMDAwLCJkZWxldGUiOjE4MDAwMDAwMDAwMDAsInJlYWQiOjMwMDAwMDAwMDAwMCwidXBkYXRlIjoxODAwMDAwMDAwMDAwfX0=",
          "dependencies": [
            "module.resource_group.azurerm_resource_group.resource_group"
          ]
        }
      ]
    },
    {
      "module": "module.vnet",
      "mode": "managed",
      "type": "azurerm_virtual_network",
      "name": "virtual_network",
      "provider": "provider[\"registry.terraform.io/hashicorp/azurerm\"]",
      "instances": [
        {
          "schema_version": 0,
          "attributes": {
            "address_space": [
              "10.10.0.0/16"
            ],
            "bgp_community": "",
            "ddos_protection_plan": [],
            "dns_servers": [],
            "edge_zone": "",
            "encryption": [],
            "flow_timeout_in_minutes": 0,
            "guid": "b8d4c4ff-3aa2-4472-8f34-80d1f6d4a1db",
            "id": "/subscriptions/7d62b4e4-e187-41ba-a266-036a7164f434/resourceGroups/RG-Personal-Blog/providers/Microsoft.Network/virtualNetworks/vnet-personal-blog",
            "location": "northeurope",
            "name": "vnet-personal-blog",
            "resource_group_name": "RG-Personal-Blog",
            "subnet": [
              {
                "address_prefix": "10.10.1.0/24",
                "id": "/subscriptions/7d62b4e4-e187-41ba-a266-036a7164f434/resourceGroups/RG-Personal-Blog/providers/Microsoft.Network/virtualNetworks/vnet-personal-blog/subnets/personal-blog-k8s",
                "name": "personal-blog-k8s",
                "security_group": "/subscriptions/7d62b4e4-e187-41ba-a266-036a7164f434/resourceGroups/RG-Personal-Blog/providers/Microsoft.Network/networkSecurityGroups/nsg-personal-blog"
              },
              {
                "address_prefix": "10.10.2.0/24",
                "id": "/subscriptions/7d62b4e4-e187-41ba-a266-036a7164f434/resourceGroups/RG-Personal-Blog/providers/Microsoft.Network/virtualNetworks/vnet-personal-blog/subnets/personal-blog-appgateway",
                "name": "personal-blog-appgateway",
                "security_group": "/subscriptions/7d62b4e4-e187-41ba-a266-036a7164f434/resourceGroups/RG-Personal-Blog/providers/Microsoft.Network/networkSecurityGroups/nsg-personal-blog"
              }
            ],
            "tags": null,
            "timeouts": null
          },
          "sensitive_attributes": [],
          "private": "eyJlMmJmYjczMC1lY2FhLTExZTYtOGY4OC0zNDM2M2JjN2M0YzAiOnsiY3JlYXRlIjoxODAwMDAwMDAwMDAwLCJkZWxldGUiOjE4MDAwMDAwMDAwMDAsInJlYWQiOjMwMDAwMDAwMDAwMCwidXBkYXRlIjoxODAwMDAwMDAwMDAwfX0=",
          "dependencies": [
            "module.resource_group.azurerm_resource_group.resource_group",
            "module.vnet.azurerm_network_security_group.network_security_group"
          ]
        }
      ]
    }
  ],
  "check_results": null
}
